// !$*UTF8*$!
{
	archiveVersion = 1;
	classes = {
	};
	objectVersion = 46;
	objects = {

/* Begin PBXBuildFile section */
		8B39A1EB1DA137B40000A8DA /* ClassicalEvaluator.swift in Sources */ = {isa = PBXBuildFile; fileRef = 8B39A1E21DA137B40000A8DA /* ClassicalEvaluator.swift */; };
		8B39A1EC1DA137B40000A8DA /* Evaluator.swift in Sources */ = {isa = PBXBuildFile; fileRef = 8B39A1E31DA137B40000A8DA /* Evaluator.swift */; };
		8B39A1ED1DA137B40000A8DA /* SimpleEvaluator.swift in Sources */ = {isa = PBXBuildFile; fileRef = 8B39A1E41DA137B40000A8DA /* SimpleEvaluator.swift */; };
		8B39A1EE1DA137B40000A8DA /* ProofSolver.swift in Sources */ = {isa = PBXBuildFile; fileRef = 8B39A1E61DA137B40000A8DA /* ProofSolver.swift */; };
		8B39A1EF1DA137B40000A8DA /* SimpleProofSolver.swift in Sources */ = {isa = PBXBuildFile; fileRef = 8B39A1E71DA137B40000A8DA /* SimpleProofSolver.swift */; };
		8B39A1F01DA137B40000A8DA /* NegaAlphaSearch.swift in Sources */ = {isa = PBXBuildFile; fileRef = 8B39A1E91DA137B40000A8DA /* NegaAlphaSearch.swift */; };
		8B39A1F11DA137B40000A8DA /* Search.swift in Sources */ = {isa = PBXBuildFile; fileRef = 8B39A1EA1DA137B40000A8DA /* Search.swift */; };
		8B39A1F41DA138180000A8DA /* Stack.swift in Sources */ = {isa = PBXBuildFile; fileRef = 8B39A1F31DA138180000A8DA /* Stack.swift */; };
		8B39A1F61DA1388A0000A8DA /* Utils.swift in Sources */ = {isa = PBXBuildFile; fileRef = 8B39A1F51DA1388A0000A8DA /* Utils.swift */; };
		8B3FE00A1DA0BD2E005863E6 /* Board.swift in Sources */ = {isa = PBXBuildFile; fileRef = 8B3FE0031DA0BD2E005863E6 /* Board.swift */; };
		8B3FE00B1DA0BD2E005863E6 /* BoardBuilder.swift in Sources */ = {isa = PBXBuildFile; fileRef = 8B3FE0041DA0BD2E005863E6 /* BoardBuilder.swift */; };
		8B3FE00C1DA0BD2E005863E6 /* BoardMediator.swift in Sources */ = {isa = PBXBuildFile; fileRef = 8B3FE0051DA0BD2E005863E6 /* BoardMediator.swift */; };
		8B3FE00D1DA0BD2E005863E6 /* BoardRepresentation.swift in Sources */ = {isa = PBXBuildFile; fileRef = 8B3FE0061DA0BD2E005863E6 /* BoardRepresentation.swift */; };
		8B3FE00E1DA0BD2E005863E6 /* FasterBitBoard.swift in Sources */ = {isa = PBXBuildFile; fileRef = 8B3FE0071DA0BD2E005863E6 /* FasterBitBoard.swift */; };
		8B3FE00F1DA0BD2E005863E6 /* SimpleBitBoard.swift in Sources */ = {isa = PBXBuildFile; fileRef = 8B3FE0081DA0BD2E005863E6 /* SimpleBitBoard.swift */; };
		8B3FE0101DA0BD2E005863E6 /* Zones.swift in Sources */ = {isa = PBXBuildFile; fileRef = 8B3FE0091DA0BD2E005863E6 /* Zones.swift */; };
		8B3FE0121DA0BDC3005863E6 /* Swift_Bridging_Header.h in Headers */ = {isa = PBXBuildFile; fileRef = 8B3FE0111DA0BDC0005863E6 /* Swift_Bridging_Header.h */; };
		8B3FE0161DA0BE38005863E6 /* intrinsics.c in Sources */ = {isa = PBXBuildFile; fileRef = 8B3FE0141DA0BE38005863E6 /* intrinsics.c */; };
		8B3FE0171DA0BE38005863E6 /* intrinsics.h in Headers */ = {isa = PBXBuildFile; fileRef = 8B3FE0151DA0BE38005863E6 /* intrinsics.h */; };
		8B3FE0191DA0BE48005863E6 /* Graphite-Bridging-Header.h in Headers */ = {isa = PBXBuildFile; fileRef = 8B3FE0181DA0BE48005863E6 /* Graphite-Bridging-Header.h */; };
		8B88FF591D9692D500378455 /* Graphite.framework in Frameworks */ = {isa = PBXBuildFile; fileRef = 8B88FF4F1D9692D500378455 /* Graphite.framework */; };
		8B88FF5E1D9692D500378455 /* GraphiteTests.swift in Sources */ = {isa = PBXBuildFile; fileRef = 8B88FF5D1D9692D500378455 /* GraphiteTests.swift */; };
		8B88FF601D9692D500378455 /* Graphite.h in Headers */ = {isa = PBXBuildFile; fileRef = 8B88FF521D9692D500378455 /* Graphite.h */; settings = {ATTRIBUTES = (Public, ); }; };
/* End PBXBuildFile section */

/* Begin PBXContainerItemProxy section */
		8B88FF5A1D9692D500378455 /* PBXContainerItemProxy */ = {
			isa = PBXContainerItemProxy;
			containerPortal = 8B88FF461D9692D500378455 /* Project object */;
			proxyType = 1;
			remoteGlobalIDString = 8B88FF4E1D9692D500378455;
			remoteInfo = Graphite;
		};
/* End PBXContainerItemProxy section */

/* Begin PBXFileReference section */
		8B39A1E21DA137B40000A8DA /* ClassicalEvaluator.swift */ = {isa = PBXFileReference; fileEncoding = 4; lastKnownFileType = sourcecode.swift; path = ClassicalEvaluator.swift; sourceTree = "<group>"; };
		8B39A1E31DA137B40000A8DA /* Evaluator.swift */ = {isa = PBXFileReference; fileEncoding = 4; lastKnownFileType = sourcecode.swift; path = Evaluator.swift; sourceTree = "<group>"; };
		8B39A1E41DA137B40000A8DA /* SimpleEvaluator.swift */ = {isa = PBXFileReference; fileEncoding = 4; lastKnownFileType = sourcecode.swift; path = SimpleEvaluator.swift; sourceTree = "<group>"; };
		8B39A1E61DA137B40000A8DA /* ProofSolver.swift */ = {isa = PBXFileReference; fileEncoding = 4; lastKnownFileType = sourcecode.swift; path = ProofSolver.swift; sourceTree = "<group>"; };
		8B39A1E71DA137B40000A8DA /* SimpleProofSolver.swift */ = {isa = PBXFileReference; fileEncoding = 4; lastKnownFileType = sourcecode.swift; path = SimpleProofSolver.swift; sourceTree = "<group>"; };
		8B39A1E91DA137B40000A8DA /* NegaAlphaSearch.swift */ = {isa = PBXFileReference; fileEncoding = 4; lastKnownFileType = sourcecode.swift; path = NegaAlphaSearch.swift; sourceTree = "<group>"; };
		8B39A1EA1DA137B40000A8DA /* Search.swift */ = {isa = PBXFileReference; fileEncoding = 4; lastKnownFileType = sourcecode.swift; path = Search.swift; sourceTree = "<group>"; };
		8B39A1F31DA138180000A8DA /* Stack.swift */ = {isa = PBXFileReference; fileEncoding = 4; lastKnownFileType = sourcecode.swift; path = Stack.swift; sourceTree = "<group>"; };
		8B39A1F51DA1388A0000A8DA /* Utils.swift */ = {isa = PBXFileReference; fileEncoding = 4; lastKnownFileType = sourcecode.swift; path = Utils.swift; sourceTree = "<group>"; };
		8B3FE0031DA0BD2E005863E6 /* Board.swift */ = {isa = PBXFileReference; fileEncoding = 4; lastKnownFileType = sourcecode.swift; path = Board.swift; sourceTree = "<group>"; };
		8B3FE0041DA0BD2E005863E6 /* BoardBuilder.swift */ = {isa = PBXFileReference; fileEncoding = 4; lastKnownFileType = sourcecode.swift; path = BoardBuilder.swift; sourceTree = "<group>"; };
		8B3FE0051DA0BD2E005863E6 /* BoardMediator.swift */ = {isa = PBXFileReference; fileEncoding = 4; lastKnownFileType = sourcecode.swift; path = BoardMediator.swift; sourceTree = "<group>"; };
		8B3FE0061DA0BD2E005863E6 /* BoardRepresentation.swift */ = {isa = PBXFileReference; fileEncoding = 4; lastKnownFileType = sourcecode.swift; path = BoardRepresentation.swift; sourceTree = "<group>"; };
		8B3FE0071DA0BD2E005863E6 /* FasterBitBoard.swift */ = {isa = PBXFileReference; fileEncoding = 4; lastKnownFileType = sourcecode.swift; path = FasterBitBoard.swift; sourceTree = "<group>"; };
		8B3FE0081DA0BD2E005863E6 /* SimpleBitBoard.swift */ = {isa = PBXFileReference; fileEncoding = 4; lastKnownFileType = sourcecode.swift; path = SimpleBitBoard.swift; sourceTree = "<group>"; };
		8B3FE0091DA0BD2E005863E6 /* Zones.swift */ = {isa = PBXFileReference; fileEncoding = 4; lastKnownFileType = sourcecode.swift; path = Zones.swift; sourceTree = "<group>"; };
		8B3FE0111DA0BDC0005863E6 /* Swift_Bridging_Header.h */ = {isa = PBXFileReference; lastKnownFileType = sourcecode.c.h; path = Swift_Bridging_Header.h; sourceTree = "<group>"; };
		8B3FE0141DA0BE38005863E6 /* intrinsics.c */ = {isa = PBXFileReference; fileEncoding = 4; lastKnownFileType = sourcecode.c.c; path = intrinsics.c; sourceTree = "<group>"; };
		8B3FE0151DA0BE38005863E6 /* intrinsics.h */ = {isa = PBXFileReference; fileEncoding = 4; lastKnownFileType = sourcecode.c.h; path = intrinsics.h; sourceTree = "<group>"; };
		8B3FE0181DA0BE48005863E6 /* Graphite-Bridging-Header.h */ = {isa = PBXFileReference; fileEncoding = 4; lastKnownFileType = sourcecode.c.h; path = "Graphite-Bridging-Header.h"; sourceTree = "<group>"; };
		8B88FF4F1D9692D500378455 /* Graphite.framework */ = {isa = PBXFileReference; explicitFileType = wrapper.framework; includeInIndex = 0; path = Graphite.framework; sourceTree = BUILT_PRODUCTS_DIR; };
		8B88FF521D9692D500378455 /* Graphite.h */ = {isa = PBXFileReference; lastKnownFileType = sourcecode.c.h; path = Graphite.h; sourceTree = "<group>"; };
		8B88FF531D9692D500378455 /* Info.plist */ = {isa = PBXFileReference; lastKnownFileType = text.plist.xml; path = Info.plist; sourceTree = "<group>"; };
		8B88FF581D9692D500378455 /* GraphiteTests.xctest */ = {isa = PBXFileReference; explicitFileType = wrapper.cfbundle; includeInIndex = 0; path = GraphiteTests.xctest; sourceTree = BUILT_PRODUCTS_DIR; };
		8B88FF5D1D9692D500378455 /* GraphiteTests.swift */ = {isa = PBXFileReference; lastKnownFileType = sourcecode.swift; path = GraphiteTests.swift; sourceTree = "<group>"; };
		8B88FF5F1D9692D500378455 /* Info.plist */ = {isa = PBXFileReference; lastKnownFileType = text.plist.xml; path = Info.plist; sourceTree = "<group>"; };
/* End PBXFileReference section */

/* Begin PBXFrameworksBuildPhase section */
		8B88FF4B1D9692D500378455 /* Frameworks */ = {
			isa = PBXFrameworksBuildPhase;
			buildActionMask = 2147483647;
			files = (
			);
			runOnlyForDeploymentPostprocessing = 0;
		};
		8B88FF551D9692D500378455 /* Frameworks */ = {
			isa = PBXFrameworksBuildPhase;
			buildActionMask = 2147483647;
			files = (
				8B88FF591D9692D500378455 /* Graphite.framework in Frameworks */,
			);
			runOnlyForDeploymentPostprocessing = 0;
		};
/* End PBXFrameworksBuildPhase section */

/* Begin PBXGroup section */
		8B39A1E11DA137B40000A8DA /* Evaluator */ = {
			isa = PBXGroup;
			children = (
				8B39A1E21DA137B40000A8DA /* ClassicalEvaluator.swift */,
				8B39A1E31DA137B40000A8DA /* Evaluator.swift */,
				8B39A1E41DA137B40000A8DA /* SimpleEvaluator.swift */,
			);
			path = Evaluator;
			sourceTree = "<group>";
		};
		8B39A1E51DA137B40000A8DA /* ProofSolver */ = {
			isa = PBXGroup;
			children = (
				8B39A1E61DA137B40000A8DA /* ProofSolver.swift */,
				8B39A1E71DA137B40000A8DA /* SimpleProofSolver.swift */,
			);
			path = ProofSolver;
			sourceTree = "<group>";
		};
		8B39A1E81DA137B40000A8DA /* Search */ = {
			isa = PBXGroup;
			children = (
				8B39A1E91DA137B40000A8DA /* NegaAlphaSearch.swift */,
				8B39A1EA1DA137B40000A8DA /* Search.swift */,
			);
			path = Search;
			sourceTree = "<group>";
		};
		8B39A1F21DA138180000A8DA /* Utils */ = {
			isa = PBXGroup;
			children = (
				8B39A1F31DA138180000A8DA /* Stack.swift */,
				8B39A1F51DA1388A0000A8DA /* Utils.swift */,
			);
			path = Utils;
			sourceTree = "<group>";
		};
		8B3FE0021DA0BD2E005863E6 /* Board */ = {
			isa = PBXGroup;
			children = (
				8B3FE0031DA0BD2E005863E6 /* Board.swift */,
				8B3FE0041DA0BD2E005863E6 /* BoardBuilder.swift */,
				8B3FE0051DA0BD2E005863E6 /* BoardMediator.swift */,
				8B3FE0061DA0BD2E005863E6 /* BoardRepresentation.swift */,
				8B3FE0071DA0BD2E005863E6 /* FasterBitBoard.swift */,
				8B3FE0081DA0BD2E005863E6 /* SimpleBitBoard.swift */,
				8B3FE0091DA0BD2E005863E6 /* Zones.swift */,
			);
			path = Board;
			sourceTree = "<group>";
		};
		8B3FE0131DA0BE38005863E6 /* Intrinsics */ = {
			isa = PBXGroup;
			children = (
				8B3FE0141DA0BE38005863E6 /* intrinsics.c */,
				8B3FE0151DA0BE38005863E6 /* intrinsics.h */,
				8B3FE0181DA0BE48005863E6 /* Graphite-Bridging-Header.h */,
			);
			path = Intrinsics;
			sourceTree = "<group>";
		};
		8B88FF451D9692D500378455 = {
			isa = PBXGroup;
			children = (
				8B88FF511D9692D500378455 /* Graphite */,
				8B88FF5C1D9692D500378455 /* GraphiteTests */,
				8B88FF501D9692D500378455 /* Products */,
			);
			sourceTree = "<group>";
		};
		8B88FF501D9692D500378455 /* Products */ = {
			isa = PBXGroup;
			children = (
				8B88FF4F1D9692D500378455 /* Graphite.framework */,
				8B88FF581D9692D500378455 /* GraphiteTests.xctest */,
			);
			name = Products;
			sourceTree = "<group>";
		};
		8B88FF511D9692D500378455 /* Graphite */ = {
			isa = PBXGroup;
			children = (
				8B39A1F21DA138180000A8DA /* Utils */,
				8B39A1E11DA137B40000A8DA /* Evaluator */,
				8B39A1E51DA137B40000A8DA /* ProofSolver */,
				8B39A1E81DA137B40000A8DA /* Search */,
				8B3FE0131DA0BE38005863E6 /* Intrinsics */,
				8B3FE0021DA0BD2E005863E6 /* Board */,
				8B88FF521D9692D500378455 /* Graphite.h */,
				8B88FF531D9692D500378455 /* Info.plist */,
				8B3FE0111DA0BDC0005863E6 /* Swift_Bridging_Header.h */,
			);
			path = Graphite;
			sourceTree = "<group>";
		};
		8B88FF5C1D9692D500378455 /* GraphiteTests */ = {
			isa = PBXGroup;
			children = (
				8B88FF5D1D9692D500378455 /* GraphiteTests.swift */,
				8B88FF5F1D9692D500378455 /* Info.plist */,
			);
			path = GraphiteTests;
			sourceTree = "<group>";
		};
/* End PBXGroup section */

/* Begin PBXHeadersBuildPhase section */
		8B88FF4C1D9692D500378455 /* Headers */ = {
			isa = PBXHeadersBuildPhase;
			buildActionMask = 2147483647;
			files = (
				8B88FF601D9692D500378455 /* Graphite.h in Headers */,
				8B3FE0191DA0BE48005863E6 /* Graphite-Bridging-Header.h in Headers */,
				8B3FE0171DA0BE38005863E6 /* intrinsics.h in Headers */,
				8B3FE0121DA0BDC3005863E6 /* Swift_Bridging_Header.h in Headers */,
			);
			runOnlyForDeploymentPostprocessing = 0;
		};
/* End PBXHeadersBuildPhase section */

/* Begin PBXNativeTarget section */
		8B88FF4E1D9692D500378455 /* Graphite */ = {
			isa = PBXNativeTarget;
			buildConfigurationList = 8B88FF631D9692D500378455 /* Build configuration list for PBXNativeTarget "Graphite" */;
			buildPhases = (
				8B88FF4A1D9692D500378455 /* Sources */,
				8B88FF4B1D9692D500378455 /* Frameworks */,
				8B88FF4C1D9692D500378455 /* Headers */,
				8B88FF4D1D9692D500378455 /* Resources */,
			);
			buildRules = (
			);
			dependencies = (
			);
			name = Graphite;
			productName = Graphite;
			productReference = 8B88FF4F1D9692D500378455 /* Graphite.framework */;
			productType = "com.apple.product-type.framework";
		};
		8B88FF571D9692D500378455 /* GraphiteTests */ = {
			isa = PBXNativeTarget;
			buildConfigurationList = 8B88FF661D9692D500378455 /* Build configuration list for PBXNativeTarget "GraphiteTests" */;
			buildPhases = (
				8B88FF541D9692D500378455 /* Sources */,
				8B88FF551D9692D500378455 /* Frameworks */,
				8B88FF561D9692D500378455 /* Resources */,
			);
			buildRules = (
			);
			dependencies = (
				8B88FF5B1D9692D500378455 /* PBXTargetDependency */,
			);
			name = GraphiteTests;
			productName = GraphiteTests;
			productReference = 8B88FF581D9692D500378455 /* GraphiteTests.xctest */;
			productType = "com.apple.product-type.bundle.unit-test";
		};
/* End PBXNativeTarget section */

/* Begin PBXProject section */
		8B88FF461D9692D500378455 /* Project object */ = {
			isa = PBXProject;
			attributes = {
				LastSwiftUpdateCheck = 0800;
				LastUpgradeCheck = 0800;
				ORGANIZATIONNAME = "Yoshinori Kodama";
				TargetAttributes = {
					8B88FF4E1D9692D500378455 = {
						CreatedOnToolsVersion = 8.0;
						DevelopmentTeam = X946KV89SN;
						ProvisioningStyle = Automatic;
					};
					8B88FF571D9692D500378455 = {
						CreatedOnToolsVersion = 8.0;
						DevelopmentTeam = X946KV89SN;
						ProvisioningStyle = Automatic;
					};
				};
			};
			buildConfigurationList = 8B88FF491D9692D500378455 /* Build configuration list for PBXProject "Graphite" */;
			compatibilityVersion = "Xcode 3.2";
			developmentRegion = English;
			hasScannedForEncodings = 0;
			knownRegions = (
				en,
			);
			mainGroup = 8B88FF451D9692D500378455;
			productRefGroup = 8B88FF501D9692D500378455 /* Products */;
			projectDirPath = "";
			projectRoot = "";
			targets = (
				8B88FF4E1D9692D500378455 /* Graphite */,
				8B88FF571D9692D500378455 /* GraphiteTests */,
			);
		};
/* End PBXProject section */

/* Begin PBXResourcesBuildPhase section */
		8B88FF4D1D9692D500378455 /* Resources */ = {
			isa = PBXResourcesBuildPhase;
			buildActionMask = 2147483647;
			files = (
			);
			runOnlyForDeploymentPostprocessing = 0;
		};
		8B88FF561D9692D500378455 /* Resources */ = {
			isa = PBXResourcesBuildPhase;
			buildActionMask = 2147483647;
			files = (
			);
			runOnlyForDeploymentPostprocessing = 0;
		};
/* End PBXResourcesBuildPhase section */

/* Begin PBXSourcesBuildPhase section */
		8B88FF4A1D9692D500378455 /* Sources */ = {
			isa = PBXSourcesBuildPhase;
			buildActionMask = 2147483647;
			files = (
				8B3FE00F1DA0BD2E005863E6 /* SimpleBitBoard.swift in Sources */,
				8B39A1EE1DA137B40000A8DA /* ProofSolver.swift in Sources */,
				8B3FE00C1DA0BD2E005863E6 /* BoardMediator.swift in Sources */,
				8B3FE00B1DA0BD2E005863E6 /* BoardBuilder.swift in Sources */,
				8B3FE0161DA0BE38005863E6 /* intrinsics.c in Sources */,
				8B3FE0101DA0BD2E005863E6 /* Zones.swift in Sources */,
				8B39A1ED1DA137B40000A8DA /* SimpleEvaluator.swift in Sources */,
				8B39A1F01DA137B40000A8DA /* NegaAlphaSearch.swift in Sources */,
				8B39A1EC1DA137B40000A8DA /* Evaluator.swift in Sources */,
				8B39A1F61DA1388A0000A8DA /* Utils.swift in Sources */,
				8B3FE00A1DA0BD2E005863E6 /* Board.swift in Sources */,
				8B39A1EB1DA137B40000A8DA /* ClassicalEvaluator.swift in Sources */,
				8B39A1EF1DA137B40000A8DA /* SimpleProofSolver.swift in Sources */,
				8B39A1F41DA138180000A8DA /* Stack.swift in Sources */,
				8B39A1F11DA137B40000A8DA /* Search.swift in Sources */,
				8B3FE00E1DA0BD2E005863E6 /* FasterBitBoard.swift in Sources */,
				8B3FE00D1DA0BD2E005863E6 /* BoardRepresentation.swift in Sources */,
			);
			runOnlyForDeploymentPostprocessing = 0;
		};
		8B88FF541D9692D500378455 /* Sources */ = {
			isa = PBXSourcesBuildPhase;
			buildActionMask = 2147483647;
			files = (
				8B88FF5E1D9692D500378455 /* GraphiteTests.swift in Sources */,
			);
			runOnlyForDeploymentPostprocessing = 0;
		};
/* End PBXSourcesBuildPhase section */

/* Begin PBXTargetDependency section */
		8B88FF5B1D9692D500378455 /* PBXTargetDependency */ = {
			isa = PBXTargetDependency;
			target = 8B88FF4E1D9692D500378455 /* Graphite */;
			targetProxy = 8B88FF5A1D9692D500378455 /* PBXContainerItemProxy */;
		};
/* End PBXTargetDependency section */

/* Begin XCBuildConfiguration section */
		8B88FF611D9692D500378455 /* Debug */ = {
			isa = XCBuildConfiguration;
			buildSettings = {
				ALWAYS_SEARCH_USER_PATHS = NO;
				CLANG_ANALYZER_NONNULL = YES;
				CLANG_CXX_LANGUAGE_STANDARD = "gnu++0x";
				CLANG_CXX_LIBRARY = "libc++";
				CLANG_ENABLE_MODULES = YES;
				CLANG_ENABLE_OBJC_ARC = YES;
				CLANG_WARN_BOOL_CONVERSION = YES;
				CLANG_WARN_CONSTANT_CONVERSION = YES;
				CLANG_WARN_DIRECT_OBJC_ISA_USAGE = YES_ERROR;
				CLANG_WARN_DOCUMENTATION_COMMENTS = YES;
				CLANG_WARN_EMPTY_BODY = YES;
				CLANG_WARN_ENUM_CONVERSION = YES;
				CLANG_WARN_INFINITE_RECURSION = YES;
				CLANG_WARN_INT_CONVERSION = YES;
				CLANG_WARN_OBJC_ROOT_CLASS = YES_ERROR;
				CLANG_WARN_SUSPICIOUS_MOVES = YES;
				CLANG_WARN_UNREACHABLE_CODE = YES;
				CLANG_WARN__DUPLICATE_METHOD_MATCH = YES;
				"CODE_SIGN_IDENTITY[sdk=iphoneos*]" = "iPhone Developer";
				COPY_PHASE_STRIP = NO;
				CURRENT_PROJECT_VERSION = 1;
				DEBUG_INFORMATION_FORMAT = dwarf;
				ENABLE_STRICT_OBJC_MSGSEND = YES;
				ENABLE_TESTABILITY = YES;
				GCC_C_LANGUAGE_STANDARD = gnu99;
				GCC_DYNAMIC_NO_PIC = NO;
				GCC_NO_COMMON_BLOCKS = YES;
				GCC_OPTIMIZATION_LEVEL = 0;
				GCC_PREPROCESSOR_DEFINITIONS = (
					"DEBUG=1",
					"$(inherited)",
				);
				GCC_WARN_64_TO_32_BIT_CONVERSION = YES;
				GCC_WARN_ABOUT_RETURN_TYPE = YES_ERROR;
				GCC_WARN_UNDECLARED_SELECTOR = YES;
				GCC_WARN_UNINITIALIZED_AUTOS = YES_AGGRESSIVE;
				GCC_WARN_UNUSED_FUNCTION = YES;
				GCC_WARN_UNUSED_VARIABLE = YES;
				IPHONEOS_DEPLOYMENT_TARGET = 8.1;
				MTL_ENABLE_DEBUG_INFO = YES;
				ONLY_ACTIVE_ARCH = YES;
				SWIFT_ACTIVE_COMPILATION_CONDITIONS = DEBUG;
				SWIFT_OPTIMIZATION_LEVEL = "-Onone";
				TARGETED_DEVICE_FAMILY = "1,2";
				VERSIONING_SYSTEM = "apple-generic";
				VERSION_INFO_PREFIX = "";
			};
			name = Debug;
		};
		8B88FF621D9692D500378455 /* Release */ = {
			isa = XCBuildConfiguration;
			buildSettings = {
				ALWAYS_SEARCH_USER_PATHS = NO;
				CLANG_ANALYZER_NONNULL = YES;
				CLANG_CXX_LANGUAGE_STANDARD = "gnu++0x";
				CLANG_CXX_LIBRARY = "libc++";
				CLANG_ENABLE_MODULES = YES;
				CLANG_ENABLE_OBJC_ARC = YES;
				CLANG_WARN_BOOL_CONVERSION = YES;
				CLANG_WARN_CONSTANT_CONVERSION = YES;
				CLANG_WARN_DIRECT_OBJC_ISA_USAGE = YES_ERROR;
				CLANG_WARN_DOCUMENTATION_COMMENTS = YES;
				CLANG_WARN_EMPTY_BODY = YES;
				CLANG_WARN_ENUM_CONVERSION = YES;
				CLANG_WARN_INFINITE_RECURSION = YES;
				CLANG_WARN_INT_CONVERSION = YES;
				CLANG_WARN_OBJC_ROOT_CLASS = YES_ERROR;
				CLANG_WARN_SUSPICIOUS_MOVES = YES;
				CLANG_WARN_UNREACHABLE_CODE = YES;
				CLANG_WARN__DUPLICATE_METHOD_MATCH = YES;
				"CODE_SIGN_IDENTITY[sdk=iphoneos*]" = "iPhone Developer";
				COPY_PHASE_STRIP = NO;
				CURRENT_PROJECT_VERSION = 1;
				DEBUG_INFORMATION_FORMAT = "dwarf-with-dsym";
				ENABLE_NS_ASSERTIONS = NO;
				ENABLE_STRICT_OBJC_MSGSEND = YES;
				GCC_C_LANGUAGE_STANDARD = gnu99;
				GCC_NO_COMMON_BLOCKS = YES;
				GCC_WARN_64_TO_32_BIT_CONVERSION = YES;
				GCC_WARN_ABOUT_RETURN_TYPE = YES_ERROR;
				GCC_WARN_UNDECLARED_SELECTOR = YES;
				GCC_WARN_UNINITIALIZED_AUTOS = YES_AGGRESSIVE;
				GCC_WARN_UNUSED_FUNCTION = YES;
				GCC_WARN_UNUSED_VARIABLE = YES;
				IPHONEOS_DEPLOYMENT_TARGET = 8.1;
				MTL_ENABLE_DEBUG_INFO = NO;
				SWIFT_OPTIMIZATION_LEVEL = "-Owholemodule";
				TARGETED_DEVICE_FAMILY = "1,2";
				VALIDATE_PRODUCT = YES;
				VERSIONING_SYSTEM = "apple-generic";
				VERSION_INFO_PREFIX = "";
			};
			name = Release;
		};
		8B88FF641D9692D500378455 /* Debug */ = {
			isa = XCBuildConfiguration;
			buildSettings = {
				CODE_SIGN_IDENTITY = "";
				DEFINES_MODULE = YES;
				DEVELOPMENT_TEAM = X946KV89SN;
				DYLIB_COMPATIBILITY_VERSION = 1;
				DYLIB_CURRENT_VERSION = 1;
				DYLIB_INSTALL_NAME_BASE = "@rpath";
				INFOPLIST_FILE = Graphite/Info.plist;
				INSTALL_PATH = "$(LOCAL_LIBRARY_DIR)/Frameworks";
				LD_RUNPATH_SEARCH_PATHS = "$(inherited) @executable_path/Frameworks @loader_path/Frameworks";
				PRODUCT_BUNDLE_IDENTIFIER = com.euphonictech.Graphite;
				PRODUCT_NAME = "$(TARGET_NAME)";
				SKIP_INSTALL = YES;
				SWIFT_VERSION = 3.0;
			};
			name = Debug;
		};
		8B88FF651D9692D500378455 /* Release */ = {
			isa = XCBuildConfiguration;
			buildSettings = {
				CODE_SIGN_IDENTITY = "";
				DEFINES_MODULE = YES;
				DEVELOPMENT_TEAM = X946KV89SN;
				DYLIB_COMPATIBILITY_VERSION = 1;
				DYLIB_CURRENT_VERSION = 1;
				DYLIB_INSTALL_NAME_BASE = "@rpath";
				INFOPLIST_FILE = Graphite/Info.plist;
				INSTALL_PATH = "$(LOCAL_LIBRARY_DIR)/Frameworks";
				LD_RUNPATH_SEARCH_PATHS = "$(inherited) @executable_path/Frameworks @loader_path/Frameworks";
				PRODUCT_BUNDLE_IDENTIFIER = com.euphonictech.Graphite;
				PRODUCT_NAME = "$(TARGET_NAME)";
				SKIP_INSTALL = YES;
				SWIFT_VERSION = 3.0;
			};
			name = Release;
		};
		8B88FF671D9692D500378455 /* Debug */ = {
			isa = XCBuildConfiguration;
			buildSettings = {
				ALWAYS_EMBED_SWIFT_STANDARD_LIBRARIES = YES;
				DEVELOPMENT_TEAM = X946KV89SN;
				INFOPLIST_FILE = GraphiteTests/Info.plist;
				LD_RUNPATH_SEARCH_PATHS = "$(inherited) @executable_path/Frameworks @loader_path/Frameworks";
				PRODUCT_BUNDLE_IDENTIFIER = com.euphonictech.GraphiteTests;
				PRODUCT_NAME = "$(TARGET_NAME)";
				SWIFT_VERSION = 3.0;
			};
			name = Debug;
		};
		8B88FF681D9692D500378455 /* Release */ = {
			isa = XCBuildConfiguration;
			buildSettings = {
				ALWAYS_EMBED_SWIFT_STANDARD_LIBRARIES = YES;
				DEVELOPMENT_TEAM = X946KV89SN;
				INFOPLIST_FILE = GraphiteTests/Info.plist;
				LD_RUNPATH_SEARCH_PATHS = "$(inherited) @executable_path/Frameworks @loader_path/Frameworks";
				PRODUCT_BUNDLE_IDENTIFIER = com.euphonictech.GraphiteTests;
				PRODUCT_NAME = "$(TARGET_NAME)";
				SWIFT_VERSION = 3.0;
			};
			name = Release;
		};
/* End XCBuildConfiguration section */

/* Begin XCConfigurationList section */
		8B88FF491D9692D500378455 /* Build configuration list for PBXProject "Graphite" */ = {
			isa = XCConfigurationList;
			buildConfigurations = (
				8B88FF611D9692D500378455 /* Debug */,
				8B88FF621D9692D500378455 /* Release */,
			);
			defaultConfigurationIsVisible = 0;
			defaultConfigurationName = Release;
		};
		8B88FF631D9692D500378455 /* Build configuration list for PBXNativeTarget "Graphite" */ = {
			isa = XCConfigurationList;
			buildConfigurations = (
				8B88FF641D9692D500378455 /* Debug */,
				8B88FF651D9692D500378455 /* Release */,
			);
			defaultConfigurationIsVisible = 0;
			defaultConfigurationName = Release;
		};
		8B88FF661D9692D500378455 /* Build configuration list for PBXNativeTarget "GraphiteTests" */ = {
			isa = XCConfigurationList;
			buildConfigurations = (
				8B88FF671D9692D500378455 /* Debug */,
				8B88FF681D9692D500378455 /* Release */,
			);
			defaultConfigurationIsVisible = 0;
			defaultConfigurationName = Release;
		};
/* End XCConfigurationList section */
	};
	rootObject = 8B88FF461D9692D500378455 /* Project object */;
}
