// !$*UTF8*$!
{
	archiveVersion = 1;
	classes = {
	};
	objectVersion = 46;
	objects = {

/* Begin PBXBuildFile section */
		8B07152B1A46AD7D0089C25B /* NegaAlphaSearch.swift in Sources */ = {isa = PBXBuildFile; fileRef = 8B07152A1A46AD7D0089C25B /* NegaAlphaSearch.swift */; };
		8B07152F1A49B0230089C25B /* SearchEvalPlayer.swift in Sources */ = {isa = PBXBuildFile; fileRef = 8B07152E1A49B0230089C25B /* SearchEvalPlayer.swift */; };
		8B0715321A4B00440089C25B /* intrinsics.c in Sources */ = {isa = PBXBuildFile; fileRef = 8B0715301A4B00430089C25B /* intrinsics.c */; };
		8B15FEB01A0BBB4E00A8C998 /* RandomPlayerWithPNS.swift in Sources */ = {isa = PBXBuildFile; fileRef = 8B15FEAF1A0BBB4E00A8C998 /* RandomPlayerWithPNS.swift */; };
		8B15FECA1A0D12B900A8C998 /* SimpleSearchTree.swift in Sources */ = {isa = PBXBuildFile; fileRef = 8B15FEC91A0D12B900A8C998 /* SimpleSearchTree.swift */; };
		8B1683861A404AB600C64E93 /* FasterBitBoard.swift in Sources */ = {isa = PBXBuildFile; fileRef = 8B1683851A404AB600C64E93 /* FasterBitBoard.swift */; };
		8B1F94421A2306D1001F42D7 /* SimpleBitBoard.swift in Sources */ = {isa = PBXBuildFile; fileRef = 8B1F94411A2306D1001F42D7 /* SimpleBitBoard.swift */; };
		8B22E1BA19FAAC0C0006E39C /* LevelSelectionViewController.swift in Sources */ = {isa = PBXBuildFile; fileRef = 8B22E1B919FAAC0C0006E39C /* LevelSelectionViewController.swift */; };
		8B22E1BC19FBAE400006E39C /* LevelController.swift in Sources */ = {isa = PBXBuildFile; fileRef = 8B22E1BB19FBAE400006E39C /* LevelController.swift */; };
		8B22E1BE19FC073B0006E39C /* RandomPlayerWithEvaluation.swift in Sources */ = {isa = PBXBuildFile; fileRef = 8B22E1BD19FC073B0006E39C /* RandomPlayerWithEvaluation.swift */; };
		8B22E1C019FC75100006E39C /* Zones.swift in Sources */ = {isa = PBXBuildFile; fileRef = 8B22E1BF19FC75100006E39C /* Zones.swift */; };
		8B22E1C219FC80C50006E39C /* Queue.swift in Sources */ = {isa = PBXBuildFile; fileRef = 8B22E1C119FC80C50006E39C /* Queue.swift */; };
		8B22E1EC19FD34BA0006E39C /* libGoogleAdMobAds.a in Frameworks */ = {isa = PBXBuildFile; fileRef = 8B22E1E419FD34BA0006E39C /* libGoogleAdMobAds.a */; };
		8B22E1ED19FD34BA0006E39C /* README.txt in Resources */ = {isa = PBXBuildFile; fileRef = 8B22E1E519FD34BA0006E39C /* README.txt */; };
		8B22E1EE19FD34BA0006E39C /* libAdapterIAd.a in Frameworks */ = {isa = PBXBuildFile; fileRef = 8B22E1E719FD34BA0006E39C /* libAdapterIAd.a */; };
		8B22E1EF19FD34BA0006E39C /* README.txt in Resources */ = {isa = PBXBuildFile; fileRef = 8B22E1E819FD34BA0006E39C /* README.txt */; };
		8B22E1F319FD35B00006E39C /* AdSupport.framework in Frameworks */ = {isa = PBXBuildFile; fileRef = 8B22E1F219FD35B00006E39C /* AdSupport.framework */; };
		8B22E1F519FD35BC0006E39C /* AudioToolbox.framework in Frameworks */ = {isa = PBXBuildFile; fileRef = 8B22E1F419FD35BC0006E39C /* AudioToolbox.framework */; };
		8B22E1F719FD35C30006E39C /* AVFoundation.framework in Frameworks */ = {isa = PBXBuildFile; fileRef = 8B22E1F619FD35C30006E39C /* AVFoundation.framework */; };
		8B22E1F919FD35CC0006E39C /* CoreGraphics.framework in Frameworks */ = {isa = PBXBuildFile; fileRef = 8B22E1F819FD35CC0006E39C /* CoreGraphics.framework */; };
		8B22E1FB19FD35D20006E39C /* CoreTelephony.framework in Frameworks */ = {isa = PBXBuildFile; fileRef = 8B22E1FA19FD35D20006E39C /* CoreTelephony.framework */; };
		8B22E1FD19FD35DA0006E39C /* EventKit.framework in Frameworks */ = {isa = PBXBuildFile; fileRef = 8B22E1FC19FD35DA0006E39C /* EventKit.framework */; };
		8B22E1FF19FD35E00006E39C /* EventKitUI.framework in Frameworks */ = {isa = PBXBuildFile; fileRef = 8B22E1FE19FD35E00006E39C /* EventKitUI.framework */; };
		8B22E20119FD35E60006E39C /* MessageUI.framework in Frameworks */ = {isa = PBXBuildFile; fileRef = 8B22E20019FD35E60006E39C /* MessageUI.framework */; };
		8B22E20319FD35ED0006E39C /* StoreKit.framework in Frameworks */ = {isa = PBXBuildFile; fileRef = 8B22E20219FD35ED0006E39C /* StoreKit.framework */; };
		8B22E20519FD35F30006E39C /* SystemConfiguration.framework in Frameworks */ = {isa = PBXBuildFile; fileRef = 8B22E20419FD35F30006E39C /* SystemConfiguration.framework */; };
		8B22E20819FD39A30006E39C /* iAd.framework in Frameworks */ = {isa = PBXBuildFile; fileRef = 8B22E20719FD39A30006E39C /* iAd.framework */; };
		8B22E26E19FD3A0A0006E39C /* Security.framework in Frameworks */ = {isa = PBXBuildFile; fileRef = 8B22E26D19FD3A090006E39C /* Security.framework */; };
		8B22E27019FE7A110006E39C /* GreedyPlayer.swift in Sources */ = {isa = PBXBuildFile; fileRef = 8B22E26F19FE7A110006E39C /* GreedyPlayer.swift */; };
		8B22E27319FE7A450006E39C /* ComputerPlayer.swift in Sources */ = {isa = PBXBuildFile; fileRef = 8B22E27219FE7A450006E39C /* ComputerPlayer.swift */; };
		8B22E27519FFE0890006E39C /* Evaluator.swift in Sources */ = {isa = PBXBuildFile; fileRef = 8B22E27419FFE0890006E39C /* Evaluator.swift */; };
		8B22E27719FFE1080006E39C /* ClassicalEvaluator.swift in Sources */ = {isa = PBXBuildFile; fileRef = 8B22E27619FFE1080006E39C /* ClassicalEvaluator.swift */; };
		8B22E2791A011C550006E39C /* ProofSolver.swift in Sources */ = {isa = PBXBuildFile; fileRef = 8B22E2781A011C550006E39C /* ProofSolver.swift */; };
		8B22E27B1A011CD20006E39C /* SimpleProofSolver.swift in Sources */ = {isa = PBXBuildFile; fileRef = 8B22E27A1A011CD20006E39C /* SimpleProofSolver.swift */; };
		8B22E27D1A0278730006E39C /* Stack.swift in Sources */ = {isa = PBXBuildFile; fileRef = 8B22E27C1A0278730006E39C /* Stack.swift */; };
		8B22E2811A0280C30006E39C /* BoardBuilder.swift in Sources */ = {isa = PBXBuildFile; fileRef = 8B22E2801A0280C30006E39C /* BoardBuilder.swift */; };
		8B2517A21A13B03800B700F3 /* SimpleSearchStaticEvaluationPlayer.swift in Sources */ = {isa = PBXBuildFile; fileRef = 8B2517A11A13B03800B700F3 /* SimpleSearchStaticEvaluationPlayer.swift */; };
		8B2517A41A164E9500B700F3 /* Utils.swift in Sources */ = {isa = PBXBuildFile; fileRef = 8B2517A31A164E9500B700F3 /* Utils.swift */; };
		8B2D2E7B1A1B719F00658B0B /* ArrayBoard.swift in Sources */ = {isa = PBXBuildFile; fileRef = 8B2D2E7A1A1B719F00658B0B /* ArrayBoard.swift */; };
		8B4E16791A03B8B900BE87E2 /* SimpleProofSolver.swift in Sources */ = {isa = PBXBuildFile; fileRef = 8B22E27A1A011CD20006E39C /* SimpleProofSolver.swift */; };
		8B4E167A1A03B8CF00BE87E2 /* ProofSolver.swift in Sources */ = {isa = PBXBuildFile; fileRef = 8B22E2781A011C550006E39C /* ProofSolver.swift */; };
		8B4E167B1A03B8DA00BE87E2 /* BoardRepresentation.swift in Sources */ = {isa = PBXBuildFile; fileRef = 8B74E1EA19F9EE6900B5E87E /* BoardRepresentation.swift */; };
		8B4E167C1A03B8E300BE87E2 /* BoardMediator.swift in Sources */ = {isa = PBXBuildFile; fileRef = 8B74E1E919F9EE6900B5E87E /* BoardMediator.swift */; };
		8B4E167E1A03BB4000BE87E2 /* GameViewScene.swift in Sources */ = {isa = PBXBuildFile; fileRef = 8B4E167D1A03BB4000BE87E2 /* GameViewScene.swift */; };
		8B4E167F1A03BBE300BE87E2 /* Board.swift in Sources */ = {isa = PBXBuildFile; fileRef = 8B74E1E819F9EE6900B5E87E /* Board.swift */; };
		8B4E16801A03BC1700BE87E2 /* Evaluator.swift in Sources */ = {isa = PBXBuildFile; fileRef = 8B22E27419FFE0890006E39C /* Evaluator.swift */; };
		8B4E16811A03BC3100BE87E2 /* Queue.swift in Sources */ = {isa = PBXBuildFile; fileRef = 8B22E1C119FC80C50006E39C /* Queue.swift */; };
		8B4E16821A03BC3100BE87E2 /* Stack.swift in Sources */ = {isa = PBXBuildFile; fileRef = 8B22E27C1A0278730006E39C /* Stack.swift */; };
		8B4E16831A03BC6400BE87E2 /* BoardBuilder.swift in Sources */ = {isa = PBXBuildFile; fileRef = 8B22E2801A0280C30006E39C /* BoardBuilder.swift */; };
		8B50B0CE1A3D3EDC0057C14A /* TreeSearchWithPerturbationPlayer.swift in Sources */ = {isa = PBXBuildFile; fileRef = 8B50B0CD1A3D3EDC0057C14A /* TreeSearchWithPerturbationPlayer.swift */; };
		8B50B0D01A3D41480057C14A /* LeftyPlayer.swift in Sources */ = {isa = PBXBuildFile; fileRef = 8B50B0CF1A3D41480057C14A /* LeftyPlayer.swift */; };
		8B50B0D21A3D48C80057C14A /* SwingPlayer.swift in Sources */ = {isa = PBXBuildFile; fileRef = 8B50B0D11A3D48C80057C14A /* SwingPlayer.swift */; };
		8B50B0D41A3D78EC0057C14A /* SimpleEvaluator.swift in Sources */ = {isa = PBXBuildFile; fileRef = 8B50B0D31A3D78EC0057C14A /* SimpleEvaluator.swift */; };
		8B50B0D61A3D79690057C14A /* TranspositionAlphaBetaSimplePlayer.swift in Sources */ = {isa = PBXBuildFile; fileRef = 8B50B0D51A3D79690057C14A /* TranspositionAlphaBetaSimplePlayer.swift */; };
		8B52D3D71A61849C0051F7D2 /* Appearance.swift in Sources */ = {isa = PBXBuildFile; fileRef = 8B52D3D61A61849C0051F7D2 /* Appearance.swift */; };
		8B60ED2A1A3AF9F60062AACC /* Search.swift in Sources */ = {isa = PBXBuildFile; fileRef = 8B60ED291A3AF9F60062AACC /* Search.swift */; };
		8B60ED2C1A3B058D0062AACC /* TranspositionedAlphaBetaSearch.swift in Sources */ = {isa = PBXBuildFile; fileRef = 8B60ED2B1A3B058D0062AACC /* TranspositionedAlphaBetaSearch.swift */; };
		8B60ED2E1A3B0C4C0062AACC /* TranspositionedAlphaBetaSearchWithEvaluationPlayer.swift in Sources */ = {isa = PBXBuildFile; fileRef = 8B60ED2D1A3B0C4C0062AACC /* TranspositionedAlphaBetaSearchWithEvaluationPlayer.swift */; };
		8B714E1A1A4FAF87001C2D89 /* AppearanceSelectionViewController.swift in Sources */ = {isa = PBXBuildFile; fileRef = 8B714E191A4FAF86001C2D89 /* AppearanceSelectionViewController.swift */; };
		8B74E1C519F9ED9700B5E87E /* AppDelegate.swift in Sources */ = {isa = PBXBuildFile; fileRef = 8B74E1C419F9ED9700B5E87E /* AppDelegate.swift */; };
		8B74E1C719F9ED9700B5E87E /* GameScene.sks in Resources */ = {isa = PBXBuildFile; fileRef = 8B74E1C619F9ED9700B5E87E /* GameScene.sks */; };
		8B74E1C919F9ED9700B5E87E /* GameScene.swift in Sources */ = {isa = PBXBuildFile; fileRef = 8B74E1C819F9ED9700B5E87E /* GameScene.swift */; };
		8B74E1CB19F9ED9700B5E87E /* GameViewController.swift in Sources */ = {isa = PBXBuildFile; fileRef = 8B74E1CA19F9ED9700B5E87E /* GameViewController.swift */; };
		8B74E1CE19F9ED9700B5E87E /* Main.storyboard in Resources */ = {isa = PBXBuildFile; fileRef = 8B74E1CC19F9ED9700B5E87E /* Main.storyboard */; };
		8B74E1D019F9ED9700B5E87E /* Images.xcassets in Resources */ = {isa = PBXBuildFile; fileRef = 8B74E1CF19F9ED9700B5E87E /* Images.xcassets */; };
		8B74E1D319F9ED9700B5E87E /* LaunchScreen.xib in Resources */ = {isa = PBXBuildFile; fileRef = 8B74E1D119F9ED9700B5E87E /* LaunchScreen.xib */; };
		8B74E1DF19F9ED9700B5E87E /* FlatReversiTests.swift in Sources */ = {isa = PBXBuildFile; fileRef = 8B74E1DE19F9ED9700B5E87E /* FlatReversiTests.swift */; };
		8B74E1F719F9EE6900B5E87E /* Board.swift in Sources */ = {isa = PBXBuildFile; fileRef = 8B74E1E819F9EE6900B5E87E /* Board.swift */; };
		8B74E1F819F9EE6900B5E87E /* BoardMediator.swift in Sources */ = {isa = PBXBuildFile; fileRef = 8B74E1E919F9EE6900B5E87E /* BoardMediator.swift */; };
		8B74E1F919F9EE6900B5E87E /* BoardRepresentation.swift in Sources */ = {isa = PBXBuildFile; fileRef = 8B74E1EA19F9EE6900B5E87E /* BoardRepresentation.swift */; };
		8B74E1FC19F9EE6900B5E87E /* GameManager.swift in Sources */ = {isa = PBXBuildFile; fileRef = 8B74E1ED19F9EE6900B5E87E /* GameManager.swift */; };
		8B74E1FD19F9EE6900B5E87E /* GameSettings.swift in Sources */ = {isa = PBXBuildFile; fileRef = 8B74E1EE19F9EE6900B5E87E /* GameSettings.swift */; };
		8B74E1FE19F9EE6900B5E87E /* GameViewModel.swift in Sources */ = {isa = PBXBuildFile; fileRef = 8B74E1EF19F9EE6900B5E87E /* GameViewModel.swift */; };
		8B74E1FF19F9EE6900B5E87E /* HumanPlayer.swift in Sources */ = {isa = PBXBuildFile; fileRef = 8B74E1F019F9EE6900B5E87E /* HumanPlayer.swift */; };
		8B74E20019F9EE6900B5E87E /* HumanUserInput.swift in Sources */ = {isa = PBXBuildFile; fileRef = 8B74E1F119F9EE6900B5E87E /* HumanUserInput.swift */; };
		8B74E20119F9EE6900B5E87E /* Locking.swift in Sources */ = {isa = PBXBuildFile; fileRef = 8B74E1F219F9EE6900B5E87E /* Locking.swift */; };
		8B74E20219F9EE6900B5E87E /* Player.swift in Sources */ = {isa = PBXBuildFile; fileRef = 8B74E1F319F9EE6900B5E87E /* Player.swift */; };
		8B74E20319F9EE6900B5E87E /* PlayerMediator.swift in Sources */ = {isa = PBXBuildFile; fileRef = 8B74E1F419F9EE6900B5E87E /* PlayerMediator.swift */; };
		8B74E20419F9EE6900B5E87E /* RandomComputerPlayer.swift in Sources */ = {isa = PBXBuildFile; fileRef = 8B74E1F519F9EE6900B5E87E /* RandomComputerPlayer.swift */; };
		8B74E20519F9EE6900B5E87E /* SettingsViewContoller.swift in Sources */ = {isa = PBXBuildFile; fileRef = 8B74E1F619F9EE6900B5E87E /* SettingsViewContoller.swift */; };
		8BF2C4AB1A4D860000F22AB4 /* AppearanceManager.swift in Sources */ = {isa = PBXBuildFile; fileRef = 8BF2C4AA1A4D860000F22AB4 /* AppearanceManager.swift */; };
/* End PBXBuildFile section */

/* Begin PBXContainerItemProxy section */
		8B74E1D919F9ED9700B5E87E /* PBXContainerItemProxy */ = {
			isa = PBXContainerItemProxy;
			containerPortal = 8B74E1B719F9ED9600B5E87E /* Project object */;
			proxyType = 1;
			remoteGlobalIDString = 8B74E1BE19F9ED9600B5E87E;
			remoteInfo = FlatReversi;
		};
/* End PBXContainerItemProxy section */

/* Begin PBXFileReference section */
		8B07152A1A46AD7D0089C25B /* NegaAlphaSearch.swift */ = {isa = PBXFileReference; fileEncoding = 4; lastKnownFileType = sourcecode.swift; path = NegaAlphaSearch.swift; sourceTree = "<group>"; };
		8B07152E1A49B0230089C25B /* SearchEvalPlayer.swift */ = {isa = PBXFileReference; fileEncoding = 4; lastKnownFileType = sourcecode.swift; path = SearchEvalPlayer.swift; sourceTree = "<group>"; };
		8B0715301A4B00430089C25B /* intrinsics.c */ = {isa = PBXFileReference; fileEncoding = 4; lastKnownFileType = sourcecode.c.c; path = intrinsics.c; sourceTree = "<group>"; };
		8B0715311A4B00430089C25B /* intrinsics.h */ = {isa = PBXFileReference; fileEncoding = 4; lastKnownFileType = sourcecode.c.h; path = intrinsics.h; sourceTree = "<group>"; };
		8B15FEAF1A0BBB4E00A8C998 /* RandomPlayerWithPNS.swift */ = {isa = PBXFileReference; fileEncoding = 4; lastKnownFileType = sourcecode.swift; path = RandomPlayerWithPNS.swift; sourceTree = "<group>"; };
		8B15FEC91A0D12B900A8C998 /* SimpleSearchTree.swift */ = {isa = PBXFileReference; fileEncoding = 4; lastKnownFileType = sourcecode.swift; path = SimpleSearchTree.swift; sourceTree = "<group>"; };
		8B1683851A404AB600C64E93 /* FasterBitBoard.swift */ = {isa = PBXFileReference; fileEncoding = 4; lastKnownFileType = sourcecode.swift; path = FasterBitBoard.swift; sourceTree = "<group>"; };
		8B1F94411A2306D1001F42D7 /* SimpleBitBoard.swift */ = {isa = PBXFileReference; fileEncoding = 4; lastKnownFileType = sourcecode.swift; path = SimpleBitBoard.swift; sourceTree = "<group>"; };
		8B22E1B919FAAC0C0006E39C /* LevelSelectionViewController.swift */ = {isa = PBXFileReference; fileEncoding = 4; lastKnownFileType = sourcecode.swift; path = LevelSelectionViewController.swift; sourceTree = "<group>"; };
		8B22E1BB19FBAE400006E39C /* LevelController.swift */ = {isa = PBXFileReference; fileEncoding = 4; lastKnownFileType = sourcecode.swift; path = LevelController.swift; sourceTree = "<group>"; };
		8B22E1BD19FC073B0006E39C /* RandomPlayerWithEvaluation.swift */ = {isa = PBXFileReference; fileEncoding = 4; lastKnownFileType = sourcecode.swift; path = RandomPlayerWithEvaluation.swift; sourceTree = "<group>"; };
		8B22E1BF19FC75100006E39C /* Zones.swift */ = {isa = PBXFileReference; fileEncoding = 4; lastKnownFileType = sourcecode.swift; path = Zones.swift; sourceTree = "<group>"; };
		8B22E1C119FC80C50006E39C /* Queue.swift */ = {isa = PBXFileReference; fileEncoding = 4; lastKnownFileType = sourcecode.swift; path = Queue.swift; sourceTree = "<group>"; };
		8B22E1C719FD34BA0006E39C /* DFPBannerView.h */ = {isa = PBXFileReference; fileEncoding = 4; lastKnownFileType = sourcecode.c.h; path = DFPBannerView.h; sourceTree = "<group>"; };
		8B22E1C819FD34BA0006E39C /* DFPExtras.h */ = {isa = PBXFileReference; fileEncoding = 4; lastKnownFileType = sourcecode.c.h; path = DFPExtras.h; sourceTree = "<group>"; };
		8B22E1C919FD34BA0006E39C /* DFPInterstitial.h */ = {isa = PBXFileReference; fileEncoding = 4; lastKnownFileType = sourcecode.c.h; path = DFPInterstitial.h; sourceTree = "<group>"; };
		8B22E1CA19FD34BA0006E39C /* DFPSwipeableBannerView.h */ = {isa = PBXFileReference; fileEncoding = 4; lastKnownFileType = sourcecode.c.h; path = DFPSwipeableBannerView.h; sourceTree = "<group>"; };
		8B22E1CB19FD34BA0006E39C /* GADAdSizeDelegate.h */ = {isa = PBXFileReference; fileEncoding = 4; lastKnownFileType = sourcecode.c.h; path = GADAdSizeDelegate.h; sourceTree = "<group>"; };
		8B22E1CC19FD34BA0006E39C /* GADAppEventDelegate.h */ = {isa = PBXFileReference; fileEncoding = 4; lastKnownFileType = sourcecode.c.h; path = GADAppEventDelegate.h; sourceTree = "<group>"; };
		8B22E1CD19FD34BA0006E39C /* GADSwipeableBannerViewDelegate.h */ = {isa = PBXFileReference; fileEncoding = 4; lastKnownFileType = sourcecode.c.h; path = GADSwipeableBannerViewDelegate.h; sourceTree = "<group>"; };
		8B22E1CF19FD34BA0006E39C /* GADCustomEventBanner.h */ = {isa = PBXFileReference; fileEncoding = 4; lastKnownFileType = sourcecode.c.h; path = GADCustomEventBanner.h; sourceTree = "<group>"; };
		8B22E1D019FD34BA0006E39C /* GADCustomEventBannerDelegate.h */ = {isa = PBXFileReference; fileEncoding = 4; lastKnownFileType = sourcecode.c.h; path = GADCustomEventBannerDelegate.h; sourceTree = "<group>"; };
		8B22E1D119FD34BA0006E39C /* GADCustomEventExtras.h */ = {isa = PBXFileReference; fileEncoding = 4; lastKnownFileType = sourcecode.c.h; path = GADCustomEventExtras.h; sourceTree = "<group>"; };
		8B22E1D219FD34BA0006E39C /* GADCustomEventInterstitial.h */ = {isa = PBXFileReference; fileEncoding = 4; lastKnownFileType = sourcecode.c.h; path = GADCustomEventInterstitial.h; sourceTree = "<group>"; };
		8B22E1D319FD34BA0006E39C /* GADCustomEventInterstitialDelegate.h */ = {isa = PBXFileReference; fileEncoding = 4; lastKnownFileType = sourcecode.c.h; path = GADCustomEventInterstitialDelegate.h; sourceTree = "<group>"; };
		8B22E1D419FD34BA0006E39C /* GADCustomEventRequest.h */ = {isa = PBXFileReference; fileEncoding = 4; lastKnownFileType = sourcecode.c.h; path = GADCustomEventRequest.h; sourceTree = "<group>"; };
		8B22E1D619FD34BA0006E39C /* GADSearchBannerView.h */ = {isa = PBXFileReference; fileEncoding = 4; lastKnownFileType = sourcecode.c.h; path = GADSearchBannerView.h; sourceTree = "<group>"; };
		8B22E1D719FD34BA0006E39C /* GADSearchRequest.h */ = {isa = PBXFileReference; fileEncoding = 4; lastKnownFileType = sourcecode.c.h; path = GADSearchRequest.h; sourceTree = "<group>"; };
		8B22E1D819FD34BA0006E39C /* GADAdMobExtras.h */ = {isa = PBXFileReference; fileEncoding = 4; lastKnownFileType = sourcecode.c.h; path = GADAdMobExtras.h; sourceTree = "<group>"; };
		8B22E1D919FD34BA0006E39C /* GADAdNetworkExtras.h */ = {isa = PBXFileReference; fileEncoding = 4; lastKnownFileType = sourcecode.c.h; path = GADAdNetworkExtras.h; sourceTree = "<group>"; };
		8B22E1DA19FD34BA0006E39C /* GADAdSize.h */ = {isa = PBXFileReference; fileEncoding = 4; lastKnownFileType = sourcecode.c.h; path = GADAdSize.h; sourceTree = "<group>"; };
		8B22E1DB19FD34BA0006E39C /* GADBannerView.h */ = {isa = PBXFileReference; fileEncoding = 4; lastKnownFileType = sourcecode.c.h; path = GADBannerView.h; sourceTree = "<group>"; };
		8B22E1DC19FD34BA0006E39C /* GADBannerViewDelegate.h */ = {isa = PBXFileReference; fileEncoding = 4; lastKnownFileType = sourcecode.c.h; path = GADBannerViewDelegate.h; sourceTree = "<group>"; };
		8B22E1DD19FD34BA0006E39C /* GADInAppPurchase.h */ = {isa = PBXFileReference; fileEncoding = 4; lastKnownFileType = sourcecode.c.h; path = GADInAppPurchase.h; sourceTree = "<group>"; };
		8B22E1DE19FD34BA0006E39C /* GADInAppPurchaseDelegate.h */ = {isa = PBXFileReference; fileEncoding = 4; lastKnownFileType = sourcecode.c.h; path = GADInAppPurchaseDelegate.h; sourceTree = "<group>"; };
		8B22E1DF19FD34BA0006E39C /* GADInterstitial.h */ = {isa = PBXFileReference; fileEncoding = 4; lastKnownFileType = sourcecode.c.h; path = GADInterstitial.h; sourceTree = "<group>"; };
		8B22E1E019FD34BA0006E39C /* GADInterstitialDelegate.h */ = {isa = PBXFileReference; fileEncoding = 4; lastKnownFileType = sourcecode.c.h; path = GADInterstitialDelegate.h; sourceTree = "<group>"; };
		8B22E1E119FD34BA0006E39C /* GADModules.h */ = {isa = PBXFileReference; fileEncoding = 4; lastKnownFileType = sourcecode.c.h; path = GADModules.h; sourceTree = "<group>"; };
		8B22E1E219FD34BA0006E39C /* GADRequest.h */ = {isa = PBXFileReference; fileEncoding = 4; lastKnownFileType = sourcecode.c.h; path = GADRequest.h; sourceTree = "<group>"; };
		8B22E1E319FD34BA0006E39C /* GADRequestError.h */ = {isa = PBXFileReference; fileEncoding = 4; lastKnownFileType = sourcecode.c.h; path = GADRequestError.h; sourceTree = "<group>"; };
		8B22E1E419FD34BA0006E39C /* libGoogleAdMobAds.a */ = {isa = PBXFileReference; lastKnownFileType = archive.ar; path = libGoogleAdMobAds.a; sourceTree = "<group>"; };
		8B22E1E519FD34BA0006E39C /* README.txt */ = {isa = PBXFileReference; fileEncoding = 4; lastKnownFileType = text; path = README.txt; sourceTree = "<group>"; };
		8B22E1E719FD34BA0006E39C /* libAdapterIAd.a */ = {isa = PBXFileReference; lastKnownFileType = archive.ar; path = libAdapterIAd.a; sourceTree = "<group>"; };
		8B22E1E819FD34BA0006E39C /* README.txt */ = {isa = PBXFileReference; fileEncoding = 4; lastKnownFileType = text; path = README.txt; sourceTree = "<group>"; };
		8B22E1F219FD35B00006E39C /* AdSupport.framework */ = {isa = PBXFileReference; lastKnownFileType = wrapper.framework; name = AdSupport.framework; path = System/Library/Frameworks/AdSupport.framework; sourceTree = SDKROOT; };
		8B22E1F419FD35BC0006E39C /* AudioToolbox.framework */ = {isa = PBXFileReference; lastKnownFileType = wrapper.framework; name = AudioToolbox.framework; path = System/Library/Frameworks/AudioToolbox.framework; sourceTree = SDKROOT; };
		8B22E1F619FD35C30006E39C /* AVFoundation.framework */ = {isa = PBXFileReference; lastKnownFileType = wrapper.framework; name = AVFoundation.framework; path = System/Library/Frameworks/AVFoundation.framework; sourceTree = SDKROOT; };
		8B22E1F819FD35CC0006E39C /* CoreGraphics.framework */ = {isa = PBXFileReference; lastKnownFileType = wrapper.framework; name = CoreGraphics.framework; path = System/Library/Frameworks/CoreGraphics.framework; sourceTree = SDKROOT; };
		8B22E1FA19FD35D20006E39C /* CoreTelephony.framework */ = {isa = PBXFileReference; lastKnownFileType = wrapper.framework; name = CoreTelephony.framework; path = System/Library/Frameworks/CoreTelephony.framework; sourceTree = SDKROOT; };
		8B22E1FC19FD35DA0006E39C /* EventKit.framework */ = {isa = PBXFileReference; lastKnownFileType = wrapper.framework; name = EventKit.framework; path = System/Library/Frameworks/EventKit.framework; sourceTree = SDKROOT; };
		8B22E1FE19FD35E00006E39C /* EventKitUI.framework */ = {isa = PBXFileReference; lastKnownFileType = wrapper.framework; name = EventKitUI.framework; path = System/Library/Frameworks/EventKitUI.framework; sourceTree = SDKROOT; };
		8B22E20019FD35E60006E39C /* MessageUI.framework */ = {isa = PBXFileReference; lastKnownFileType = wrapper.framework; name = MessageUI.framework; path = System/Library/Frameworks/MessageUI.framework; sourceTree = SDKROOT; };
		8B22E20219FD35ED0006E39C /* StoreKit.framework */ = {isa = PBXFileReference; lastKnownFileType = wrapper.framework; name = StoreKit.framework; path = System/Library/Frameworks/StoreKit.framework; sourceTree = SDKROOT; };
		8B22E20419FD35F30006E39C /* SystemConfiguration.framework */ = {isa = PBXFileReference; lastKnownFileType = wrapper.framework; name = SystemConfiguration.framework; path = System/Library/Frameworks/SystemConfiguration.framework; sourceTree = SDKROOT; };
		8B22E20619FD37930006E39C /* Swift_Bridging_Header.h */ = {isa = PBXFileReference; lastKnownFileType = sourcecode.c.h; path = Swift_Bridging_Header.h; sourceTree = "<group>"; };
		8B22E20719FD39A30006E39C /* iAd.framework */ = {isa = PBXFileReference; lastKnownFileType = wrapper.framework; name = iAd.framework; path = System/Library/Frameworks/iAd.framework; sourceTree = SDKROOT; };
		8B22E26D19FD3A090006E39C /* Security.framework */ = {isa = PBXFileReference; lastKnownFileType = wrapper.framework; name = Security.framework; path = System/Library/Frameworks/Security.framework; sourceTree = SDKROOT; };
		8B22E26F19FE7A110006E39C /* GreedyPlayer.swift */ = {isa = PBXFileReference; fileEncoding = 4; lastKnownFileType = sourcecode.swift; path = GreedyPlayer.swift; sourceTree = "<group>"; };
		8B22E27219FE7A450006E39C /* ComputerPlayer.swift */ = {isa = PBXFileReference; fileEncoding = 4; lastKnownFileType = sourcecode.swift; path = ComputerPlayer.swift; sourceTree = "<group>"; };
		8B22E27419FFE0890006E39C /* Evaluator.swift */ = {isa = PBXFileReference; fileEncoding = 4; lastKnownFileType = sourcecode.swift; path = Evaluator.swift; sourceTree = "<group>"; };
		8B22E27619FFE1080006E39C /* ClassicalEvaluator.swift */ = {isa = PBXFileReference; fileEncoding = 4; lastKnownFileType = sourcecode.swift; path = ClassicalEvaluator.swift; sourceTree = "<group>"; };
		8B22E2781A011C550006E39C /* ProofSolver.swift */ = {isa = PBXFileReference; fileEncoding = 4; lastKnownFileType = sourcecode.swift; path = ProofSolver.swift; sourceTree = "<group>"; };
		8B22E27A1A011CD20006E39C /* SimpleProofSolver.swift */ = {isa = PBXFileReference; fileEncoding = 4; lastKnownFileType = sourcecode.swift; path = SimpleProofSolver.swift; sourceTree = "<group>"; };
		8B22E27C1A0278730006E39C /* Stack.swift */ = {isa = PBXFileReference; fileEncoding = 4; lastKnownFileType = sourcecode.swift; path = Stack.swift; sourceTree = "<group>"; };
		8B22E2801A0280C30006E39C /* BoardBuilder.swift */ = {isa = PBXFileReference; fileEncoding = 4; lastKnownFileType = sourcecode.swift; path = BoardBuilder.swift; sourceTree = "<group>"; };
		8B2517A11A13B03800B700F3 /* SimpleSearchStaticEvaluationPlayer.swift */ = {isa = PBXFileReference; fileEncoding = 4; lastKnownFileType = sourcecode.swift; path = SimpleSearchStaticEvaluationPlayer.swift; sourceTree = "<group>"; };
		8B2517A31A164E9500B700F3 /* Utils.swift */ = {isa = PBXFileReference; fileEncoding = 4; lastKnownFileType = sourcecode.swift; path = Utils.swift; sourceTree = "<group>"; };
		8B2D2E7A1A1B719F00658B0B /* ArrayBoard.swift */ = {isa = PBXFileReference; fileEncoding = 4; lastKnownFileType = sourcecode.swift; path = ArrayBoard.swift; sourceTree = "<group>"; };
		8B4E167D1A03BB4000BE87E2 /* GameViewScene.swift */ = {isa = PBXFileReference; fileEncoding = 4; lastKnownFileType = sourcecode.swift; path = GameViewScene.swift; sourceTree = "<group>"; };
		8B50B0CD1A3D3EDC0057C14A /* TreeSearchWithPerturbationPlayer.swift */ = {isa = PBXFileReference; fileEncoding = 4; lastKnownFileType = sourcecode.swift; path = TreeSearchWithPerturbationPlayer.swift; sourceTree = "<group>"; };
		8B50B0CF1A3D41480057C14A /* LeftyPlayer.swift */ = {isa = PBXFileReference; fileEncoding = 4; lastKnownFileType = sourcecode.swift; path = LeftyPlayer.swift; sourceTree = "<group>"; };
		8B50B0D11A3D48C80057C14A /* SwingPlayer.swift */ = {isa = PBXFileReference; fileEncoding = 4; lastKnownFileType = sourcecode.swift; path = SwingPlayer.swift; sourceTree = "<group>"; };
		8B50B0D31A3D78EC0057C14A /* SimpleEvaluator.swift */ = {isa = PBXFileReference; fileEncoding = 4; lastKnownFileType = sourcecode.swift; path = SimpleEvaluator.swift; sourceTree = "<group>"; };
		8B50B0D51A3D79690057C14A /* TranspositionAlphaBetaSimplePlayer.swift */ = {isa = PBXFileReference; fileEncoding = 4; lastKnownFileType = sourcecode.swift; path = TranspositionAlphaBetaSimplePlayer.swift; sourceTree = "<group>"; };
		8B52D3D61A61849C0051F7D2 /* Appearance.swift */ = {isa = PBXFileReference; fileEncoding = 4; lastKnownFileType = sourcecode.swift; path = Appearance.swift; sourceTree = "<group>"; };
		8B60ED291A3AF9F60062AACC /* Search.swift */ = {isa = PBXFileReference; fileEncoding = 4; lastKnownFileType = sourcecode.swift; path = Search.swift; sourceTree = "<group>"; };
		8B60ED2B1A3B058D0062AACC /* TranspositionedAlphaBetaSearch.swift */ = {isa = PBXFileReference; fileEncoding = 4; lastKnownFileType = sourcecode.swift; path = TranspositionedAlphaBetaSearch.swift; sourceTree = "<group>"; };
		8B60ED2D1A3B0C4C0062AACC /* TranspositionedAlphaBetaSearchWithEvaluationPlayer.swift */ = {isa = PBXFileReference; fileEncoding = 4; lastKnownFileType = sourcecode.swift; path = TranspositionedAlphaBetaSearchWithEvaluationPlayer.swift; sourceTree = "<group>"; };
		8B714E191A4FAF86001C2D89 /* AppearanceSelectionViewController.swift */ = {isa = PBXFileReference; fileEncoding = 4; lastKnownFileType = sourcecode.swift; path = AppearanceSelectionViewController.swift; sourceTree = "<group>"; };
		8B74E1BF19F9ED9600B5E87E /* FlatReversi.app */ = {isa = PBXFileReference; explicitFileType = wrapper.application; includeInIndex = 0; path = FlatReversi.app; sourceTree = BUILT_PRODUCTS_DIR; };
		8B74E1C319F9ED9600B5E87E /* Info.plist */ = {isa = PBXFileReference; lastKnownFileType = text.plist.xml; path = Info.plist; sourceTree = "<group>"; };
		8B74E1C419F9ED9700B5E87E /* AppDelegate.swift */ = {isa = PBXFileReference; lastKnownFileType = sourcecode.swift; path = AppDelegate.swift; sourceTree = "<group>"; };
		8B74E1C619F9ED9700B5E87E /* GameScene.sks */ = {isa = PBXFileReference; lastKnownFileType = file.sks; path = GameScene.sks; sourceTree = "<group>"; };
		8B74E1C819F9ED9700B5E87E /* GameScene.swift */ = {isa = PBXFileReference; lastKnownFileType = sourcecode.swift; path = GameScene.swift; sourceTree = "<group>"; };
		8B74E1CA19F9ED9700B5E87E /* GameViewController.swift */ = {isa = PBXFileReference; lastKnownFileType = sourcecode.swift; path = GameViewController.swift; sourceTree = "<group>"; };
		8B74E1CD19F9ED9700B5E87E /* Base */ = {isa = PBXFileReference; lastKnownFileType = file.storyboard; name = Base; path = Base.lproj/Main.storyboard; sourceTree = "<group>"; };
		8B74E1CF19F9ED9700B5E87E /* Images.xcassets */ = {isa = PBXFileReference; lastKnownFileType = folder.assetcatalog; path = Images.xcassets; sourceTree = "<group>"; };
		8B74E1D219F9ED9700B5E87E /* Base */ = {isa = PBXFileReference; lastKnownFileType = file.xib; name = Base; path = Base.lproj/LaunchScreen.xib; sourceTree = "<group>"; };
		8B74E1D819F9ED9700B5E87E /* FlatReversiTests.xctest */ = {isa = PBXFileReference; explicitFileType = wrapper.cfbundle; includeInIndex = 0; path = FlatReversiTests.xctest; sourceTree = BUILT_PRODUCTS_DIR; };
		8B74E1DD19F9ED9700B5E87E /* Info.plist */ = {isa = PBXFileReference; lastKnownFileType = text.plist.xml; path = Info.plist; sourceTree = "<group>"; };
		8B74E1DE19F9ED9700B5E87E /* FlatReversiTests.swift */ = {isa = PBXFileReference; lastKnownFileType = sourcecode.swift; path = FlatReversiTests.swift; sourceTree = "<group>"; };
		8B74E1E819F9EE6900B5E87E /* Board.swift */ = {isa = PBXFileReference; fileEncoding = 4; lastKnownFileType = sourcecode.swift; path = Board.swift; sourceTree = "<group>"; };
		8B74E1E919F9EE6900B5E87E /* BoardMediator.swift */ = {isa = PBXFileReference; fileEncoding = 4; lastKnownFileType = sourcecode.swift; path = BoardMediator.swift; sourceTree = "<group>"; };
		8B74E1EA19F9EE6900B5E87E /* BoardRepresentation.swift */ = {isa = PBXFileReference; fileEncoding = 4; lastKnownFileType = sourcecode.swift; path = BoardRepresentation.swift; sourceTree = "<group>"; };
		8B74E1ED19F9EE6900B5E87E /* GameManager.swift */ = {isa = PBXFileReference; fileEncoding = 4; lastKnownFileType = sourcecode.swift; path = GameManager.swift; sourceTree = "<group>"; };
		8B74E1EE19F9EE6900B5E87E /* GameSettings.swift */ = {isa = PBXFileReference; fileEncoding = 4; lastKnownFileType = sourcecode.swift; path = GameSettings.swift; sourceTree = "<group>"; };
		8B74E1EF19F9EE6900B5E87E /* GameViewModel.swift */ = {isa = PBXFileReference; fileEncoding = 4; lastKnownFileType = sourcecode.swift; path = GameViewModel.swift; sourceTree = "<group>"; };
		8B74E1F019F9EE6900B5E87E /* HumanPlayer.swift */ = {isa = PBXFileReference; fileEncoding = 4; lastKnownFileType = sourcecode.swift; path = HumanPlayer.swift; sourceTree = "<group>"; };
		8B74E1F119F9EE6900B5E87E /* HumanUserInput.swift */ = {isa = PBXFileReference; fileEncoding = 4; lastKnownFileType = sourcecode.swift; path = HumanUserInput.swift; sourceTree = "<group>"; };
		8B74E1F219F9EE6900B5E87E /* Locking.swift */ = {isa = PBXFileReference; fileEncoding = 4; lastKnownFileType = sourcecode.swift; path = Locking.swift; sourceTree = "<group>"; };
		8B74E1F319F9EE6900B5E87E /* Player.swift */ = {isa = PBXFileReference; fileEncoding = 4; lastKnownFileType = sourcecode.swift; path = Player.swift; sourceTree = "<group>"; };
		8B74E1F419F9EE6900B5E87E /* PlayerMediator.swift */ = {isa = PBXFileReference; fileEncoding = 4; lastKnownFileType = sourcecode.swift; path = PlayerMediator.swift; sourceTree = "<group>"; };
		8B74E1F519F9EE6900B5E87E /* RandomComputerPlayer.swift */ = {isa = PBXFileReference; fileEncoding = 4; lastKnownFileType = sourcecode.swift; path = RandomComputerPlayer.swift; sourceTree = "<group>"; };
		8B74E1F619F9EE6900B5E87E /* SettingsViewContoller.swift */ = {isa = PBXFileReference; fileEncoding = 4; lastKnownFileType = sourcecode.swift; path = SettingsViewContoller.swift; sourceTree = "<group>"; };
		8BBE916D1A4B03EC00212FFF /* FlatReversi-Bridging-Header.h */ = {isa = PBXFileReference; fileEncoding = 4; lastKnownFileType = sourcecode.c.h; path = "FlatReversi-Bridging-Header.h"; sourceTree = "<group>"; };
		8BF2C4AA1A4D860000F22AB4 /* AppearanceManager.swift */ = {isa = PBXFileReference; fileEncoding = 4; lastKnownFileType = sourcecode.swift; path = AppearanceManager.swift; sourceTree = "<group>"; };
/* End PBXFileReference section */

/* Begin PBXFrameworksBuildPhase section */
		8B74E1BC19F9ED9600B5E87E /* Frameworks */ = {
			isa = PBXFrameworksBuildPhase;
			buildActionMask = 2147483647;
			files = (
				8B22E26E19FD3A0A0006E39C /* Security.framework in Frameworks */,
				8B22E20819FD39A30006E39C /* iAd.framework in Frameworks */,
				8B22E20519FD35F30006E39C /* SystemConfiguration.framework in Frameworks */,
				8B22E20319FD35ED0006E39C /* StoreKit.framework in Frameworks */,
				8B22E20119FD35E60006E39C /* MessageUI.framework in Frameworks */,
				8B22E1FF19FD35E00006E39C /* EventKitUI.framework in Frameworks */,
				8B22E1FD19FD35DA0006E39C /* EventKit.framework in Frameworks */,
				8B22E1FB19FD35D20006E39C /* CoreTelephony.framework in Frameworks */,
				8B22E1F919FD35CC0006E39C /* CoreGraphics.framework in Frameworks */,
				8B22E1F719FD35C30006E39C /* AVFoundation.framework in Frameworks */,
				8B22E1F519FD35BC0006E39C /* AudioToolbox.framework in Frameworks */,
				8B22E1F319FD35B00006E39C /* AdSupport.framework in Frameworks */,
				8B22E1EE19FD34BA0006E39C /* libAdapterIAd.a in Frameworks */,
				8B22E1EC19FD34BA0006E39C /* libGoogleAdMobAds.a in Frameworks */,
			);
			runOnlyForDeploymentPostprocessing = 0;
		};
		8B74E1D519F9ED9700B5E87E /* Frameworks */ = {
			isa = PBXFrameworksBuildPhase;
			buildActionMask = 2147483647;
			files = (
			);
			runOnlyForDeploymentPostprocessing = 0;
		};
/* End PBXFrameworksBuildPhase section */

/* Begin PBXGroup section */
		8B22E1C319FD34220006E39C /* Ad */ = {
			isa = PBXGroup;
			children = (
				8B22E1C419FD34BA0006E39C /* Admob */,
				8B22E1E619FD34BA0006E39C /* iAd */,
			);
			name = Ad;
			sourceTree = "<group>";
		};
		8B22E1C419FD34BA0006E39C /* Admob */ = {
			isa = PBXGroup;
			children = (
				8B22E1C519FD34BA0006E39C /* Add-ons */,
				8B22E1D819FD34BA0006E39C /* GADAdMobExtras.h */,
				8B22E1D919FD34BA0006E39C /* GADAdNetworkExtras.h */,
				8B22E1DA19FD34BA0006E39C /* GADAdSize.h */,
				8B22E1DB19FD34BA0006E39C /* GADBannerView.h */,
				8B22E1DC19FD34BA0006E39C /* GADBannerViewDelegate.h */,
				8B22E1DD19FD34BA0006E39C /* GADInAppPurchase.h */,
				8B22E1DE19FD34BA0006E39C /* GADInAppPurchaseDelegate.h */,
				8B22E1DF19FD34BA0006E39C /* GADInterstitial.h */,
				8B22E1E019FD34BA0006E39C /* GADInterstitialDelegate.h */,
				8B22E1E119FD34BA0006E39C /* GADModules.h */,
				8B22E1E219FD34BA0006E39C /* GADRequest.h */,
				8B22E1E319FD34BA0006E39C /* GADRequestError.h */,
				8B22E1E419FD34BA0006E39C /* libGoogleAdMobAds.a */,
				8B22E1E519FD34BA0006E39C /* README.txt */,
			);
			name = Admob;
			path = Ad/Admob;
			sourceTree = "<group>";
		};
		8B22E1C519FD34BA0006E39C /* Add-ons */ = {
			isa = PBXGroup;
			children = (
				8B22E1C619FD34BA0006E39C /* DoubleClick */,
				8B22E1CE19FD34BA0006E39C /* Mediation */,
				8B22E1D519FD34BA0006E39C /* Search */,
			);
			path = "Add-ons";
			sourceTree = "<group>";
		};
		8B22E1C619FD34BA0006E39C /* DoubleClick */ = {
			isa = PBXGroup;
			children = (
				8B22E1C719FD34BA0006E39C /* DFPBannerView.h */,
				8B22E1C819FD34BA0006E39C /* DFPExtras.h */,
				8B22E1C919FD34BA0006E39C /* DFPInterstitial.h */,
				8B22E1CA19FD34BA0006E39C /* DFPSwipeableBannerView.h */,
				8B22E1CB19FD34BA0006E39C /* GADAdSizeDelegate.h */,
				8B22E1CC19FD34BA0006E39C /* GADAppEventDelegate.h */,
				8B22E1CD19FD34BA0006E39C /* GADSwipeableBannerViewDelegate.h */,
			);
			path = DoubleClick;
			sourceTree = "<group>";
		};
		8B22E1CE19FD34BA0006E39C /* Mediation */ = {
			isa = PBXGroup;
			children = (
				8B22E1CF19FD34BA0006E39C /* GADCustomEventBanner.h */,
				8B22E1D019FD34BA0006E39C /* GADCustomEventBannerDelegate.h */,
				8B22E1D119FD34BA0006E39C /* GADCustomEventExtras.h */,
				8B22E1D219FD34BA0006E39C /* GADCustomEventInterstitial.h */,
				8B22E1D319FD34BA0006E39C /* GADCustomEventInterstitialDelegate.h */,
				8B22E1D419FD34BA0006E39C /* GADCustomEventRequest.h */,
			);
			path = Mediation;
			sourceTree = "<group>";
		};
		8B22E1D519FD34BA0006E39C /* Search */ = {
			isa = PBXGroup;
			children = (
				8B22E1D619FD34BA0006E39C /* GADSearchBannerView.h */,
				8B22E1D719FD34BA0006E39C /* GADSearchRequest.h */,
			);
			path = Search;
			sourceTree = "<group>";
		};
		8B22E1E619FD34BA0006E39C /* iAd */ = {
			isa = PBXGroup;
			children = (
				8B22E1E719FD34BA0006E39C /* libAdapterIAd.a */,
				8B22E1E819FD34BA0006E39C /* README.txt */,
			);
			name = iAd;
			path = Ad/iAd;
			sourceTree = "<group>";
		};
		8B22E27119FE7A270006E39C /* Player */ = {
			isa = PBXGroup;
			children = (
				8B74E1F019F9EE6900B5E87E /* HumanPlayer.swift */,
				8B74E1F319F9EE6900B5E87E /* Player.swift */,
				8B74E1F519F9EE6900B5E87E /* RandomComputerPlayer.swift */,
				8B22E1BD19FC073B0006E39C /* RandomPlayerWithEvaluation.swift */,
				8B22E26F19FE7A110006E39C /* GreedyPlayer.swift */,
				8B22E27219FE7A450006E39C /* ComputerPlayer.swift */,
				8B15FEAF1A0BBB4E00A8C998 /* RandomPlayerWithPNS.swift */,
				8B2517A11A13B03800B700F3 /* SimpleSearchStaticEvaluationPlayer.swift */,
				8B07152E1A49B0230089C25B /* SearchEvalPlayer.swift */,
				8B60ED2D1A3B0C4C0062AACC /* TranspositionedAlphaBetaSearchWithEvaluationPlayer.swift */,
				8B50B0D51A3D79690057C14A /* TranspositionAlphaBetaSimplePlayer.swift */,
				8B50B0CD1A3D3EDC0057C14A /* TreeSearchWithPerturbationPlayer.swift */,
				8B50B0CF1A3D41480057C14A /* LeftyPlayer.swift */,
				8B50B0D11A3D48C80057C14A /* SwingPlayer.swift */,
			);
			name = Player;
			sourceTree = "<group>";
		};
		8B60ED281A3AF9D20062AACC /* Search */ = {
			isa = PBXGroup;
			children = (
				8B15FEC91A0D12B900A8C998 /* SimpleSearchTree.swift */,
				8B07152A1A46AD7D0089C25B /* NegaAlphaSearch.swift */,
				8B60ED2B1A3B058D0062AACC /* TranspositionedAlphaBetaSearch.swift */,
				8B60ED291A3AF9F60062AACC /* Search.swift */,
			);
			name = Search;
			sourceTree = "<group>";
		};
		8B60ED2F1A3B16C80062AACC /* Evaluation */ = {
			isa = PBXGroup;
			children = (
				8B22E27419FFE0890006E39C /* Evaluator.swift */,
				8B22E27619FFE1080006E39C /* ClassicalEvaluator.swift */,
				8B50B0D31A3D78EC0057C14A /* SimpleEvaluator.swift */,
			);
			name = Evaluation;
			sourceTree = "<group>";
		};
		8B60ED301A3B16E50062AACC /* Board */ = {
			isa = PBXGroup;
			children = (
				8B74E1E819F9EE6900B5E87E /* Board.swift */,
				8B2D2E7A1A1B719F00658B0B /* ArrayBoard.swift */,
				8B22E2801A0280C30006E39C /* BoardBuilder.swift */,
				8B74E1E919F9EE6900B5E87E /* BoardMediator.swift */,
				8B1F94411A2306D1001F42D7 /* SimpleBitBoard.swift */,
				8B1683851A404AB600C64E93 /* FasterBitBoard.swift */,
				8B74E1EA19F9EE6900B5E87E /* BoardRepresentation.swift */,
			);
			name = Board;
			sourceTree = "<group>";
		};
		8B60ED311A3B16F40062AACC /* ProofSolver */ = {
			isa = PBXGroup;
			children = (
				8B22E2781A011C550006E39C /* ProofSolver.swift */,
				8B22E27A1A011CD20006E39C /* SimpleProofSolver.swift */,
			);
			name = ProofSolver;
			sourceTree = "<group>";
		};
		8B714E171A4EF115001C2D89 /* Utils */ = {
			isa = PBXGroup;
			children = (
				8B2517A31A164E9500B700F3 /* Utils.swift */,
				8B22E1C119FC80C50006E39C /* Queue.swift */,
				8B22E27C1A0278730006E39C /* Stack.swift */,
			);
			name = Utils;
			sourceTree = "<group>";
		};
		8B714E181A4EF122001C2D89 /* Intrinsics */ = {
			isa = PBXGroup;
			children = (
				8B0715301A4B00430089C25B /* intrinsics.c */,
				8B0715311A4B00430089C25B /* intrinsics.h */,
				8BBE916D1A4B03EC00212FFF /* FlatReversi-Bridging-Header.h */,
			);
			name = Intrinsics;
			sourceTree = "<group>";
		};
		8B74E1B619F9ED9600B5E87E = {
			isa = PBXGroup;
			children = (
				8B22E26D19FD3A090006E39C /* Security.framework */,
				8B22E20719FD39A30006E39C /* iAd.framework */,
				8B22E20419FD35F30006E39C /* SystemConfiguration.framework */,
				8B22E20219FD35ED0006E39C /* StoreKit.framework */,
				8B22E20019FD35E60006E39C /* MessageUI.framework */,
				8B22E1FE19FD35E00006E39C /* EventKitUI.framework */,
				8B22E1FC19FD35DA0006E39C /* EventKit.framework */,
				8B22E1FA19FD35D20006E39C /* CoreTelephony.framework */,
				8B22E1F819FD35CC0006E39C /* CoreGraphics.framework */,
				8B22E1F619FD35C30006E39C /* AVFoundation.framework */,
				8B22E1F419FD35BC0006E39C /* AudioToolbox.framework */,
				8B22E1F219FD35B00006E39C /* AdSupport.framework */,
				8B74E1C119F9ED9600B5E87E /* FlatReversi */,
				8B74E1DB19F9ED9700B5E87E /* FlatReversiTests */,
				8B74E1C019F9ED9600B5E87E /* Products */,
			);
			sourceTree = "<group>";
		};
		8B74E1C019F9ED9600B5E87E /* Products */ = {
			isa = PBXGroup;
			children = (
				8B74E1BF19F9ED9600B5E87E /* FlatReversi.app */,
				8B74E1D819F9ED9700B5E87E /* FlatReversiTests.xctest */,
			);
			name = Products;
			sourceTree = "<group>";
		};
		8B74E1C119F9ED9600B5E87E /* FlatReversi */ = {
			isa = PBXGroup;
			children = (
				8B22E1C319FD34220006E39C /* Ad */,
				8B60ED301A3B16E50062AACC /* Board */,
				8B60ED281A3AF9D20062AACC /* Search */,
				8B714E171A4EF115001C2D89 /* Utils */,
				8B714E181A4EF122001C2D89 /* Intrinsics */,
				8B22E1BF19FC75100006E39C /* Zones.swift */,
				8B60ED2F1A3B16C80062AACC /* Evaluation */,
				8B60ED311A3B16F40062AACC /* ProofSolver */,
				8B22E27119FE7A270006E39C /* Player */,
				8B74E1ED19F9EE6900B5E87E /* GameManager.swift */,
				8B74E1EE19F9EE6900B5E87E /* GameSettings.swift */,
				8B74E1EF19F9EE6900B5E87E /* GameViewModel.swift */,
				8B74E1F119F9EE6900B5E87E /* HumanUserInput.swift */,
				8B74E1F219F9EE6900B5E87E /* Locking.swift */,
				8B74E1F419F9EE6900B5E87E /* PlayerMediator.swift */,
				8B74E1C419F9ED9700B5E87E /* AppDelegate.swift */,
				8B74E1C819F9ED9700B5E87E /* GameScene.swift */,
				8B4E167D1A03BB4000BE87E2 /* GameViewScene.swift */,
				8B74E1F619F9EE6900B5E87E /* SettingsViewContoller.swift */,
				8B74E1CA19F9ED9700B5E87E /* GameViewController.swift */,
				8B22E1B919FAAC0C0006E39C /* LevelSelectionViewController.swift */,
				8B714E191A4FAF86001C2D89 /* AppearanceSelectionViewController.swift */,
				8B22E1BB19FBAE400006E39C /* LevelController.swift */,
				8B22E20619FD37930006E39C /* Swift_Bridging_Header.h */,
				8B74E1C619F9ED9700B5E87E /* GameScene.sks */,
				8BF2C4AA1A4D860000F22AB4 /* AppearanceManager.swift */,
				8B52D3D61A61849C0051F7D2 /* Appearance.swift */,
				8B74E1CC19F9ED9700B5E87E /* Main.storyboard */,
				8B74E1CF19F9ED9700B5E87E /* Images.xcassets */,
				8B74E1D119F9ED9700B5E87E /* LaunchScreen.xib */,
				8B74E1C219F9ED9600B5E87E /* Supporting Files */,
			);
			path = FlatReversi;
			sourceTree = "<group>";
		};
		8B74E1C219F9ED9600B5E87E /* Supporting Files */ = {
			isa = PBXGroup;
			children = (
				8B74E1C319F9ED9600B5E87E /* Info.plist */,
			);
			name = "Supporting Files";
			sourceTree = "<group>";
		};
		8B74E1DB19F9ED9700B5E87E /* FlatReversiTests */ = {
			isa = PBXGroup;
			children = (
				8B74E1DE19F9ED9700B5E87E /* FlatReversiTests.swift */,
				8B74E1DC19F9ED9700B5E87E /* Supporting Files */,
			);
			path = FlatReversiTests;
			sourceTree = "<group>";
		};
		8B74E1DC19F9ED9700B5E87E /* Supporting Files */ = {
			isa = PBXGroup;
			children = (
				8B74E1DD19F9ED9700B5E87E /* Info.plist */,
			);
			name = "Supporting Files";
			sourceTree = "<group>";
		};
/* End PBXGroup section */

/* Begin PBXNativeTarget section */
		8B74E1BE19F9ED9600B5E87E /* FlatReversi */ = {
			isa = PBXNativeTarget;
			buildConfigurationList = 8B74E1E219F9ED9700B5E87E /* Build configuration list for PBXNativeTarget "FlatReversi" */;
			buildPhases = (
				8B74E1BB19F9ED9600B5E87E /* Sources */,
				8B74E1BC19F9ED9600B5E87E /* Frameworks */,
				8B74E1BD19F9ED9600B5E87E /* Resources */,
			);
			buildRules = (
			);
			dependencies = (
			);
			name = FlatReversi;
			productName = FlatReversi;
			productReference = 8B74E1BF19F9ED9600B5E87E /* FlatReversi.app */;
			productType = "com.apple.product-type.application";
		};
		8B74E1D719F9ED9700B5E87E /* FlatReversiTests */ = {
			isa = PBXNativeTarget;
			buildConfigurationList = 8B74E1E519F9ED9700B5E87E /* Build configuration list for PBXNativeTarget "FlatReversiTests" */;
			buildPhases = (
				8B74E1D419F9ED9700B5E87E /* Sources */,
				8B74E1D519F9ED9700B5E87E /* Frameworks */,
				8B74E1D619F9ED9700B5E87E /* Resources */,
			);
			buildRules = (
			);
			dependencies = (
				8B74E1DA19F9ED9700B5E87E /* PBXTargetDependency */,
			);
			name = FlatReversiTests;
			productName = FlatReversiTests;
			productReference = 8B74E1D819F9ED9700B5E87E /* FlatReversiTests.xctest */;
			productType = "com.apple.product-type.bundle.unit-test";
		};
/* End PBXNativeTarget section */

/* Begin PBXProject section */
		8B74E1B719F9ED9600B5E87E /* Project object */ = {
			isa = PBXProject;
			attributes = {
				LastUpgradeCheck = 0610;
				ORGANIZATIONNAME = "Yoshinori Kodama";
				TargetAttributes = {
					8B74E1BE19F9ED9600B5E87E = {
						CreatedOnToolsVersion = 6.1;
						DevelopmentTeam = X946KV89SN;
					};
					8B74E1D719F9ED9700B5E87E = {
						CreatedOnToolsVersion = 6.1;
						TestTargetID = 8B74E1BE19F9ED9600B5E87E;
					};
				};
			};
			buildConfigurationList = 8B74E1BA19F9ED9600B5E87E /* Build configuration list for PBXProject "FlatReversi" */;
			compatibilityVersion = "Xcode 3.2";
			developmentRegion = English;
			hasScannedForEncodings = 0;
			knownRegions = (
				en,
				Base,
			);
			mainGroup = 8B74E1B619F9ED9600B5E87E;
			productRefGroup = 8B74E1C019F9ED9600B5E87E /* Products */;
			projectDirPath = "";
			projectRoot = "";
			targets = (
				8B74E1BE19F9ED9600B5E87E /* FlatReversi */,
				8B74E1D719F9ED9700B5E87E /* FlatReversiTests */,
			);
		};
/* End PBXProject section */

/* Begin PBXResourcesBuildPhase section */
		8B74E1BD19F9ED9600B5E87E /* Resources */ = {
			isa = PBXResourcesBuildPhase;
			buildActionMask = 2147483647;
			files = (
				8B74E1D319F9ED9700B5E87E /* LaunchScreen.xib in Resources */,
				8B74E1D019F9ED9700B5E87E /* Images.xcassets in Resources */,
				8B74E1C719F9ED9700B5E87E /* GameScene.sks in Resources */,
				8B22E1ED19FD34BA0006E39C /* README.txt in Resources */,
				8B22E1EF19FD34BA0006E39C /* README.txt in Resources */,
				8B74E1CE19F9ED9700B5E87E /* Main.storyboard in Resources */,
			);
			runOnlyForDeploymentPostprocessing = 0;
		};
		8B74E1D619F9ED9700B5E87E /* Resources */ = {
			isa = PBXResourcesBuildPhase;
			buildActionMask = 2147483647;
			files = (
			);
			runOnlyForDeploymentPostprocessing = 0;
		};
/* End PBXResourcesBuildPhase section */

/* Begin PBXSourcesBuildPhase section */
		8B74E1BB19F9ED9600B5E87E /* Sources */ = {
			isa = PBXSourcesBuildPhase;
			buildActionMask = 2147483647;
			files = (
				8B74E1C919F9ED9700B5E87E /* GameScene.swift in Sources */,
				8B74E1FC19F9EE6900B5E87E /* GameManager.swift in Sources */,
				8B15FECA1A0D12B900A8C998 /* SimpleSearchTree.swift in Sources */,
				8B22E27019FE7A110006E39C /* GreedyPlayer.swift in Sources */,
				8B22E27719FFE1080006E39C /* ClassicalEvaluator.swift in Sources */,
				8B50B0D41A3D78EC0057C14A /* SimpleEvaluator.swift in Sources */,
				8B22E2811A0280C30006E39C /* BoardBuilder.swift in Sources */,
				8B74E20419F9EE6900B5E87E /* RandomComputerPlayer.swift in Sources */,
				8B22E1C219FC80C50006E39C /* Queue.swift in Sources */,
				8B2517A21A13B03800B700F3 /* SimpleSearchStaticEvaluationPlayer.swift in Sources */,
				8B22E27519FFE0890006E39C /* Evaluator.swift in Sources */,
				8B60ED2E1A3B0C4C0062AACC /* TranspositionedAlphaBetaSearchWithEvaluationPlayer.swift in Sources */,
				8B50B0CE1A3D3EDC0057C14A /* TreeSearchWithPerturbationPlayer.swift in Sources */,
				8B60ED2C1A3B058D0062AACC /* TranspositionedAlphaBetaSearch.swift in Sources */,
				8B2517A41A164E9500B700F3 /* Utils.swift in Sources */,
				8B22E1C019FC75100006E39C /* Zones.swift in Sources */,
				8B07152B1A46AD7D0089C25B /* NegaAlphaSearch.swift in Sources */,
				8B74E1FD19F9EE6900B5E87E /* GameSettings.swift in Sources */,
				8B714E1A1A4FAF87001C2D89 /* AppearanceSelectionViewController.swift in Sources */,
				8B74E20019F9EE6900B5E87E /* HumanUserInput.swift in Sources */,
				8B50B0D61A3D79690057C14A /* TranspositionAlphaBetaSimplePlayer.swift in Sources */,
				8B22E2791A011C550006E39C /* ProofSolver.swift in Sources */,
				8B74E20219F9EE6900B5E87E /* Player.swift in Sources */,
				8B74E1F919F9EE6900B5E87E /* BoardRepresentation.swift in Sources */,
				8B1F94421A2306D1001F42D7 /* SimpleBitBoard.swift in Sources */,
				8B1683861A404AB600C64E93 /* FasterBitBoard.swift in Sources */,
				8B22E27B1A011CD20006E39C /* SimpleProofSolver.swift in Sources */,
				8B2D2E7B1A1B719F00658B0B /* ArrayBoard.swift in Sources */,
				8B15FEB01A0BBB4E00A8C998 /* RandomPlayerWithPNS.swift in Sources */,
				8B74E1CB19F9ED9700B5E87E /* GameViewController.swift in Sources */,
				8B22E27319FE7A450006E39C /* ComputerPlayer.swift in Sources */,
				8B4E167E1A03BB4000BE87E2 /* GameViewScene.swift in Sources */,
				8B74E1F819F9EE6900B5E87E /* BoardMediator.swift in Sources */,
				8B74E1F719F9EE6900B5E87E /* Board.swift in Sources */,
				8B74E20119F9EE6900B5E87E /* Locking.swift in Sources */,
				8B74E1FE19F9EE6900B5E87E /* GameViewModel.swift in Sources */,
				8B50B0D21A3D48C80057C14A /* SwingPlayer.swift in Sources */,
				8B74E1C519F9ED9700B5E87E /* AppDelegate.swift in Sources */,
				8B22E27D1A0278730006E39C /* Stack.swift in Sources */,
				8B60ED2A1A3AF9F60062AACC /* Search.swift in Sources */,
				8B0715321A4B00440089C25B /* intrinsics.c in Sources */,
				8B74E1FF19F9EE6900B5E87E /* HumanPlayer.swift in Sources */,
				8B52D3D71A61849C0051F7D2 /* Appearance.swift in Sources */,
				8B22E1BC19FBAE400006E39C /* LevelController.swift in Sources */,
				8B74E20319F9EE6900B5E87E /* PlayerMediator.swift in Sources */,
				8B22E1BA19FAAC0C0006E39C /* LevelSelectionViewController.swift in Sources */,
				8B07152F1A49B0230089C25B /* SearchEvalPlayer.swift in Sources */,
				8B50B0D01A3D41480057C14A /* LeftyPlayer.swift in Sources */,
				8B22E1BE19FC073B0006E39C /* RandomPlayerWithEvaluation.swift in Sources */,
				8B74E20519F9EE6900B5E87E /* SettingsViewContoller.swift in Sources */,
				8BF2C4AB1A4D860000F22AB4 /* AppearanceManager.swift in Sources */,
			);
			runOnlyForDeploymentPostprocessing = 0;
		};
		8B74E1D419F9ED9700B5E87E /* Sources */ = {
			isa = PBXSourcesBuildPhase;
			buildActionMask = 2147483647;
			files = (
				8B74E1DF19F9ED9700B5E87E /* FlatReversiTests.swift in Sources */,
				8B4E16821A03BC3100BE87E2 /* Stack.swift in Sources */,
				8B4E16801A03BC1700BE87E2 /* Evaluator.swift in Sources */,
				8B4E167A1A03B8CF00BE87E2 /* ProofSolver.swift in Sources */,
				8B4E16831A03BC6400BE87E2 /* BoardBuilder.swift in Sources */,
				8B4E16811A03BC3100BE87E2 /* Queue.swift in Sources */,
				8B4E167F1A03BBE300BE87E2 /* Board.swift in Sources */,
				8B4E167C1A03B8E300BE87E2 /* BoardMediator.swift in Sources */,
				8B4E16791A03B8B900BE87E2 /* SimpleProofSolver.swift in Sources */,
				8B4E167B1A03B8DA00BE87E2 /* BoardRepresentation.swift in Sources */,
			);
			runOnlyForDeploymentPostprocessing = 0;
		};
/* End PBXSourcesBuildPhase section */

/* Begin PBXTargetDependency section */
		8B74E1DA19F9ED9700B5E87E /* PBXTargetDependency */ = {
			isa = PBXTargetDependency;
			target = 8B74E1BE19F9ED9600B5E87E /* FlatReversi */;
			targetProxy = 8B74E1D919F9ED9700B5E87E /* PBXContainerItemProxy */;
		};
/* End PBXTargetDependency section */

/* Begin PBXVariantGroup section */
		8B74E1CC19F9ED9700B5E87E /* Main.storyboard */ = {
			isa = PBXVariantGroup;
			children = (
				8B74E1CD19F9ED9700B5E87E /* Base */,
			);
			name = Main.storyboard;
			sourceTree = "<group>";
		};
		8B74E1D119F9ED9700B5E87E /* LaunchScreen.xib */ = {
			isa = PBXVariantGroup;
			children = (
				8B74E1D219F9ED9700B5E87E /* Base */,
			);
			name = LaunchScreen.xib;
			sourceTree = "<group>";
		};
/* End PBXVariantGroup section */

/* Begin XCBuildConfiguration section */
		8B74E1E019F9ED9700B5E87E /* Debug */ = {
			isa = XCBuildConfiguration;
			buildSettings = {
				ALWAYS_SEARCH_USER_PATHS = NO;
				CLANG_CXX_LANGUAGE_STANDARD = "gnu++0x";
				CLANG_CXX_LIBRARY = "libc++";
				CLANG_ENABLE_MODULES = YES;
				CLANG_ENABLE_OBJC_ARC = YES;
				CLANG_WARN_BOOL_CONVERSION = YES;
				CLANG_WARN_CONSTANT_CONVERSION = YES;
				CLANG_WARN_DIRECT_OBJC_ISA_USAGE = YES_ERROR;
				CLANG_WARN_EMPTY_BODY = YES;
				CLANG_WARN_ENUM_CONVERSION = YES;
				CLANG_WARN_INT_CONVERSION = YES;
				CLANG_WARN_OBJC_ROOT_CLASS = YES_ERROR;
				CLANG_WARN_UNREACHABLE_CODE = YES;
				CLANG_WARN__DUPLICATE_METHOD_MATCH = YES;
				"CODE_SIGN_IDENTITY[sdk=iphoneos*]" = "iPhone Developer";
				COPY_PHASE_STRIP = NO;
				ENABLE_STRICT_OBJC_MSGSEND = YES;
				GCC_C_LANGUAGE_STANDARD = gnu99;
				GCC_DYNAMIC_NO_PIC = NO;
				GCC_OPTIMIZATION_LEVEL = 0;
				GCC_PREPROCESSOR_DEFINITIONS = (
					"DEBUG=1",
					"$(inherited)",
				);
				GCC_SYMBOLS_PRIVATE_EXTERN = NO;
				GCC_WARN_64_TO_32_BIT_CONVERSION = YES;
				GCC_WARN_ABOUT_RETURN_TYPE = YES_ERROR;
				GCC_WARN_UNDECLARED_SELECTOR = YES;
				GCC_WARN_UNINITIALIZED_AUTOS = YES_AGGRESSIVE;
				GCC_WARN_UNUSED_FUNCTION = YES;
				GCC_WARN_UNUSED_VARIABLE = YES;
				IPHONEOS_DEPLOYMENT_TARGET = 8.1;
				MTL_ENABLE_DEBUG_INFO = YES;
				ONLY_ACTIVE_ARCH = YES;
				SDKROOT = iphoneos;
				SWIFT_OPTIMIZATION_LEVEL = "-Onone";
			};
			name = Debug;
		};
		8B74E1E119F9ED9700B5E87E /* Release */ = {
			isa = XCBuildConfiguration;
			buildSettings = {
				ALWAYS_SEARCH_USER_PATHS = NO;
				CLANG_CXX_LANGUAGE_STANDARD = "gnu++0x";
				CLANG_CXX_LIBRARY = "libc++";
				CLANG_ENABLE_MODULES = YES;
				CLANG_ENABLE_OBJC_ARC = YES;
				CLANG_WARN_BOOL_CONVERSION = YES;
				CLANG_WARN_CONSTANT_CONVERSION = YES;
				CLANG_WARN_DIRECT_OBJC_ISA_USAGE = YES_ERROR;
				CLANG_WARN_EMPTY_BODY = YES;
				CLANG_WARN_ENUM_CONVERSION = YES;
				CLANG_WARN_INT_CONVERSION = YES;
				CLANG_WARN_OBJC_ROOT_CLASS = YES_ERROR;
				CLANG_WARN_UNREACHABLE_CODE = YES;
				CLANG_WARN__DUPLICATE_METHOD_MATCH = YES;
				"CODE_SIGN_IDENTITY[sdk=iphoneos*]" = "iPhone Developer";
				COPY_PHASE_STRIP = YES;
				ENABLE_NS_ASSERTIONS = NO;
				ENABLE_STRICT_OBJC_MSGSEND = YES;
				GCC_C_LANGUAGE_STANDARD = gnu99;
				GCC_WARN_64_TO_32_BIT_CONVERSION = YES;
				GCC_WARN_ABOUT_RETURN_TYPE = YES_ERROR;
				GCC_WARN_UNDECLARED_SELECTOR = YES;
				GCC_WARN_UNINITIALIZED_AUTOS = YES_AGGRESSIVE;
				GCC_WARN_UNUSED_FUNCTION = YES;
				GCC_WARN_UNUSED_VARIABLE = YES;
				IPHONEOS_DEPLOYMENT_TARGET = 8.1;
				MTL_ENABLE_DEBUG_INFO = NO;
				SDKROOT = iphoneos;
				VALIDATE_PRODUCT = YES;
			};
			name = Release;
		};
		8B74E1E319F9ED9700B5E87E /* Debug */ = {
			isa = XCBuildConfiguration;
			buildSettings = {
				ASSETCATALOG_COMPILER_APPICON_NAME = AppIcon;
				CLANG_USE_OPTIMIZATION_PROFILE = NO;
				CODE_SIGN_IDENTITY = "iPhone Developer";
				"CODE_SIGN_IDENTITY[sdk=iphoneos*]" = "iPhone Developer";
				GCC_DYNAMIC_NO_PIC = YES;
				GCC_FAST_MATH = YES;
				GCC_UNROLL_LOOPS = YES;
				INFOPLIST_FILE = FlatReversi/Info.plist;
				LD_RUNPATH_SEARCH_PATHS = "$(inherited) @executable_path/Frameworks";
				LIBRARY_SEARCH_PATHS = (
					"$(inherited)",
					"$(PROJECT_DIR)/FlatReversi/Ad/Admob",
					"$(PROJECT_DIR)/FlatReversi/Ad/iAd",
					"$(PROJECT_DIR)/FlatReversi/Ad/Nend",
					"$(PROJECT_DIR)/FlatReversi/Ad/Nend/Nend/NendAd",
				);
				LLVM_LTO = YES;
				OTHER_LDFLAGS = "-ObjC";
				PRODUCT_NAME = "$(TARGET_NAME)";
				PROVISIONING_PROFILE = "";
				SWIFT_OBJC_BRIDGING_HEADER = "$(SRCROOT)/$(PROJECT)/Swift_Bridging_Header.h";
				TARGETED_DEVICE_FAMILY = 1;
			};
			name = Debug;
		};
		8B74E1E419F9ED9700B5E87E /* Release */ = {
			isa = XCBuildConfiguration;
			buildSettings = {
				ASSETCATALOG_COMPILER_APPICON_NAME = AppIcon;
				CLANG_USE_OPTIMIZATION_PROFILE = NO;
				CODE_SIGN_IDENTITY = "iPhone Developer";
				"CODE_SIGN_IDENTITY[sdk=iphoneos*]" = "iPhone Developer";
				GCC_DYNAMIC_NO_PIC = YES;
				GCC_FAST_MATH = YES;
				GCC_OPTIMIZATION_LEVEL = fast;
				GCC_UNROLL_LOOPS = YES;
				INFOPLIST_FILE = FlatReversi/Info.plist;
				LD_RUNPATH_SEARCH_PATHS = "$(inherited) @executable_path/Frameworks";
				LIBRARY_SEARCH_PATHS = (
					"$(inherited)",
					"$(PROJECT_DIR)/FlatReversi/Ad/Admob",
					"$(PROJECT_DIR)/FlatReversi/Ad/iAd",
					"$(PROJECT_DIR)/FlatReversi/Ad/Nend",
					"$(PROJECT_DIR)/FlatReversi/Ad/Nend/Nend/NendAd",
				);
				LLVM_LTO = YES;
				OTHER_LDFLAGS = "-ObjC";
				PRODUCT_NAME = "$(TARGET_NAME)";
				PROVISIONING_PROFILE = "";
				SWIFT_OBJC_BRIDGING_HEADER = "$(SRCROOT)/$(PROJECT)/Swift_Bridging_Header.h";
				SWIFT_OPTIMIZATION_LEVEL = "-Ounchecked";
				TARGETED_DEVICE_FAMILY = 1;
			};
			name = Release;
		};
		8B74E1E619F9ED9700B5E87E /* Debug */ = {
			isa = XCBuildConfiguration;
			buildSettings = {
				BUNDLE_LOADER = "$(TEST_HOST)";
				FRAMEWORK_SEARCH_PATHS = (
					"$(SDKROOT)/Developer/Library/Frameworks",
					"$(inherited)",
				);
				GCC_PREPROCESSOR_DEFINITIONS = (
					"DEBUG=1",
					"$(inherited)",
				);
				INFOPLIST_FILE = FlatReversiTests/Info.plist;
				LD_RUNPATH_SEARCH_PATHS = "$(inherited) @executable_path/Frameworks @loader_path/Frameworks";
				PRODUCT_NAME = "$(TARGET_NAME)";
				TEST_HOST = "$(BUILT_PRODUCTS_DIR)/FlatReversi.app/FlatReversi";
			};
			name = Debug;
		};
		8B74E1E719F9ED9700B5E87E /* Release */ = {
			isa = XCBuildConfiguration;
			buildSettings = {
				BUNDLE_LOADER = "$(TEST_HOST)";
				FRAMEWORK_SEARCH_PATHS = (
					"$(SDKROOT)/Developer/Library/Frameworks",
					"$(inherited)",
				);
				INFOPLIST_FILE = FlatReversiTests/Info.plist;
				LD_RUNPATH_SEARCH_PATHS = "$(inherited) @executable_path/Frameworks @loader_path/Frameworks";
				PRODUCT_NAME = "$(TARGET_NAME)";
				TEST_HOST = "$(BUILT_PRODUCTS_DIR)/FlatReversi.app/FlatReversi";
			};
			name = Release;
		};
/* End XCBuildConfiguration section */

/* Begin XCConfigurationList section */
		8B74E1BA19F9ED9600B5E87E /* Build configuration list for PBXProject "FlatReversi" */ = {
			isa = XCConfigurationList;
			buildConfigurations = (
				8B74E1E019F9ED9700B5E87E /* Debug */,
				8B74E1E119F9ED9700B5E87E /* Release */,
			);
			defaultConfigurationIsVisible = 0;
			defaultConfigurationName = Release;
		};
		8B74E1E219F9ED9700B5E87E /* Build configuration list for PBXNativeTarget "FlatReversi" */ = {
			isa = XCConfigurationList;
			buildConfigurations = (
				8B74E1E319F9ED9700B5E87E /* Debug */,
				8B74E1E419F9ED9700B5E87E /* Release */,
			);
			defaultConfigurationIsVisible = 0;
			defaultConfigurationName = Release;
		};
		8B74E1E519F9ED9700B5E87E /* Build configuration list for PBXNativeTarget "FlatReversiTests" */ = {
			isa = XCConfigurationList;
			buildConfigurations = (
				8B74E1E619F9ED9700B5E87E /* Debug */,
				8B74E1E719F9ED9700B5E87E /* Release */,
			);
			defaultConfigurationIsVisible = 0;
			defaultConfigurationName = Release;
		};
/* End XCConfigurationList section */
	};
	rootObject = 8B74E1B719F9ED9600B5E87E /* Project object */;
}
