// !$*UTF8*$!
{
	archiveVersion = 1;
	classes = {
	};
	objectVersion = 46;
	objects = {

/* Begin PBXBuildFile section */
		5C61B2DF36492428104A769A /* libPods-FlatReversi.a in Frameworks */ = {isa = PBXBuildFile; fileRef = 994B1AF6CE28DA8AE6F88843 /* libPods-FlatReversi.a */; };
		8B07152F1A49B0230089C25B /* SearchEvalPlayer.swift in Sources */ = {isa = PBXBuildFile; fileRef = 8B07152E1A49B0230089C25B /* SearchEvalPlayer.swift */; };
		8B0715321A4B00440089C25B /* intrinsics.c in Sources */ = {isa = PBXBuildFile; fileRef = 8B0715301A4B00430089C25B /* intrinsics.c */; };
		8B15FEB01A0BBB4E00A8C998 /* RandomPlayerWithPNS.swift in Sources */ = {isa = PBXBuildFile; fileRef = 8B15FEAF1A0BBB4E00A8C998 /* RandomPlayerWithPNS.swift */; };
		8B22E1BA19FAAC0C0006E39C /* LevelSelectionViewController.swift in Sources */ = {isa = PBXBuildFile; fileRef = 8B22E1B919FAAC0C0006E39C /* LevelSelectionViewController.swift */; };
		8B22E1BC19FBAE400006E39C /* LevelController.swift in Sources */ = {isa = PBXBuildFile; fileRef = 8B22E1BB19FBAE400006E39C /* LevelController.swift */; };
		8B22E1BE19FC073B0006E39C /* RandomPlayerWithEvaluation.swift in Sources */ = {isa = PBXBuildFile; fileRef = 8B22E1BD19FC073B0006E39C /* RandomPlayerWithEvaluation.swift */; };
		8B22E1C219FC80C50006E39C /* Queue.swift in Sources */ = {isa = PBXBuildFile; fileRef = 8B22E1C119FC80C50006E39C /* Queue.swift */; };
		8B22E1F519FD35BC0006E39C /* AudioToolbox.framework in Frameworks */ = {isa = PBXBuildFile; fileRef = 8B22E1F419FD35BC0006E39C /* AudioToolbox.framework */; };
		8B22E1F719FD35C30006E39C /* AVFoundation.framework in Frameworks */ = {isa = PBXBuildFile; fileRef = 8B22E1F619FD35C30006E39C /* AVFoundation.framework */; };
		8B22E1F919FD35CC0006E39C /* CoreGraphics.framework in Frameworks */ = {isa = PBXBuildFile; fileRef = 8B22E1F819FD35CC0006E39C /* CoreGraphics.framework */; };
		8B22E1FB19FD35D20006E39C /* CoreTelephony.framework in Frameworks */ = {isa = PBXBuildFile; fileRef = 8B22E1FA19FD35D20006E39C /* CoreTelephony.framework */; };
		8B22E1FD19FD35DA0006E39C /* EventKit.framework in Frameworks */ = {isa = PBXBuildFile; fileRef = 8B22E1FC19FD35DA0006E39C /* EventKit.framework */; };
		8B22E1FF19FD35E00006E39C /* EventKitUI.framework in Frameworks */ = {isa = PBXBuildFile; fileRef = 8B22E1FE19FD35E00006E39C /* EventKitUI.framework */; };
		8B22E20119FD35E60006E39C /* MessageUI.framework in Frameworks */ = {isa = PBXBuildFile; fileRef = 8B22E20019FD35E60006E39C /* MessageUI.framework */; };
		8B22E20319FD35ED0006E39C /* StoreKit.framework in Frameworks */ = {isa = PBXBuildFile; fileRef = 8B22E20219FD35ED0006E39C /* StoreKit.framework */; };
		8B22E20519FD35F30006E39C /* SystemConfiguration.framework in Frameworks */ = {isa = PBXBuildFile; fileRef = 8B22E20419FD35F30006E39C /* SystemConfiguration.framework */; };
		8B22E26E19FD3A0A0006E39C /* Security.framework in Frameworks */ = {isa = PBXBuildFile; fileRef = 8B22E26D19FD3A090006E39C /* Security.framework */; };
		8B22E27019FE7A110006E39C /* GreedyPlayer.swift in Sources */ = {isa = PBXBuildFile; fileRef = 8B22E26F19FE7A110006E39C /* GreedyPlayer.swift */; };
		8B22E27319FE7A450006E39C /* ComputerPlayer.swift in Sources */ = {isa = PBXBuildFile; fileRef = 8B22E27219FE7A450006E39C /* ComputerPlayer.swift */; };
		8B2517A21A13B03800B700F3 /* SimpleSearchStaticEvaluationPlayer.swift in Sources */ = {isa = PBXBuildFile; fileRef = 8B2517A11A13B03800B700F3 /* SimpleSearchStaticEvaluationPlayer.swift */; };
		8B4E167E1A03BB4000BE87E2 /* GameViewScene.swift in Sources */ = {isa = PBXBuildFile; fileRef = 8B4E167D1A03BB4000BE87E2 /* GameViewScene.swift */; };
		8B4E16811A03BC3100BE87E2 /* Queue.swift in Sources */ = {isa = PBXBuildFile; fileRef = 8B22E1C119FC80C50006E39C /* Queue.swift */; };
		8B50B0CE1A3D3EDC0057C14A /* TreeSearchWithPerturbationPlayer.swift in Sources */ = {isa = PBXBuildFile; fileRef = 8B50B0CD1A3D3EDC0057C14A /* TreeSearchWithPerturbationPlayer.swift */; };
		8B50B0D01A3D41480057C14A /* LeftyPlayer.swift in Sources */ = {isa = PBXBuildFile; fileRef = 8B50B0CF1A3D41480057C14A /* LeftyPlayer.swift */; };
		8B50B0D21A3D48C80057C14A /* SwingPlayer.swift in Sources */ = {isa = PBXBuildFile; fileRef = 8B50B0D11A3D48C80057C14A /* SwingPlayer.swift */; };
		8B52D3D71A61849C0051F7D2 /* Appearance.swift in Sources */ = {isa = PBXBuildFile; fileRef = 8B52D3D61A61849C0051F7D2 /* Appearance.swift */; };
		8B714E1A1A4FAF87001C2D89 /* AppearanceSelectionViewController.swift in Sources */ = {isa = PBXBuildFile; fileRef = 8B714E191A4FAF86001C2D89 /* AppearanceSelectionViewController.swift */; };
		8B74E1C519F9ED9700B5E87E /* AppDelegate.swift in Sources */ = {isa = PBXBuildFile; fileRef = 8B74E1C419F9ED9700B5E87E /* AppDelegate.swift */; };
		8B74E1C719F9ED9700B5E87E /* GameScene.sks in Resources */ = {isa = PBXBuildFile; fileRef = 8B74E1C619F9ED9700B5E87E /* GameScene.sks */; };
		8B74E1C919F9ED9700B5E87E /* GameScene.swift in Sources */ = {isa = PBXBuildFile; fileRef = 8B74E1C819F9ED9700B5E87E /* GameScene.swift */; };
		8B74E1CB19F9ED9700B5E87E /* GameViewController.swift in Sources */ = {isa = PBXBuildFile; fileRef = 8B74E1CA19F9ED9700B5E87E /* GameViewController.swift */; };
		8B74E1CE19F9ED9700B5E87E /* Main.storyboard in Resources */ = {isa = PBXBuildFile; fileRef = 8B74E1CC19F9ED9700B5E87E /* Main.storyboard */; };
		8B74E1D019F9ED9700B5E87E /* Images.xcassets in Resources */ = {isa = PBXBuildFile; fileRef = 8B74E1CF19F9ED9700B5E87E /* Images.xcassets */; };
		8B74E1D319F9ED9700B5E87E /* LaunchScreen.xib in Resources */ = {isa = PBXBuildFile; fileRef = 8B74E1D119F9ED9700B5E87E /* LaunchScreen.xib */; };
		8B74E1DF19F9ED9700B5E87E /* FlatReversiTests.swift in Sources */ = {isa = PBXBuildFile; fileRef = 8B74E1DE19F9ED9700B5E87E /* FlatReversiTests.swift */; };
		8B74E1FC19F9EE6900B5E87E /* GameManager.swift in Sources */ = {isa = PBXBuildFile; fileRef = 8B74E1ED19F9EE6900B5E87E /* GameManager.swift */; };
		8B74E1FD19F9EE6900B5E87E /* GameSettings.swift in Sources */ = {isa = PBXBuildFile; fileRef = 8B74E1EE19F9EE6900B5E87E /* GameSettings.swift */; };
		8B74E1FE19F9EE6900B5E87E /* GameViewModel.swift in Sources */ = {isa = PBXBuildFile; fileRef = 8B74E1EF19F9EE6900B5E87E /* GameViewModel.swift */; };
		8B74E1FF19F9EE6900B5E87E /* HumanPlayer.swift in Sources */ = {isa = PBXBuildFile; fileRef = 8B74E1F019F9EE6900B5E87E /* HumanPlayer.swift */; };
		8B74E20019F9EE6900B5E87E /* HumanUserInput.swift in Sources */ = {isa = PBXBuildFile; fileRef = 8B74E1F119F9EE6900B5E87E /* HumanUserInput.swift */; };
		8B74E20119F9EE6900B5E87E /* Locking.swift in Sources */ = {isa = PBXBuildFile; fileRef = 8B74E1F219F9EE6900B5E87E /* Locking.swift */; };
		8B74E20219F9EE6900B5E87E /* Player.swift in Sources */ = {isa = PBXBuildFile; fileRef = 8B74E1F319F9EE6900B5E87E /* Player.swift */; };
		8B74E20319F9EE6900B5E87E /* PlayerMediator.swift in Sources */ = {isa = PBXBuildFile; fileRef = 8B74E1F419F9EE6900B5E87E /* PlayerMediator.swift */; };
		8B74E20519F9EE6900B5E87E /* SettingsViewContoller.swift in Sources */ = {isa = PBXBuildFile; fileRef = 8B74E1F619F9EE6900B5E87E /* SettingsViewContoller.swift */; };
		8BA555371DCAE90600EC3CCA /* Graphene.framework in Frameworks */ = {isa = PBXBuildFile; fileRef = 8B54AB301DC62ED1006A222F /* Graphene.framework */; };
		8BA555381DCAE90600EC3CCA /* Graphene.framework in Embed Frameworks */ = {isa = PBXBuildFile; fileRef = 8B54AB301DC62ED1006A222F /* Graphene.framework */; settings = {ATTRIBUTES = (CodeSignOnCopy, RemoveHeadersOnCopy, ); }; };
		8BF2C4AB1A4D860000F22AB4 /* AppearanceManager.swift in Sources */ = {isa = PBXBuildFile; fileRef = 8BF2C4AA1A4D860000F22AB4 /* AppearanceManager.swift */; };
		8BF717FD1D901CD400D46ED8 /* GoogleMobileAds.framework in Frameworks */ = {isa = PBXBuildFile; fileRef = 8BF717FC1D901CD400D46ED8 /* GoogleMobileAds.framework */; };
		8BF718301D90278F00D46ED8 /* FlatReversiTests.swift in Sources */ = {isa = PBXBuildFile; fileRef = 8B74E1DE19F9ED9700B5E87E /* FlatReversiTests.swift */; };
/* End PBXBuildFile section */

/* Begin PBXContainerItemProxy section */
		8B74E1D919F9ED9700B5E87E /* PBXContainerItemProxy */ = {
			isa = PBXContainerItemProxy;
			containerPortal = 8B74E1B719F9ED9600B5E87E /* Project object */;
			proxyType = 1;
			remoteGlobalIDString = 8B74E1BE19F9ED9600B5E87E;
			remoteInfo = FlatReversi;
		};
/* End PBXContainerItemProxy section */

/* Begin PBXCopyFilesBuildPhase section */
		8BA555391DCAE90700EC3CCA /* Embed Frameworks */ = {
			isa = PBXCopyFilesBuildPhase;
			buildActionMask = 2147483647;
			dstPath = "";
			dstSubfolderSpec = 10;
			files = (
				8BA555381DCAE90600EC3CCA /* Graphene.framework in Embed Frameworks */,
			);
			name = "Embed Frameworks";
			runOnlyForDeploymentPostprocessing = 0;
		};
/* End PBXCopyFilesBuildPhase section */

/* Begin PBXFileReference section */
		8B07152E1A49B0230089C25B /* SearchEvalPlayer.swift */ = {isa = PBXFileReference; fileEncoding = 4; lastKnownFileType = sourcecode.swift; path = SearchEvalPlayer.swift; sourceTree = "<group>"; };
		8B0715301A4B00430089C25B /* intrinsics.c */ = {isa = PBXFileReference; fileEncoding = 4; lastKnownFileType = sourcecode.c.c; path = intrinsics.c; sourceTree = "<group>"; };
		8B0715311A4B00430089C25B /* intrinsics.h */ = {isa = PBXFileReference; fileEncoding = 4; lastKnownFileType = sourcecode.c.h; path = intrinsics.h; sourceTree = "<group>"; };
		8B15FEAF1A0BBB4E00A8C998 /* RandomPlayerWithPNS.swift */ = {isa = PBXFileReference; fileEncoding = 4; lastKnownFileType = sourcecode.swift; path = RandomPlayerWithPNS.swift; sourceTree = "<group>"; };
		8B22E1B919FAAC0C0006E39C /* LevelSelectionViewController.swift */ = {isa = PBXFileReference; fileEncoding = 4; lastKnownFileType = sourcecode.swift; path = LevelSelectionViewController.swift; sourceTree = "<group>"; };
		8B22E1BB19FBAE400006E39C /* LevelController.swift */ = {isa = PBXFileReference; fileEncoding = 4; lastKnownFileType = sourcecode.swift; path = LevelController.swift; sourceTree = "<group>"; };
		8B22E1BD19FC073B0006E39C /* RandomPlayerWithEvaluation.swift */ = {isa = PBXFileReference; fileEncoding = 4; lastKnownFileType = sourcecode.swift; path = RandomPlayerWithEvaluation.swift; sourceTree = "<group>"; };
		8B22E1C119FC80C50006E39C /* Queue.swift */ = {isa = PBXFileReference; fileEncoding = 4; lastKnownFileType = sourcecode.swift; path = Queue.swift; sourceTree = "<group>"; };
		8B22E1F419FD35BC0006E39C /* AudioToolbox.framework */ = {isa = PBXFileReference; lastKnownFileType = wrapper.framework; name = AudioToolbox.framework; path = System/Library/Frameworks/AudioToolbox.framework; sourceTree = SDKROOT; };
		8B22E1F619FD35C30006E39C /* AVFoundation.framework */ = {isa = PBXFileReference; lastKnownFileType = wrapper.framework; name = AVFoundation.framework; path = System/Library/Frameworks/AVFoundation.framework; sourceTree = SDKROOT; };
		8B22E1F819FD35CC0006E39C /* CoreGraphics.framework */ = {isa = PBXFileReference; lastKnownFileType = wrapper.framework; name = CoreGraphics.framework; path = System/Library/Frameworks/CoreGraphics.framework; sourceTree = SDKROOT; };
		8B22E1FA19FD35D20006E39C /* CoreTelephony.framework */ = {isa = PBXFileReference; lastKnownFileType = wrapper.framework; name = CoreTelephony.framework; path = System/Library/Frameworks/CoreTelephony.framework; sourceTree = SDKROOT; };
		8B22E1FC19FD35DA0006E39C /* EventKit.framework */ = {isa = PBXFileReference; lastKnownFileType = wrapper.framework; name = EventKit.framework; path = System/Library/Frameworks/EventKit.framework; sourceTree = SDKROOT; };
		8B22E1FE19FD35E00006E39C /* EventKitUI.framework */ = {isa = PBXFileReference; lastKnownFileType = wrapper.framework; name = EventKitUI.framework; path = System/Library/Frameworks/EventKitUI.framework; sourceTree = SDKROOT; };
		8B22E20019FD35E60006E39C /* MessageUI.framework */ = {isa = PBXFileReference; lastKnownFileType = wrapper.framework; name = MessageUI.framework; path = System/Library/Frameworks/MessageUI.framework; sourceTree = SDKROOT; };
		8B22E20219FD35ED0006E39C /* StoreKit.framework */ = {isa = PBXFileReference; lastKnownFileType = wrapper.framework; name = StoreKit.framework; path = System/Library/Frameworks/StoreKit.framework; sourceTree = SDKROOT; };
		8B22E20419FD35F30006E39C /* SystemConfiguration.framework */ = {isa = PBXFileReference; lastKnownFileType = wrapper.framework; name = SystemConfiguration.framework; path = System/Library/Frameworks/SystemConfiguration.framework; sourceTree = SDKROOT; };
		8B22E20619FD37930006E39C /* Swift_Bridging_Header.h */ = {isa = PBXFileReference; lastKnownFileType = sourcecode.c.h; path = Swift_Bridging_Header.h; sourceTree = "<group>"; };
		8B22E26D19FD3A090006E39C /* Security.framework */ = {isa = PBXFileReference; lastKnownFileType = wrapper.framework; name = Security.framework; path = System/Library/Frameworks/Security.framework; sourceTree = SDKROOT; };
		8B22E26F19FE7A110006E39C /* GreedyPlayer.swift */ = {isa = PBXFileReference; fileEncoding = 4; lastKnownFileType = sourcecode.swift; path = GreedyPlayer.swift; sourceTree = "<group>"; };
		8B22E27219FE7A450006E39C /* ComputerPlayer.swift */ = {isa = PBXFileReference; fileEncoding = 4; lastKnownFileType = sourcecode.swift; path = ComputerPlayer.swift; sourceTree = "<group>"; };
		8B2517A11A13B03800B700F3 /* SimpleSearchStaticEvaluationPlayer.swift */ = {isa = PBXFileReference; fileEncoding = 4; lastKnownFileType = sourcecode.swift; path = SimpleSearchStaticEvaluationPlayer.swift; sourceTree = "<group>"; };
		8B39A2091DA294FB0000A8DA /* Graphite.h */ = {isa = PBXFileReference; lastKnownFileType = sourcecode.c.h; path = Graphite.h; sourceTree = "<group>"; };
		8B39A20A1DA294FB0000A8DA /* Info.plist */ = {isa = PBXFileReference; lastKnownFileType = text.plist.xml; path = Info.plist; sourceTree = "<group>"; };
		8B39A2161DA294FB0000A8DA /* GraphiteTests.swift */ = {isa = PBXFileReference; lastKnownFileType = sourcecode.swift; path = GraphiteTests.swift; sourceTree = "<group>"; };
		8B39A2181DA294FB0000A8DA /* Info.plist */ = {isa = PBXFileReference; lastKnownFileType = text.plist.xml; path = Info.plist; sourceTree = "<group>"; };
		8B39A2261DA2958D0000A8DA /* Board.swift */ = {isa = PBXFileReference; fileEncoding = 4; lastKnownFileType = sourcecode.swift; path = Board.swift; sourceTree = "<group>"; };
		8B39A2271DA2958D0000A8DA /* BoardBuilder.swift */ = {isa = PBXFileReference; fileEncoding = 4; lastKnownFileType = sourcecode.swift; path = BoardBuilder.swift; sourceTree = "<group>"; };
		8B39A2281DA2958D0000A8DA /* BoardMediator.swift */ = {isa = PBXFileReference; fileEncoding = 4; lastKnownFileType = sourcecode.swift; path = BoardMediator.swift; sourceTree = "<group>"; };
		8B39A2291DA2958D0000A8DA /* BoardRepresentation.swift */ = {isa = PBXFileReference; fileEncoding = 4; lastKnownFileType = sourcecode.swift; path = BoardRepresentation.swift; sourceTree = "<group>"; };
		8B39A22A1DA2958D0000A8DA /* FasterBitBoard.swift */ = {isa = PBXFileReference; fileEncoding = 4; lastKnownFileType = sourcecode.swift; path = FasterBitBoard.swift; sourceTree = "<group>"; };
		8B39A22B1DA2958D0000A8DA /* SimpleBitBoard.swift */ = {isa = PBXFileReference; fileEncoding = 4; lastKnownFileType = sourcecode.swift; path = SimpleBitBoard.swift; sourceTree = "<group>"; };
		8B39A22C1DA2958D0000A8DA /* Zones.swift */ = {isa = PBXFileReference; fileEncoding = 4; lastKnownFileType = sourcecode.swift; path = Zones.swift; sourceTree = "<group>"; };
		8B39A22E1DA2958D0000A8DA /* ClassicalEvaluator.swift */ = {isa = PBXFileReference; fileEncoding = 4; lastKnownFileType = sourcecode.swift; path = ClassicalEvaluator.swift; sourceTree = "<group>"; };
		8B39A22F1DA2958D0000A8DA /* Evaluator.swift */ = {isa = PBXFileReference; fileEncoding = 4; lastKnownFileType = sourcecode.swift; path = Evaluator.swift; sourceTree = "<group>"; };
		8B39A2301DA2958D0000A8DA /* SimpleEvaluator.swift */ = {isa = PBXFileReference; fileEncoding = 4; lastKnownFileType = sourcecode.swift; path = SimpleEvaluator.swift; sourceTree = "<group>"; };
		8B39A2321DA2958D0000A8DA /* Graphite-Bridging-Header.h */ = {isa = PBXFileReference; fileEncoding = 4; lastKnownFileType = sourcecode.c.h; path = "Graphite-Bridging-Header.h"; sourceTree = "<group>"; };
		8B39A2331DA2958D0000A8DA /* intrinsics.c */ = {isa = PBXFileReference; fileEncoding = 4; lastKnownFileType = sourcecode.c.c; path = intrinsics.c; sourceTree = "<group>"; };
		8B39A2341DA2958D0000A8DA /* intrinsics.h */ = {isa = PBXFileReference; fileEncoding = 4; lastKnownFileType = sourcecode.c.h; path = intrinsics.h; sourceTree = "<group>"; };
		8B39A2361DA2958D0000A8DA /* ProofSolver.swift */ = {isa = PBXFileReference; fileEncoding = 4; lastKnownFileType = sourcecode.swift; path = ProofSolver.swift; sourceTree = "<group>"; };
		8B39A2371DA2958D0000A8DA /* SimpleProofSolver.swift */ = {isa = PBXFileReference; fileEncoding = 4; lastKnownFileType = sourcecode.swift; path = SimpleProofSolver.swift; sourceTree = "<group>"; };
		8B39A2391DA2958D0000A8DA /* NegaAlphaSearch.swift */ = {isa = PBXFileReference; fileEncoding = 4; lastKnownFileType = sourcecode.swift; path = NegaAlphaSearch.swift; sourceTree = "<group>"; };
		8B39A23A1DA2958D0000A8DA /* Search.swift */ = {isa = PBXFileReference; fileEncoding = 4; lastKnownFileType = sourcecode.swift; path = Search.swift; sourceTree = "<group>"; };
		8B39A23B1DA2958D0000A8DA /* Swift_Bridging_Header.h */ = {isa = PBXFileReference; fileEncoding = 4; lastKnownFileType = sourcecode.c.h; name = Swift_Bridging_Header.h; path = Graphite/Swift_Bridging_Header.h; sourceTree = "<group>"; };
		8B39A23D1DA2958D0000A8DA /* Stack.swift */ = {isa = PBXFileReference; fileEncoding = 4; lastKnownFileType = sourcecode.swift; path = Stack.swift; sourceTree = "<group>"; };
		8B39A23E1DA2958D0000A8DA /* Utils.swift */ = {isa = PBXFileReference; fileEncoding = 4; lastKnownFileType = sourcecode.swift; path = Utils.swift; sourceTree = "<group>"; };
		8B4E167D1A03BB4000BE87E2 /* GameViewScene.swift */ = {isa = PBXFileReference; fileEncoding = 4; lastKnownFileType = sourcecode.swift; path = GameViewScene.swift; sourceTree = "<group>"; };
		8B50B0CD1A3D3EDC0057C14A /* TreeSearchWithPerturbationPlayer.swift */ = {isa = PBXFileReference; fileEncoding = 4; lastKnownFileType = sourcecode.swift; path = TreeSearchWithPerturbationPlayer.swift; sourceTree = "<group>"; };
		8B50B0CF1A3D41480057C14A /* LeftyPlayer.swift */ = {isa = PBXFileReference; fileEncoding = 4; lastKnownFileType = sourcecode.swift; path = LeftyPlayer.swift; sourceTree = "<group>"; };
		8B50B0D11A3D48C80057C14A /* SwingPlayer.swift */ = {isa = PBXFileReference; fileEncoding = 4; lastKnownFileType = sourcecode.swift; path = SwingPlayer.swift; sourceTree = "<group>"; };
		8B52D3D61A61849C0051F7D2 /* Appearance.swift */ = {isa = PBXFileReference; fileEncoding = 4; lastKnownFileType = sourcecode.swift; path = Appearance.swift; sourceTree = "<group>"; };
		8B54AB301DC62ED1006A222F /* Graphene.framework */ = {isa = PBXFileReference; explicitFileType = wrapper.framework; path = Graphene.framework; sourceTree = BUILT_PRODUCTS_DIR; };
		8B714E191A4FAF86001C2D89 /* AppearanceSelectionViewController.swift */ = {isa = PBXFileReference; fileEncoding = 4; lastKnownFileType = sourcecode.swift; path = AppearanceSelectionViewController.swift; sourceTree = "<group>"; };
		8B74E1BF19F9ED9600B5E87E /* FlatReversi.app */ = {isa = PBXFileReference; explicitFileType = wrapper.application; includeInIndex = 0; path = FlatReversi.app; sourceTree = BUILT_PRODUCTS_DIR; };
		8B74E1C319F9ED9600B5E87E /* Info.plist */ = {isa = PBXFileReference; lastKnownFileType = text.plist.xml; path = Info.plist; sourceTree = "<group>"; };
		8B74E1C419F9ED9700B5E87E /* AppDelegate.swift */ = {isa = PBXFileReference; lastKnownFileType = sourcecode.swift; path = AppDelegate.swift; sourceTree = "<group>"; };
		8B74E1C619F9ED9700B5E87E /* GameScene.sks */ = {isa = PBXFileReference; lastKnownFileType = file.sks; path = GameScene.sks; sourceTree = "<group>"; };
		8B74E1C819F9ED9700B5E87E /* GameScene.swift */ = {isa = PBXFileReference; lastKnownFileType = sourcecode.swift; path = GameScene.swift; sourceTree = "<group>"; };
		8B74E1CA19F9ED9700B5E87E /* GameViewController.swift */ = {isa = PBXFileReference; lastKnownFileType = sourcecode.swift; path = GameViewController.swift; sourceTree = "<group>"; };
		8B74E1CD19F9ED9700B5E87E /* Base */ = {isa = PBXFileReference; lastKnownFileType = file.storyboard; name = Base; path = Base.lproj/Main.storyboard; sourceTree = "<group>"; };
		8B74E1CF19F9ED9700B5E87E /* Images.xcassets */ = {isa = PBXFileReference; lastKnownFileType = folder.assetcatalog; path = Images.xcassets; sourceTree = "<group>"; };
		8B74E1D219F9ED9700B5E87E /* Base */ = {isa = PBXFileReference; lastKnownFileType = file.xib; name = Base; path = Base.lproj/LaunchScreen.xib; sourceTree = "<group>"; };
		8B74E1D819F9ED9700B5E87E /* FlatReversiTests.xctest */ = {isa = PBXFileReference; explicitFileType = wrapper.cfbundle; includeInIndex = 0; path = FlatReversiTests.xctest; sourceTree = BUILT_PRODUCTS_DIR; };
		8B74E1DD19F9ED9700B5E87E /* Info.plist */ = {isa = PBXFileReference; lastKnownFileType = text.plist.xml; path = Info.plist; sourceTree = "<group>"; };
		8B74E1DE19F9ED9700B5E87E /* FlatReversiTests.swift */ = {isa = PBXFileReference; lastKnownFileType = sourcecode.swift; path = FlatReversiTests.swift; sourceTree = "<group>"; };
		8B74E1ED19F9EE6900B5E87E /* GameManager.swift */ = {isa = PBXFileReference; fileEncoding = 4; lastKnownFileType = sourcecode.swift; path = GameManager.swift; sourceTree = "<group>"; };
		8B74E1EE19F9EE6900B5E87E /* GameSettings.swift */ = {isa = PBXFileReference; fileEncoding = 4; lastKnownFileType = sourcecode.swift; path = GameSettings.swift; sourceTree = "<group>"; };
		8B74E1EF19F9EE6900B5E87E /* GameViewModel.swift */ = {isa = PBXFileReference; fileEncoding = 4; lastKnownFileType = sourcecode.swift; path = GameViewModel.swift; sourceTree = "<group>"; };
		8B74E1F019F9EE6900B5E87E /* HumanPlayer.swift */ = {isa = PBXFileReference; fileEncoding = 4; lastKnownFileType = sourcecode.swift; path = HumanPlayer.swift; sourceTree = "<group>"; };
		8B74E1F119F9EE6900B5E87E /* HumanUserInput.swift */ = {isa = PBXFileReference; fileEncoding = 4; lastKnownFileType = sourcecode.swift; path = HumanUserInput.swift; sourceTree = "<group>"; };
		8B74E1F219F9EE6900B5E87E /* Locking.swift */ = {isa = PBXFileReference; fileEncoding = 4; lastKnownFileType = sourcecode.swift; path = Locking.swift; sourceTree = "<group>"; };
		8B74E1F319F9EE6900B5E87E /* Player.swift */ = {isa = PBXFileReference; fileEncoding = 4; lastKnownFileType = sourcecode.swift; path = Player.swift; sourceTree = "<group>"; };
		8B74E1F419F9EE6900B5E87E /* PlayerMediator.swift */ = {isa = PBXFileReference; fileEncoding = 4; lastKnownFileType = sourcecode.swift; path = PlayerMediator.swift; sourceTree = "<group>"; };
		8B74E1F619F9EE6900B5E87E /* SettingsViewContoller.swift */ = {isa = PBXFileReference; fileEncoding = 4; lastKnownFileType = sourcecode.swift; path = SettingsViewContoller.swift; sourceTree = "<group>"; };
		8BBE916D1A4B03EC00212FFF /* FlatReversi-Bridging-Header.h */ = {isa = PBXFileReference; fileEncoding = 4; lastKnownFileType = sourcecode.c.h; path = "FlatReversi-Bridging-Header.h"; sourceTree = "<group>"; };
		8BF2C4AA1A4D860000F22AB4 /* AppearanceManager.swift */ = {isa = PBXFileReference; fileEncoding = 4; lastKnownFileType = sourcecode.swift; path = AppearanceManager.swift; sourceTree = "<group>"; };
		8BF717FC1D901CD400D46ED8 /* GoogleMobileAds.framework */ = {isa = PBXFileReference; lastKnownFileType = wrapper.framework; name = GoogleMobileAds.framework; path = "Pods/Google-Mobile-Ads-SDK/Frameworks/GoogleMobileAds.framework"; sourceTree = "<group>"; };
		994B1AF6CE28DA8AE6F88843 /* libPods-FlatReversi.a */ = {isa = PBXFileReference; explicitFileType = archive.ar; includeInIndex = 0; path = "libPods-FlatReversi.a"; sourceTree = BUILT_PRODUCTS_DIR; };
		CB96927A20ECAFD32438474A /* Pods-FlatReversi.release.xcconfig */ = {isa = PBXFileReference; includeInIndex = 1; lastKnownFileType = text.xcconfig; name = "Pods-FlatReversi.release.xcconfig"; path = "Pods/Target Support Files/Pods-FlatReversi/Pods-FlatReversi.release.xcconfig"; sourceTree = "<group>"; };
		E27EB2C05E3ECDF8A87721C7 /* Pods-FlatReversi.debug.xcconfig */ = {isa = PBXFileReference; includeInIndex = 1; lastKnownFileType = text.xcconfig; name = "Pods-FlatReversi.debug.xcconfig"; path = "Pods/Target Support Files/Pods-FlatReversi/Pods-FlatReversi.debug.xcconfig"; sourceTree = "<group>"; };
/* End PBXFileReference section */

/* Begin PBXFrameworksBuildPhase section */
		8B74E1BC19F9ED9600B5E87E /* Frameworks */ = {
			isa = PBXFrameworksBuildPhase;
			buildActionMask = 2147483647;
			files = (
				8BF717FD1D901CD400D46ED8 /* GoogleMobileAds.framework in Frameworks */,
				8B22E26E19FD3A0A0006E39C /* Security.framework in Frameworks */,
				8B22E20519FD35F30006E39C /* SystemConfiguration.framework in Frameworks */,
				8B22E20319FD35ED0006E39C /* StoreKit.framework in Frameworks */,
				8B22E20119FD35E60006E39C /* MessageUI.framework in Frameworks */,
				8BA555371DCAE90600EC3CCA /* Graphene.framework in Frameworks */,
				8B22E1FF19FD35E00006E39C /* EventKitUI.framework in Frameworks */,
				8B22E1FD19FD35DA0006E39C /* EventKit.framework in Frameworks */,
				8B22E1FB19FD35D20006E39C /* CoreTelephony.framework in Frameworks */,
				8B22E1F919FD35CC0006E39C /* CoreGraphics.framework in Frameworks */,
				8B22E1F719FD35C30006E39C /* AVFoundation.framework in Frameworks */,
				8B22E1F519FD35BC0006E39C /* AudioToolbox.framework in Frameworks */,
				5C61B2DF36492428104A769A /* libPods-FlatReversi.a in Frameworks */,
			);
			runOnlyForDeploymentPostprocessing = 0;
		};
		8B74E1D519F9ED9700B5E87E /* Frameworks */ = {
			isa = PBXFrameworksBuildPhase;
			buildActionMask = 2147483647;
			files = (
			);
			runOnlyForDeploymentPostprocessing = 0;
		};
/* End PBXFrameworksBuildPhase section */

/* Begin PBXGroup section */
		41D32DD76AF84D663AA67F64 /* Pods */ = {
			isa = PBXGroup;
			children = (
				E27EB2C05E3ECDF8A87721C7 /* Pods-FlatReversi.debug.xcconfig */,
				CB96927A20ECAFD32438474A /* Pods-FlatReversi.release.xcconfig */,
			);
			name = Pods;
			sourceTree = "<group>";
		};
		8B22E27119FE7A270006E39C /* Player */ = {
			isa = PBXGroup;
			children = (
				8B74E1F019F9EE6900B5E87E /* HumanPlayer.swift */,
				8B74E1F319F9EE6900B5E87E /* Player.swift */,
				8B22E1BD19FC073B0006E39C /* RandomPlayerWithEvaluation.swift */,
				8B22E26F19FE7A110006E39C /* GreedyPlayer.swift */,
				8B22E27219FE7A450006E39C /* ComputerPlayer.swift */,
				8B15FEAF1A0BBB4E00A8C998 /* RandomPlayerWithPNS.swift */,
				8B2517A11A13B03800B700F3 /* SimpleSearchStaticEvaluationPlayer.swift */,
				8B07152E1A49B0230089C25B /* SearchEvalPlayer.swift */,
				8B50B0CD1A3D3EDC0057C14A /* TreeSearchWithPerturbationPlayer.swift */,
				8B50B0CF1A3D41480057C14A /* LeftyPlayer.swift */,
				8B50B0D11A3D48C80057C14A /* SwingPlayer.swift */,
			);
			name = Player;
			sourceTree = "<group>";
		};
		8B39A2081DA294FB0000A8DA /* Graphite */ = {
			isa = PBXGroup;
			children = (
				8B39A2251DA2958D0000A8DA /* Board */,
				8B39A22D1DA2958D0000A8DA /* Evaluator */,
				8B39A2311DA2958D0000A8DA /* Intrinsics */,
				8B39A2351DA2958D0000A8DA /* ProofSolver */,
				8B39A2381DA2958D0000A8DA /* Search */,
				8B39A23C1DA2958D0000A8DA /* Utils */,
				8B39A2091DA294FB0000A8DA /* Graphite.h */,
				8B39A23B1DA2958D0000A8DA /* Swift_Bridging_Header.h */,
				8B39A20A1DA294FB0000A8DA /* Info.plist */,
			);
			path = Graphite;
			sourceTree = "<group>";
		};
		8B39A2151DA294FB0000A8DA /* GraphiteTests */ = {
			isa = PBXGroup;
			children = (
				8B39A2161DA294FB0000A8DA /* GraphiteTests.swift */,
				8B39A2181DA294FB0000A8DA /* Info.plist */,
			);
			path = GraphiteTests;
			sourceTree = "<group>";
		};
		8B39A2251DA2958D0000A8DA /* Board */ = {
			isa = PBXGroup;
			children = (
				8B39A2261DA2958D0000A8DA /* Board.swift */,
				8B39A2271DA2958D0000A8DA /* BoardBuilder.swift */,
				8B39A2281DA2958D0000A8DA /* BoardMediator.swift */,
				8B39A2291DA2958D0000A8DA /* BoardRepresentation.swift */,
				8B39A22A1DA2958D0000A8DA /* FasterBitBoard.swift */,
				8B39A22B1DA2958D0000A8DA /* SimpleBitBoard.swift */,
				8B39A22C1DA2958D0000A8DA /* Zones.swift */,
			);
			name = Board;
			path = Graphite/Board;
			sourceTree = "<group>";
		};
		8B39A22D1DA2958D0000A8DA /* Evaluator */ = {
			isa = PBXGroup;
			children = (
				8B39A22E1DA2958D0000A8DA /* ClassicalEvaluator.swift */,
				8B39A22F1DA2958D0000A8DA /* Evaluator.swift */,
				8B39A2301DA2958D0000A8DA /* SimpleEvaluator.swift */,
			);
			name = Evaluator;
			path = Graphite/Evaluator;
			sourceTree = "<group>";
		};
		8B39A2311DA2958D0000A8DA /* Intrinsics */ = {
			isa = PBXGroup;
			children = (
				8B39A2321DA2958D0000A8DA /* Graphite-Bridging-Header.h */,
				8B39A2331DA2958D0000A8DA /* intrinsics.c */,
				8B39A2341DA2958D0000A8DA /* intrinsics.h */,
			);
			name = Intrinsics;
			path = Graphite/Intrinsics;
			sourceTree = "<group>";
		};
		8B39A2351DA2958D0000A8DA /* ProofSolver */ = {
			isa = PBXGroup;
			children = (
				8B39A2361DA2958D0000A8DA /* ProofSolver.swift */,
				8B39A2371DA2958D0000A8DA /* SimpleProofSolver.swift */,
			);
			name = ProofSolver;
			path = Graphite/ProofSolver;
			sourceTree = "<group>";
		};
		8B39A2381DA2958D0000A8DA /* Search */ = {
			isa = PBXGroup;
			children = (
				8B39A2391DA2958D0000A8DA /* NegaAlphaSearch.swift */,
				8B39A23A1DA2958D0000A8DA /* Search.swift */,
			);
			name = Search;
			path = Graphite/Search;
			sourceTree = "<group>";
		};
		8B39A23C1DA2958D0000A8DA /* Utils */ = {
			isa = PBXGroup;
			children = (
				8B39A23D1DA2958D0000A8DA /* Stack.swift */,
				8B39A23E1DA2958D0000A8DA /* Utils.swift */,
			);
			name = Utils;
			path = Graphite/Utils;
			sourceTree = "<group>";
		};
		8B714E171A4EF115001C2D89 /* Utils */ = {
			isa = PBXGroup;
			children = (
				8B22E1C119FC80C50006E39C /* Queue.swift */,
				8B74E1F219F9EE6900B5E87E /* Locking.swift */,
			);
			name = Utils;
			sourceTree = "<group>";
		};
		8B714E181A4EF122001C2D89 /* Intrinsics */ = {
			isa = PBXGroup;
			children = (
				8B0715301A4B00430089C25B /* intrinsics.c */,
				8B0715311A4B00430089C25B /* intrinsics.h */,
				8BBE916D1A4B03EC00212FFF /* FlatReversi-Bridging-Header.h */,
			);
			name = Intrinsics;
			sourceTree = "<group>";
		};
		8B74E1B619F9ED9600B5E87E = {
			isa = PBXGroup;
			children = (
				8B54AB301DC62ED1006A222F /* Graphene.framework */,
				8B22E26D19FD3A090006E39C /* Security.framework */,
				8B22E20419FD35F30006E39C /* SystemConfiguration.framework */,
				8B22E20219FD35ED0006E39C /* StoreKit.framework */,
				8B22E20019FD35E60006E39C /* MessageUI.framework */,
				8B22E1FE19FD35E00006E39C /* EventKitUI.framework */,
				8B22E1FC19FD35DA0006E39C /* EventKit.framework */,
				8B22E1FA19FD35D20006E39C /* CoreTelephony.framework */,
				8B22E1F819FD35CC0006E39C /* CoreGraphics.framework */,
				8B22E1F619FD35C30006E39C /* AVFoundation.framework */,
				8B22E1F419FD35BC0006E39C /* AudioToolbox.framework */,
				8B74E1C119F9ED9600B5E87E /* FlatReversi */,
				8B74E1DB19F9ED9700B5E87E /* FlatReversiTests */,
				8B39A2081DA294FB0000A8DA /* Graphite */,
				8B39A2151DA294FB0000A8DA /* GraphiteTests */,
				8B74E1C019F9ED9600B5E87E /* Products */,
				41D32DD76AF84D663AA67F64 /* Pods */,
				C140F84A0D53F7D05C8C75A5 /* Frameworks */,
			);
			sourceTree = "<group>";
		};
		8B74E1C019F9ED9600B5E87E /* Products */ = {
			isa = PBXGroup;
			children = (
				8B74E1BF19F9ED9600B5E87E /* FlatReversi.app */,
				8B74E1D819F9ED9700B5E87E /* FlatReversiTests.xctest */,
			);
			name = Products;
			sourceTree = "<group>";
		};
		8B74E1C119F9ED9600B5E87E /* FlatReversi */ = {
			isa = PBXGroup;
			children = (
				8B714E171A4EF115001C2D89 /* Utils */,
				8B714E181A4EF122001C2D89 /* Intrinsics */,
				8B22E27119FE7A270006E39C /* Player */,
				8BD84BD11A8759500085FAFA /* Game */,
				8B74E1C419F9ED9700B5E87E /* AppDelegate.swift */,
				8B74E1C819F9ED9700B5E87E /* GameScene.swift */,
				8B4E167D1A03BB4000BE87E2 /* GameViewScene.swift */,
				8BD84BD21A8759680085FAFA /* ViewController */,
				8B22E20619FD37930006E39C /* Swift_Bridging_Header.h */,
				8B74E1C619F9ED9700B5E87E /* GameScene.sks */,
				8B74E1CC19F9ED9700B5E87E /* Main.storyboard */,
				8B74E1CF19F9ED9700B5E87E /* Images.xcassets */,
				8B74E1D119F9ED9700B5E87E /* LaunchScreen.xib */,
				8B74E1C219F9ED9600B5E87E /* Supporting Files */,
			);
			path = FlatReversi;
			sourceTree = "<group>";
		};
		8B74E1C219F9ED9600B5E87E /* Supporting Files */ = {
			isa = PBXGroup;
			children = (
				8B74E1C319F9ED9600B5E87E /* Info.plist */,
			);
			name = "Supporting Files";
			sourceTree = "<group>";
		};
		8B74E1DB19F9ED9700B5E87E /* FlatReversiTests */ = {
			isa = PBXGroup;
			children = (
				8B74E1DE19F9ED9700B5E87E /* FlatReversiTests.swift */,
				8B74E1DC19F9ED9700B5E87E /* Supporting Files */,
			);
			path = FlatReversiTests;
			sourceTree = "<group>";
		};
		8B74E1DC19F9ED9700B5E87E /* Supporting Files */ = {
			isa = PBXGroup;
			children = (
				8B74E1DD19F9ED9700B5E87E /* Info.plist */,
			);
			name = "Supporting Files";
			sourceTree = "<group>";
		};
		8BD84BD11A8759500085FAFA /* Game */ = {
			isa = PBXGroup;
			children = (
				8B74E1ED19F9EE6900B5E87E /* GameManager.swift */,
				8B74E1EF19F9EE6900B5E87E /* GameViewModel.swift */,
				8B22E1BB19FBAE400006E39C /* LevelController.swift */,
				8B74E1F119F9EE6900B5E87E /* HumanUserInput.swift */,
				8B74E1F419F9EE6900B5E87E /* PlayerMediator.swift */,
				8B74E1EE19F9EE6900B5E87E /* GameSettings.swift */,
			);
			name = Game;
			sourceTree = "<group>";
		};
		8BD84BD21A8759680085FAFA /* ViewController */ = {
			isa = PBXGroup;
			children = (
				8B74E1F619F9EE6900B5E87E /* SettingsViewContoller.swift */,
				8B74E1CA19F9ED9700B5E87E /* GameViewController.swift */,
				8B22E1B919FAAC0C0006E39C /* LevelSelectionViewController.swift */,
				8B714E191A4FAF86001C2D89 /* AppearanceSelectionViewController.swift */,
				8BD84BD31A8759810085FAFA /* Appearance */,
			);
			name = ViewController;
			sourceTree = "<group>";
		};
		8BD84BD31A8759810085FAFA /* Appearance */ = {
			isa = PBXGroup;
			children = (
				8BF2C4AA1A4D860000F22AB4 /* AppearanceManager.swift */,
				8B52D3D61A61849C0051F7D2 /* Appearance.swift */,
			);
			name = Appearance;
			sourceTree = "<group>";
		};
		C140F84A0D53F7D05C8C75A5 /* Frameworks */ = {
			isa = PBXGroup;
			children = (
				8BF717FC1D901CD400D46ED8 /* GoogleMobileAds.framework */,
				994B1AF6CE28DA8AE6F88843 /* libPods-FlatReversi.a */,
			);
			name = Frameworks;
			sourceTree = "<group>";
		};
/* End PBXGroup section */

/* Begin PBXNativeTarget section */
		8B74E1BE19F9ED9600B5E87E /* FlatReversi */ = {
			isa = PBXNativeTarget;
			buildConfigurationList = 8B74E1E219F9ED9700B5E87E /* Build configuration list for PBXNativeTarget "FlatReversi" */;
			buildPhases = (
				2699CBCF204556D01333ECCD /* [CP] Check Pods Manifest.lock */,
				8B74E1BB19F9ED9600B5E87E /* Sources */,
				8B74E1BC19F9ED9600B5E87E /* Frameworks */,
				8B74E1BD19F9ED9600B5E87E /* Resources */,
				4A3B03C16287F249BC8AFBE0 /* [CP] Embed Pods Frameworks */,
				FA78D2CFED8E158A7503E529 /* [CP] Copy Pods Resources */,
				8BA555391DCAE90700EC3CCA /* Embed Frameworks */,
			);
			buildRules = (
			);
			dependencies = (
			);
			name = FlatReversi;
			productName = FlatReversi;
			productReference = 8B74E1BF19F9ED9600B5E87E /* FlatReversi.app */;
			productType = "com.apple.product-type.application";
		};
		8B74E1D719F9ED9700B5E87E /* FlatReversiTests */ = {
			isa = PBXNativeTarget;
			buildConfigurationList = 8B74E1E519F9ED9700B5E87E /* Build configuration list for PBXNativeTarget "FlatReversiTests" */;
			buildPhases = (
				8B74E1D419F9ED9700B5E87E /* Sources */,
				8B74E1D519F9ED9700B5E87E /* Frameworks */,
				8B74E1D619F9ED9700B5E87E /* Resources */,
			);
			buildRules = (
			);
			dependencies = (
				8B74E1DA19F9ED9700B5E87E /* PBXTargetDependency */,
			);
			name = FlatReversiTests;
			productName = FlatReversiTests;
			productReference = 8B74E1D819F9ED9700B5E87E /* FlatReversiTests.xctest */;
			productType = "com.apple.product-type.bundle.unit-test";
		};
/* End PBXNativeTarget section */

/* Begin PBXProject section */
		8B74E1B719F9ED9600B5E87E /* Project object */ = {
			isa = PBXProject;
			attributes = {
				LastSwiftUpdateCheck = 0800;
				LastUpgradeCheck = 0800;
				ORGANIZATIONNAME = "Yoshinori Kodama";
				TargetAttributes = {
					8B74E1BE19F9ED9600B5E87E = {
						CreatedOnToolsVersion = 6.1;
						DevelopmentTeam = X946KV89SN;
						LastSwiftMigration = 0800;
					};
					8B74E1D719F9ED9700B5E87E = {
						CreatedOnToolsVersion = 6.1;
						LastSwiftMigration = 0800;
						TestTargetID = 8B74E1BE19F9ED9600B5E87E;
					};
				};
			};
			buildConfigurationList = 8B74E1BA19F9ED9600B5E87E /* Build configuration list for PBXProject "FlatReversi" */;
			compatibilityVersion = "Xcode 3.2";
			developmentRegion = English;
			hasScannedForEncodings = 0;
			knownRegions = (
				en,
				Base,
			);
			mainGroup = 8B74E1B619F9ED9600B5E87E;
			productRefGroup = 8B74E1C019F9ED9600B5E87E /* Products */;
			projectDirPath = "";
			projectRoot = "";
			targets = (
				8B74E1BE19F9ED9600B5E87E /* FlatReversi */,
				8B74E1D719F9ED9700B5E87E /* FlatReversiTests */,
			);
		};
/* End PBXProject section */

/* Begin PBXResourcesBuildPhase section */
		8B74E1BD19F9ED9600B5E87E /* Resources */ = {
			isa = PBXResourcesBuildPhase;
			buildActionMask = 2147483647;
			files = (
				8B74E1D319F9ED9700B5E87E /* LaunchScreen.xib in Resources */,
				8B74E1D019F9ED9700B5E87E /* Images.xcassets in Resources */,
				8B74E1C719F9ED9700B5E87E /* GameScene.sks in Resources */,
				8B74E1CE19F9ED9700B5E87E /* Main.storyboard in Resources */,
			);
			runOnlyForDeploymentPostprocessing = 0;
		};
		8B74E1D619F9ED9700B5E87E /* Resources */ = {
			isa = PBXResourcesBuildPhase;
			buildActionMask = 2147483647;
			files = (
			);
			runOnlyForDeploymentPostprocessing = 0;
		};
/* End PBXResourcesBuildPhase section */

/* Begin PBXShellScriptBuildPhase section */
		2699CBCF204556D01333ECCD /* [CP] Check Pods Manifest.lock */ = {
			isa = PBXShellScriptBuildPhase;
			buildActionMask = 2147483647;
			files = (
			);
			inputPaths = (
			);
			name = "[CP] Check Pods Manifest.lock";
			outputPaths = (
			);
			runOnlyForDeploymentPostprocessing = 0;
			shellPath = /bin/sh;
			shellScript = "diff \"${PODS_ROOT}/../Podfile.lock\" \"${PODS_ROOT}/Manifest.lock\" > /dev/null\nif [[ $? != 0 ]] ; then\n    cat << EOM\nerror: The sandbox is not in sync with the Podfile.lock. Run 'pod install' or update your CocoaPods installation.\nEOM\n    exit 1\nfi\n";
			showEnvVarsInLog = 0;
		};
		4A3B03C16287F249BC8AFBE0 /* [CP] Embed Pods Frameworks */ = {
			isa = PBXShellScriptBuildPhase;
			buildActionMask = 2147483647;
			files = (
			);
			inputPaths = (
			);
			name = "[CP] Embed Pods Frameworks";
			outputPaths = (
			);
			runOnlyForDeploymentPostprocessing = 0;
			shellPath = /bin/sh;
			shellScript = "\"${SRCROOT}/Pods/Target Support Files/Pods-FlatReversi/Pods-FlatReversi-frameworks.sh\"\n";
			showEnvVarsInLog = 0;
		};
		FA78D2CFED8E158A7503E529 /* [CP] Copy Pods Resources */ = {
			isa = PBXShellScriptBuildPhase;
			buildActionMask = 2147483647;
			files = (
			);
			inputPaths = (
			);
			name = "[CP] Copy Pods Resources";
			outputPaths = (
			);
			runOnlyForDeploymentPostprocessing = 0;
			shellPath = /bin/sh;
			shellScript = "\"${SRCROOT}/Pods/Target Support Files/Pods-FlatReversi/Pods-FlatReversi-resources.sh\"\n";
			showEnvVarsInLog = 0;
		};
/* End PBXShellScriptBuildPhase section */

/* Begin PBXSourcesBuildPhase section */
		8B74E1BB19F9ED9600B5E87E /* Sources */ = {
			isa = PBXSourcesBuildPhase;
			buildActionMask = 2147483647;
			files = (
				8B74E1C919F9ED9700B5E87E /* GameScene.swift in Sources */,
				8B74E1FC19F9EE6900B5E87E /* GameManager.swift in Sources */,
				8B22E27019FE7A110006E39C /* GreedyPlayer.swift in Sources */,
				8B22E1C219FC80C50006E39C /* Queue.swift in Sources */,
				8B2517A21A13B03800B700F3 /* SimpleSearchStaticEvaluationPlayer.swift in Sources */,
				8B50B0CE1A3D3EDC0057C14A /* TreeSearchWithPerturbationPlayer.swift in Sources */,
				8B74E1FD19F9EE6900B5E87E /* GameSettings.swift in Sources */,
				8B714E1A1A4FAF87001C2D89 /* AppearanceSelectionViewController.swift in Sources */,
				8B74E20019F9EE6900B5E87E /* HumanUserInput.swift in Sources */,
				8B74E20219F9EE6900B5E87E /* Player.swift in Sources */,
				8B15FEB01A0BBB4E00A8C998 /* RandomPlayerWithPNS.swift in Sources */,
				8B74E1CB19F9ED9700B5E87E /* GameViewController.swift in Sources */,
				8B22E27319FE7A450006E39C /* ComputerPlayer.swift in Sources */,
				8B4E167E1A03BB4000BE87E2 /* GameViewScene.swift in Sources */,
				8BF718301D90278F00D46ED8 /* FlatReversiTests.swift in Sources */,
				8B74E20119F9EE6900B5E87E /* Locking.swift in Sources */,
				8B74E1FE19F9EE6900B5E87E /* GameViewModel.swift in Sources */,
				8B50B0D21A3D48C80057C14A /* SwingPlayer.swift in Sources */,
				8B74E1C519F9ED9700B5E87E /* AppDelegate.swift in Sources */,
				8B0715321A4B00440089C25B /* intrinsics.c in Sources */,
				8B74E1FF19F9EE6900B5E87E /* HumanPlayer.swift in Sources */,
				8B52D3D71A61849C0051F7D2 /* Appearance.swift in Sources */,
				8B22E1BC19FBAE400006E39C /* LevelController.swift in Sources */,
				8B74E20319F9EE6900B5E87E /* PlayerMediator.swift in Sources */,
				8B22E1BA19FAAC0C0006E39C /* LevelSelectionViewController.swift in Sources */,
				8B07152F1A49B0230089C25B /* SearchEvalPlayer.swift in Sources */,
				8B50B0D01A3D41480057C14A /* LeftyPlayer.swift in Sources */,
				8B22E1BE19FC073B0006E39C /* RandomPlayerWithEvaluation.swift in Sources */,
				8B74E20519F9EE6900B5E87E /* SettingsViewContoller.swift in Sources */,
				8BF2C4AB1A4D860000F22AB4 /* AppearanceManager.swift in Sources */,
			);
			runOnlyForDeploymentPostprocessing = 0;
		};
		8B74E1D419F9ED9700B5E87E /* Sources */ = {
			isa = PBXSourcesBuildPhase;
			buildActionMask = 2147483647;
			files = (
				8B74E1DF19F9ED9700B5E87E /* FlatReversiTests.swift in Sources */,
				8B4E16811A03BC3100BE87E2 /* Queue.swift in Sources */,
			);
			runOnlyForDeploymentPostprocessing = 0;
		};
/* End PBXSourcesBuildPhase section */

/* Begin PBXTargetDependency section */
		8B74E1DA19F9ED9700B5E87E /* PBXTargetDependency */ = {
			isa = PBXTargetDependency;
			target = 8B74E1BE19F9ED9600B5E87E /* FlatReversi */;
			targetProxy = 8B74E1D919F9ED9700B5E87E /* PBXContainerItemProxy */;
		};
/* End PBXTargetDependency section */

/* Begin PBXVariantGroup section */
		8B74E1CC19F9ED9700B5E87E /* Main.storyboard */ = {
			isa = PBXVariantGroup;
			children = (
				8B74E1CD19F9ED9700B5E87E /* Base */,
			);
			name = Main.storyboard;
			sourceTree = "<group>";
		};
		8B74E1D119F9ED9700B5E87E /* LaunchScreen.xib */ = {
			isa = PBXVariantGroup;
			children = (
				8B74E1D219F9ED9700B5E87E /* Base */,
			);
			name = LaunchScreen.xib;
			sourceTree = "<group>";
		};
/* End PBXVariantGroup section */

/* Begin XCBuildConfiguration section */
		8B74E1E019F9ED9700B5E87E /* Debug */ = {
			isa = XCBuildConfiguration;
			buildSettings = {
				ALWAYS_SEARCH_USER_PATHS = NO;
				CLANG_CXX_LANGUAGE_STANDARD = "gnu++0x";
				CLANG_CXX_LIBRARY = "libc++";
				CLANG_ENABLE_MODULES = YES;
				CLANG_ENABLE_OBJC_ARC = YES;
				CLANG_WARN_BOOL_CONVERSION = YES;
				CLANG_WARN_CONSTANT_CONVERSION = YES;
				CLANG_WARN_DIRECT_OBJC_ISA_USAGE = YES_ERROR;
				CLANG_WARN_EMPTY_BODY = YES;
				CLANG_WARN_ENUM_CONVERSION = YES;
				CLANG_WARN_INFINITE_RECURSION = YES;
				CLANG_WARN_INT_CONVERSION = YES;
				CLANG_WARN_OBJC_ROOT_CLASS = YES_ERROR;
				CLANG_WARN_SUSPICIOUS_MOVE = YES;
				CLANG_WARN_UNREACHABLE_CODE = YES;
				CLANG_WARN__DUPLICATE_METHOD_MATCH = YES;
				"CODE_SIGN_IDENTITY[sdk=iphoneos*]" = "iPhone Developer";
				COPY_PHASE_STRIP = NO;
				DEAD_CODE_STRIPPING = YES;
				ENABLE_STRICT_OBJC_MSGSEND = YES;
				ENABLE_TESTABILITY = YES;
				GCC_C_LANGUAGE_STANDARD = gnu99;
				GCC_DYNAMIC_NO_PIC = NO;
				GCC_NO_COMMON_BLOCKS = YES;
				GCC_OPTIMIZATION_LEVEL = 0;
				GCC_PREPROCESSOR_DEFINITIONS = (
					"DEBUG=1",
					"$(inherited)",
				);
				GCC_SYMBOLS_PRIVATE_EXTERN = NO;
				GCC_TREAT_WARNINGS_AS_ERRORS = NO;
				GCC_WARN_64_TO_32_BIT_CONVERSION = YES;
				GCC_WARN_ABOUT_RETURN_TYPE = YES_ERROR;
				GCC_WARN_UNDECLARED_SELECTOR = YES;
				GCC_WARN_UNINITIALIZED_AUTOS = YES_AGGRESSIVE;
				GCC_WARN_UNUSED_FUNCTION = YES;
				GCC_WARN_UNUSED_VARIABLE = YES;
				IPHONEOS_DEPLOYMENT_TARGET = 8.1;
				MTL_ENABLE_DEBUG_INFO = YES;
				ONLY_ACTIVE_ARCH = YES;
				SDKROOT = iphoneos;
				SWIFT_DISABLE_SAFETY_CHECKS = YES;
				SWIFT_OPTIMIZATION_LEVEL = "-Onone";
			};
			name = Debug;
		};
		8B74E1E119F9ED9700B5E87E /* Release */ = {
			isa = XCBuildConfiguration;
			buildSettings = {
				ALWAYS_SEARCH_USER_PATHS = NO;
				CLANG_CXX_LANGUAGE_STANDARD = "gnu++0x";
				CLANG_CXX_LIBRARY = "libc++";
				CLANG_ENABLE_MODULES = YES;
				CLANG_ENABLE_OBJC_ARC = YES;
				CLANG_WARN_BOOL_CONVERSION = YES;
				CLANG_WARN_CONSTANT_CONVERSION = YES;
				CLANG_WARN_DIRECT_OBJC_ISA_USAGE = YES_ERROR;
				CLANG_WARN_EMPTY_BODY = YES;
				CLANG_WARN_ENUM_CONVERSION = YES;
				CLANG_WARN_INFINITE_RECURSION = YES;
				CLANG_WARN_INT_CONVERSION = YES;
				CLANG_WARN_OBJC_ROOT_CLASS = YES_ERROR;
				CLANG_WARN_SUSPICIOUS_MOVE = YES;
				CLANG_WARN_UNREACHABLE_CODE = YES;
				CLANG_WARN__DUPLICATE_METHOD_MATCH = YES;
				"CODE_SIGN_IDENTITY[sdk=iphoneos*]" = "iPhone Developer";
				COPY_PHASE_STRIP = YES;
				DEAD_CODE_STRIPPING = YES;
				ENABLE_NS_ASSERTIONS = NO;
				ENABLE_STRICT_OBJC_MSGSEND = YES;
				GCC_C_LANGUAGE_STANDARD = gnu99;
				GCC_NO_COMMON_BLOCKS = YES;
				GCC_OPTIMIZATION_LEVEL = fast;
				GCC_TREAT_WARNINGS_AS_ERRORS = NO;
				GCC_WARN_64_TO_32_BIT_CONVERSION = YES;
				GCC_WARN_ABOUT_RETURN_TYPE = YES_ERROR;
				GCC_WARN_UNDECLARED_SELECTOR = YES;
				GCC_WARN_UNINITIALIZED_AUTOS = YES_AGGRESSIVE;
				GCC_WARN_UNUSED_FUNCTION = YES;
				GCC_WARN_UNUSED_VARIABLE = YES;
				IPHONEOS_DEPLOYMENT_TARGET = 8.1;
				MTL_ENABLE_DEBUG_INFO = NO;
				ONLY_ACTIVE_ARCH = NO;
				SDKROOT = iphoneos;
				SWIFT_DISABLE_SAFETY_CHECKS = YES;
				SWIFT_OPTIMIZATION_LEVEL = "-Owholemodule";
				VALIDATE_PRODUCT = YES;
			};
			name = Release;
		};
		8B74E1E319F9ED9700B5E87E /* Debug */ = {
			isa = XCBuildConfiguration;
			baseConfigurationReference = E27EB2C05E3ECDF8A87721C7 /* Pods-FlatReversi.debug.xcconfig */;
			buildSettings = {
				ALWAYS_SEARCH_USER_PATHS = NO;
				ASSETCATALOG_COMPILER_APPICON_NAME = AppIcon;
				CLANG_USE_OPTIMIZATION_PROFILE = NO;
				CODE_SIGN_IDENTITY = "iPhone Developer";
				"CODE_SIGN_IDENTITY[sdk=iphoneos*]" = "iPhone Developer";
				FRAMEWORK_SEARCH_PATHS = (
					"$(inherited)",
					"$(PROJECT_DIR)",
					"$(PROJECT_DIR)/Pods/Google-Mobile-Ads-SDK/Frameworks",
					"$(PROJECT_DIR)/Graphite/build/Debug-iphoneos",
					"$(PROJECT_DIR)/Graphene/build/Debug-iphoneos",
				);
				GCC_DYNAMIC_NO_PIC = YES;
				GCC_FAST_MATH = YES;
				GCC_UNROLL_LOOPS = YES;
				INFOPLIST_FILE = FlatReversi/Info.plist;
				LD_RUNPATH_SEARCH_PATHS = "$(inherited) @executable_path/Frameworks";
				LIBRARY_SEARCH_PATHS = (
					"$(inherited)",
					"$(PROJECT_DIR)/FlatReversi",
				);
				LLVM_LTO = YES;
				ONLY_ACTIVE_ARCH = YES;
				OTHER_LDFLAGS = "-ObjC";
				PRODUCT_BUNDLE_IDENTIFIER = "com.euphonictech.$(PRODUCT_NAME:rfc1034identifier)";
				PRODUCT_NAME = "$(TARGET_NAME)";
				PROVISIONING_PROFILE = "";
				SWIFT_OBJC_BRIDGING_HEADER = "$(SRCROOT)/$(PROJECT)/Swift_Bridging_Header.h";
				SWIFT_VERSION = 3.0;
				TARGETED_DEVICE_FAMILY = "1,2";
			};
			name = Debug;
		};
		8B74E1E419F9ED9700B5E87E /* Release */ = {
			isa = XCBuildConfiguration;
			baseConfigurationReference = CB96927A20ECAFD32438474A /* Pods-FlatReversi.release.xcconfig */;
			buildSettings = {
				ALWAYS_SEARCH_USER_PATHS = NO;
				ASSETCATALOG_COMPILER_APPICON_NAME = AppIcon;
				CLANG_USE_OPTIMIZATION_PROFILE = NO;
				CODE_SIGN_IDENTITY = "iPhone Developer";
				"CODE_SIGN_IDENTITY[sdk=iphoneos*]" = "iPhone Developer";
				FRAMEWORK_SEARCH_PATHS = (
					"$(inherited)",
					"$(PROJECT_DIR)",
					"$(PROJECT_DIR)/Pods/Google-Mobile-Ads-SDK/Frameworks",
					"$(PROJECT_DIR)/Graphite/build/Debug-iphoneos",
					"$(PROJECT_DIR)/Graphene/build/Debug-iphoneos",
				);
				GCC_DYNAMIC_NO_PIC = YES;
				GCC_FAST_MATH = YES;
				GCC_OPTIMIZATION_LEVEL = fast;
				GCC_UNROLL_LOOPS = YES;
				INFOPLIST_FILE = FlatReversi/Info.plist;
				LD_RUNPATH_SEARCH_PATHS = "$(inherited) @executable_path/Frameworks";
				LIBRARY_SEARCH_PATHS = (
					"$(inherited)",
					"$(PROJECT_DIR)/FlatReversi",
				);
				LLVM_LTO = YES;
				OTHER_LDFLAGS = "-ObjC";
				PRODUCT_BUNDLE_IDENTIFIER = "com.euphonictech.$(PRODUCT_NAME:rfc1034identifier)";
				PRODUCT_NAME = "$(TARGET_NAME)";
				PROVISIONING_PROFILE = "";
				SWIFT_OBJC_BRIDGING_HEADER = "$(SRCROOT)/$(PROJECT)/Swift_Bridging_Header.h";
				SWIFT_OPTIMIZATION_LEVEL = "-Owholemodule";
				SWIFT_VERSION = 3.0;
				TARGETED_DEVICE_FAMILY = "1,2";
			};
			name = Release;
		};
		8B74E1E619F9ED9700B5E87E /* Debug */ = {
			isa = XCBuildConfiguration;
			buildSettings = {
				BUNDLE_LOADER = "$(TEST_HOST)";
				FRAMEWORK_SEARCH_PATHS = (
					"$(SDKROOT)/Developer/Library/Frameworks",
					"$(inherited)",
				);
				GCC_PREPROCESSOR_DEFINITIONS = (
					"DEBUG=1",
					"$(inherited)",
				);
				INFOPLIST_FILE = FlatReversiTests/Info.plist;
				LD_RUNPATH_SEARCH_PATHS = "$(inherited) @executable_path/Frameworks @loader_path/Frameworks";
				PRODUCT_BUNDLE_IDENTIFIER = "com.euphonictech.$(PRODUCT_NAME:rfc1034identifier)";
				PRODUCT_NAME = "$(TARGET_NAME)";
				SWIFT_VERSION = 3.0;
				TEST_HOST = "$(BUILT_PRODUCTS_DIR)/FlatReversi.app/FlatReversi";
			};
			name = Debug;
		};
		8B74E1E719F9ED9700B5E87E /* Release */ = {
			isa = XCBuildConfiguration;
			buildSettings = {
				BUNDLE_LOADER = "$(TEST_HOST)";
				FRAMEWORK_SEARCH_PATHS = (
					"$(SDKROOT)/Developer/Library/Frameworks",
					"$(inherited)",
				);
				INFOPLIST_FILE = FlatReversiTests/Info.plist;
				LD_RUNPATH_SEARCH_PATHS = "$(inherited) @executable_path/Frameworks @loader_path/Frameworks";
				PRODUCT_BUNDLE_IDENTIFIER = "com.euphonictech.$(PRODUCT_NAME:rfc1034identifier)";
				PRODUCT_NAME = "$(TARGET_NAME)";
				SWIFT_VERSION = 3.0;
				TEST_HOST = "$(BUILT_PRODUCTS_DIR)/FlatReversi.app/FlatReversi";
			};
			name = Release;
		};
/* End XCBuildConfiguration section */

/* Begin XCConfigurationList section */
		8B74E1BA19F9ED9600B5E87E /* Build configuration list for PBXProject "FlatReversi" */ = {
			isa = XCConfigurationList;
			buildConfigurations = (
				8B74E1E019F9ED9700B5E87E /* Debug */,
				8B74E1E119F9ED9700B5E87E /* Release */,
			);
			defaultConfigurationIsVisible = 0;
			defaultConfigurationName = Release;
		};
		8B74E1E219F9ED9700B5E87E /* Build configuration list for PBXNativeTarget "FlatReversi" */ = {
			isa = XCConfigurationList;
			buildConfigurations = (
				8B74E1E319F9ED9700B5E87E /* Debug */,
				8B74E1E419F9ED9700B5E87E /* Release */,
			);
			defaultConfigurationIsVisible = 0;
			defaultConfigurationName = Release;
		};
		8B74E1E519F9ED9700B5E87E /* Build configuration list for PBXNativeTarget "FlatReversiTests" */ = {
			isa = XCConfigurationList;
			buildConfigurations = (
				8B74E1E619F9ED9700B5E87E /* Debug */,
				8B74E1E719F9ED9700B5E87E /* Release */,
			);
			defaultConfigurationIsVisible = 0;
			defaultConfigurationName = Release;
		};
/* End XCConfigurationList section */
	};
	rootObject = 8B74E1B719F9ED9600B5E87E /* Project object */;
}
