<?xml version="1.0" encoding="UTF-8"?>
<!DOCTYPE plist PUBLIC "-//Apple//DTD PLIST 1.0//EN" "http://www.apple.com/DTDs/PropertyList-1.0.dtd">
<plist version="1.0">
<dict>
	<key>archiveVersion</key>
	<string>1</string>
	<key>classes</key>
	<dict/>
	<key>objectVersion</key>
	<string>46</string>
	<key>objects</key>
	<dict>
		<key>2699CBCF204556D01333ECCD</key>
		<dict>
			<key>buildActionMask</key>
			<string>2147483647</string>
			<key>files</key>
			<array/>
			<key>inputPaths</key>
			<array/>
			<key>isa</key>
			<string>PBXShellScriptBuildPhase</string>
			<key>name</key>
			<string>[CP] Check Pods Manifest.lock</string>
			<key>outputPaths</key>
			<array/>
			<key>runOnlyForDeploymentPostprocessing</key>
			<string>0</string>
			<key>shellPath</key>
			<string>/bin/sh</string>
			<key>shellScript</key>
			<string>diff "${PODS_ROOT}/../Podfile.lock" "${PODS_ROOT}/Manifest.lock" &gt; /dev/null
if [[ $? != 0 ]] ; then
    cat &lt;&lt; EOM
error: The sandbox is not in sync with the Podfile.lock. Run 'pod install' or update your CocoaPods installation.
EOM
    exit 1
fi
</string>
			<key>showEnvVarsInLog</key>
			<string>0</string>
		</dict>
		<key>41D32DD76AF84D663AA67F64</key>
		<dict>
			<key>children</key>
			<array>
				<string>E27EB2C05E3ECDF8A87721C7</string>
				<string>CB96927A20ECAFD32438474A</string>
			</array>
			<key>isa</key>
			<string>PBXGroup</string>
			<key>name</key>
			<string>Pods</string>
			<key>sourceTree</key>
			<string>&lt;group&gt;</string>
		</dict>
		<key>4A3B03C16287F249BC8AFBE0</key>
		<dict>
			<key>buildActionMask</key>
			<string>2147483647</string>
			<key>files</key>
			<array/>
			<key>inputPaths</key>
			<array/>
			<key>isa</key>
			<string>PBXShellScriptBuildPhase</string>
			<key>name</key>
			<string>[CP] Embed Pods Frameworks</string>
			<key>outputPaths</key>
			<array/>
			<key>runOnlyForDeploymentPostprocessing</key>
			<string>0</string>
			<key>shellPath</key>
			<string>/bin/sh</string>
			<key>shellScript</key>
			<string>"${SRCROOT}/Pods/Target Support Files/Pods-FlatReversi/Pods-FlatReversi-frameworks.sh"
</string>
			<key>showEnvVarsInLog</key>
			<string>0</string>
		</dict>
		<key>5C61B2DF36492428104A769A</key>
		<dict>
			<key>fileRef</key>
			<string>994B1AF6CE28DA8AE6F88843</string>
			<key>isa</key>
			<string>PBXBuildFile</string>
		</dict>
		<key>8B07152A1A46AD7D0089C25B</key>
		<dict>
			<key>fileEncoding</key>
			<string>4</string>
			<key>isa</key>
			<string>PBXFileReference</string>
			<key>lastKnownFileType</key>
			<string>sourcecode.swift</string>
			<key>path</key>
			<string>NegaAlphaSearch.swift</string>
			<key>sourceTree</key>
			<string>&lt;group&gt;</string>
		</dict>
		<key>8B07152B1A46AD7D0089C25B</key>
		<dict>
			<key>fileRef</key>
			<string>8B07152A1A46AD7D0089C25B</string>
			<key>isa</key>
			<string>PBXBuildFile</string>
		</dict>
		<key>8B07152E1A49B0230089C25B</key>
		<dict>
			<key>fileEncoding</key>
			<string>4</string>
			<key>isa</key>
			<string>PBXFileReference</string>
			<key>lastKnownFileType</key>
			<string>sourcecode.swift</string>
			<key>path</key>
			<string>SearchEvalPlayer.swift</string>
			<key>sourceTree</key>
			<string>&lt;group&gt;</string>
		</dict>
		<key>8B07152F1A49B0230089C25B</key>
		<dict>
			<key>fileRef</key>
			<string>8B07152E1A49B0230089C25B</string>
			<key>isa</key>
			<string>PBXBuildFile</string>
		</dict>
		<key>8B0715301A4B00430089C25B</key>
		<dict>
			<key>fileEncoding</key>
			<string>4</string>
			<key>isa</key>
			<string>PBXFileReference</string>
			<key>lastKnownFileType</key>
			<string>sourcecode.c.c</string>
			<key>path</key>
			<string>intrinsics.c</string>
			<key>sourceTree</key>
			<string>&lt;group&gt;</string>
		</dict>
		<key>8B0715311A4B00430089C25B</key>
		<dict>
			<key>fileEncoding</key>
			<string>4</string>
			<key>isa</key>
			<string>PBXFileReference</string>
			<key>lastKnownFileType</key>
			<string>sourcecode.c.h</string>
			<key>path</key>
			<string>intrinsics.h</string>
			<key>sourceTree</key>
			<string>&lt;group&gt;</string>
		</dict>
		<key>8B0715321A4B00440089C25B</key>
		<dict>
			<key>fileRef</key>
			<string>8B0715301A4B00430089C25B</string>
			<key>isa</key>
			<string>PBXBuildFile</string>
		</dict>
		<key>8B15FEAF1A0BBB4E00A8C998</key>
		<dict>
			<key>fileEncoding</key>
			<string>4</string>
			<key>isa</key>
			<string>PBXFileReference</string>
			<key>lastKnownFileType</key>
			<string>sourcecode.swift</string>
			<key>path</key>
			<string>RandomPlayerWithPNS.swift</string>
			<key>sourceTree</key>
			<string>&lt;group&gt;</string>
		</dict>
		<key>8B15FEB01A0BBB4E00A8C998</key>
		<dict>
			<key>fileRef</key>
			<string>8B15FEAF1A0BBB4E00A8C998</string>
			<key>isa</key>
			<string>PBXBuildFile</string>
		</dict>
		<key>8B1683851A404AB600C64E93</key>
		<dict>
			<key>fileEncoding</key>
			<string>4</string>
			<key>isa</key>
			<string>PBXFileReference</string>
			<key>lastKnownFileType</key>
			<string>sourcecode.swift</string>
			<key>path</key>
			<string>FasterBitBoard.swift</string>
			<key>sourceTree</key>
			<string>&lt;group&gt;</string>
		</dict>
		<key>8B1683861A404AB600C64E93</key>
		<dict>
			<key>fileRef</key>
			<string>8B1683851A404AB600C64E93</string>
			<key>isa</key>
			<string>PBXBuildFile</string>
		</dict>
		<key>8B1F94411A2306D1001F42D7</key>
		<dict>
			<key>fileEncoding</key>
			<string>4</string>
			<key>isa</key>
			<string>PBXFileReference</string>
			<key>lastKnownFileType</key>
			<string>sourcecode.swift</string>
			<key>path</key>
			<string>SimpleBitBoard.swift</string>
			<key>sourceTree</key>
			<string>&lt;group&gt;</string>
		</dict>
		<key>8B1F94421A2306D1001F42D7</key>
		<dict>
			<key>fileRef</key>
			<string>8B1F94411A2306D1001F42D7</string>
			<key>isa</key>
			<string>PBXBuildFile</string>
		</dict>
		<key>8B22E1B919FAAC0C0006E39C</key>
		<dict>
			<key>fileEncoding</key>
			<string>4</string>
			<key>isa</key>
			<string>PBXFileReference</string>
			<key>lastKnownFileType</key>
			<string>sourcecode.swift</string>
			<key>path</key>
			<string>LevelSelectionViewController.swift</string>
			<key>sourceTree</key>
			<string>&lt;group&gt;</string>
		</dict>
		<key>8B22E1BA19FAAC0C0006E39C</key>
		<dict>
			<key>fileRef</key>
			<string>8B22E1B919FAAC0C0006E39C</string>
			<key>isa</key>
			<string>PBXBuildFile</string>
		</dict>
		<key>8B22E1BB19FBAE400006E39C</key>
		<dict>
			<key>fileEncoding</key>
			<string>4</string>
			<key>isa</key>
			<string>PBXFileReference</string>
			<key>lastKnownFileType</key>
			<string>sourcecode.swift</string>
			<key>path</key>
			<string>LevelController.swift</string>
			<key>sourceTree</key>
			<string>&lt;group&gt;</string>
		</dict>
		<key>8B22E1BC19FBAE400006E39C</key>
		<dict>
			<key>fileRef</key>
			<string>8B22E1BB19FBAE400006E39C</string>
			<key>isa</key>
			<string>PBXBuildFile</string>
		</dict>
		<key>8B22E1BD19FC073B0006E39C</key>
		<dict>
			<key>fileEncoding</key>
			<string>4</string>
			<key>isa</key>
			<string>PBXFileReference</string>
			<key>lastKnownFileType</key>
			<string>sourcecode.swift</string>
			<key>path</key>
			<string>RandomPlayerWithEvaluation.swift</string>
			<key>sourceTree</key>
			<string>&lt;group&gt;</string>
		</dict>
		<key>8B22E1BE19FC073B0006E39C</key>
		<dict>
			<key>fileRef</key>
			<string>8B22E1BD19FC073B0006E39C</string>
			<key>isa</key>
			<string>PBXBuildFile</string>
		</dict>
		<key>8B22E1BF19FC75100006E39C</key>
		<dict>
			<key>fileEncoding</key>
			<string>4</string>
			<key>isa</key>
			<string>PBXFileReference</string>
			<key>lastKnownFileType</key>
			<string>sourcecode.swift</string>
			<key>path</key>
			<string>Zones.swift</string>
			<key>sourceTree</key>
			<string>&lt;group&gt;</string>
		</dict>
		<key>8B22E1C019FC75100006E39C</key>
		<dict>
			<key>fileRef</key>
			<string>8B22E1BF19FC75100006E39C</string>
			<key>isa</key>
			<string>PBXBuildFile</string>
		</dict>
		<key>8B22E1C119FC80C50006E39C</key>
		<dict>
			<key>fileEncoding</key>
			<string>4</string>
			<key>isa</key>
			<string>PBXFileReference</string>
			<key>lastKnownFileType</key>
			<string>sourcecode.swift</string>
			<key>path</key>
			<string>Queue.swift</string>
			<key>sourceTree</key>
			<string>&lt;group&gt;</string>
		</dict>
		<key>8B22E1C219FC80C50006E39C</key>
		<dict>
			<key>fileRef</key>
			<string>8B22E1C119FC80C50006E39C</string>
			<key>isa</key>
			<string>PBXBuildFile</string>
		</dict>
		<key>8B22E1F419FD35BC0006E39C</key>
		<dict>
			<key>isa</key>
			<string>PBXFileReference</string>
			<key>lastKnownFileType</key>
			<string>wrapper.framework</string>
			<key>name</key>
			<string>AudioToolbox.framework</string>
			<key>path</key>
			<string>System/Library/Frameworks/AudioToolbox.framework</string>
			<key>sourceTree</key>
			<string>SDKROOT</string>
		</dict>
		<key>8B22E1F519FD35BC0006E39C</key>
		<dict>
			<key>fileRef</key>
			<string>8B22E1F419FD35BC0006E39C</string>
			<key>isa</key>
			<string>PBXBuildFile</string>
		</dict>
		<key>8B22E1F619FD35C30006E39C</key>
		<dict>
			<key>isa</key>
			<string>PBXFileReference</string>
			<key>lastKnownFileType</key>
			<string>wrapper.framework</string>
			<key>name</key>
			<string>AVFoundation.framework</string>
			<key>path</key>
			<string>System/Library/Frameworks/AVFoundation.framework</string>
			<key>sourceTree</key>
			<string>SDKROOT</string>
		</dict>
		<key>8B22E1F719FD35C30006E39C</key>
		<dict>
			<key>fileRef</key>
			<string>8B22E1F619FD35C30006E39C</string>
			<key>isa</key>
			<string>PBXBuildFile</string>
		</dict>
		<key>8B22E1F819FD35CC0006E39C</key>
		<dict>
			<key>isa</key>
			<string>PBXFileReference</string>
			<key>lastKnownFileType</key>
			<string>wrapper.framework</string>
			<key>name</key>
			<string>CoreGraphics.framework</string>
			<key>path</key>
			<string>System/Library/Frameworks/CoreGraphics.framework</string>
			<key>sourceTree</key>
			<string>SDKROOT</string>
		</dict>
		<key>8B22E1F919FD35CC0006E39C</key>
		<dict>
			<key>fileRef</key>
			<string>8B22E1F819FD35CC0006E39C</string>
			<key>isa</key>
			<string>PBXBuildFile</string>
		</dict>
		<key>8B22E1FA19FD35D20006E39C</key>
		<dict>
			<key>isa</key>
			<string>PBXFileReference</string>
			<key>lastKnownFileType</key>
			<string>wrapper.framework</string>
			<key>name</key>
			<string>CoreTelephony.framework</string>
			<key>path</key>
			<string>System/Library/Frameworks/CoreTelephony.framework</string>
			<key>sourceTree</key>
			<string>SDKROOT</string>
		</dict>
		<key>8B22E1FB19FD35D20006E39C</key>
		<dict>
			<key>fileRef</key>
			<string>8B22E1FA19FD35D20006E39C</string>
			<key>isa</key>
			<string>PBXBuildFile</string>
		</dict>
		<key>8B22E1FC19FD35DA0006E39C</key>
		<dict>
			<key>isa</key>
			<string>PBXFileReference</string>
			<key>lastKnownFileType</key>
			<string>wrapper.framework</string>
			<key>name</key>
			<string>EventKit.framework</string>
			<key>path</key>
			<string>System/Library/Frameworks/EventKit.framework</string>
			<key>sourceTree</key>
			<string>SDKROOT</string>
		</dict>
		<key>8B22E1FD19FD35DA0006E39C</key>
		<dict>
			<key>fileRef</key>
			<string>8B22E1FC19FD35DA0006E39C</string>
			<key>isa</key>
			<string>PBXBuildFile</string>
		</dict>
		<key>8B22E1FE19FD35E00006E39C</key>
		<dict>
			<key>isa</key>
			<string>PBXFileReference</string>
			<key>lastKnownFileType</key>
			<string>wrapper.framework</string>
			<key>name</key>
			<string>EventKitUI.framework</string>
			<key>path</key>
			<string>System/Library/Frameworks/EventKitUI.framework</string>
			<key>sourceTree</key>
			<string>SDKROOT</string>
		</dict>
		<key>8B22E1FF19FD35E00006E39C</key>
		<dict>
			<key>fileRef</key>
			<string>8B22E1FE19FD35E00006E39C</string>
			<key>isa</key>
			<string>PBXBuildFile</string>
		</dict>
		<key>8B22E20019FD35E60006E39C</key>
		<dict>
			<key>isa</key>
			<string>PBXFileReference</string>
			<key>lastKnownFileType</key>
			<string>wrapper.framework</string>
			<key>name</key>
			<string>MessageUI.framework</string>
			<key>path</key>
			<string>System/Library/Frameworks/MessageUI.framework</string>
			<key>sourceTree</key>
			<string>SDKROOT</string>
		</dict>
		<key>8B22E20119FD35E60006E39C</key>
		<dict>
			<key>fileRef</key>
			<string>8B22E20019FD35E60006E39C</string>
			<key>isa</key>
			<string>PBXBuildFile</string>
		</dict>
		<key>8B22E20219FD35ED0006E39C</key>
		<dict>
			<key>isa</key>
			<string>PBXFileReference</string>
			<key>lastKnownFileType</key>
			<string>wrapper.framework</string>
			<key>name</key>
			<string>StoreKit.framework</string>
			<key>path</key>
			<string>System/Library/Frameworks/StoreKit.framework</string>
			<key>sourceTree</key>
			<string>SDKROOT</string>
		</dict>
		<key>8B22E20319FD35ED0006E39C</key>
		<dict>
			<key>fileRef</key>
			<string>8B22E20219FD35ED0006E39C</string>
			<key>isa</key>
			<string>PBXBuildFile</string>
		</dict>
		<key>8B22E20419FD35F30006E39C</key>
		<dict>
			<key>isa</key>
			<string>PBXFileReference</string>
			<key>lastKnownFileType</key>
			<string>wrapper.framework</string>
			<key>name</key>
			<string>SystemConfiguration.framework</string>
			<key>path</key>
			<string>System/Library/Frameworks/SystemConfiguration.framework</string>
			<key>sourceTree</key>
			<string>SDKROOT</string>
		</dict>
		<key>8B22E20519FD35F30006E39C</key>
		<dict>
			<key>fileRef</key>
			<string>8B22E20419FD35F30006E39C</string>
			<key>isa</key>
			<string>PBXBuildFile</string>
		</dict>
		<key>8B22E20619FD37930006E39C</key>
		<dict>
			<key>isa</key>
			<string>PBXFileReference</string>
			<key>lastKnownFileType</key>
			<string>sourcecode.c.h</string>
			<key>path</key>
			<string>Swift_Bridging_Header.h</string>
			<key>sourceTree</key>
			<string>&lt;group&gt;</string>
		</dict>
		<key>8B22E26D19FD3A090006E39C</key>
		<dict>
			<key>isa</key>
			<string>PBXFileReference</string>
			<key>lastKnownFileType</key>
			<string>wrapper.framework</string>
			<key>name</key>
			<string>Security.framework</string>
			<key>path</key>
			<string>System/Library/Frameworks/Security.framework</string>
			<key>sourceTree</key>
			<string>SDKROOT</string>
		</dict>
		<key>8B22E26E19FD3A0A0006E39C</key>
		<dict>
			<key>fileRef</key>
			<string>8B22E26D19FD3A090006E39C</string>
			<key>isa</key>
			<string>PBXBuildFile</string>
		</dict>
		<key>8B22E26F19FE7A110006E39C</key>
		<dict>
			<key>fileEncoding</key>
			<string>4</string>
			<key>isa</key>
			<string>PBXFileReference</string>
			<key>lastKnownFileType</key>
			<string>sourcecode.swift</string>
			<key>path</key>
			<string>GreedyPlayer.swift</string>
			<key>sourceTree</key>
			<string>&lt;group&gt;</string>
		</dict>
		<key>8B22E27019FE7A110006E39C</key>
		<dict>
			<key>fileRef</key>
			<string>8B22E26F19FE7A110006E39C</string>
			<key>isa</key>
			<string>PBXBuildFile</string>
		</dict>
		<key>8B22E27119FE7A270006E39C</key>
		<dict>
			<key>children</key>
			<array>
				<string>8B74E1F019F9EE6900B5E87E</string>
				<string>8B74E1F319F9EE6900B5E87E</string>
				<string>8B22E1BD19FC073B0006E39C</string>
				<string>8B22E26F19FE7A110006E39C</string>
				<string>8B22E27219FE7A450006E39C</string>
				<string>8B15FEAF1A0BBB4E00A8C998</string>
				<string>8B2517A11A13B03800B700F3</string>
				<string>8B07152E1A49B0230089C25B</string>
				<string>8B50B0CD1A3D3EDC0057C14A</string>
				<string>8B50B0CF1A3D41480057C14A</string>
				<string>8B50B0D11A3D48C80057C14A</string>
			</array>
			<key>isa</key>
			<string>PBXGroup</string>
			<key>name</key>
			<string>Player</string>
			<key>sourceTree</key>
			<string>&lt;group&gt;</string>
		</dict>
		<key>8B22E27219FE7A450006E39C</key>
		<dict>
			<key>fileEncoding</key>
			<string>4</string>
			<key>isa</key>
			<string>PBXFileReference</string>
			<key>lastKnownFileType</key>
			<string>sourcecode.swift</string>
			<key>path</key>
			<string>ComputerPlayer.swift</string>
			<key>sourceTree</key>
			<string>&lt;group&gt;</string>
		</dict>
		<key>8B22E27319FE7A450006E39C</key>
		<dict>
			<key>fileRef</key>
			<string>8B22E27219FE7A450006E39C</string>
			<key>isa</key>
			<string>PBXBuildFile</string>
		</dict>
		<key>8B22E27419FFE0890006E39C</key>
		<dict>
			<key>fileEncoding</key>
			<string>4</string>
			<key>isa</key>
			<string>PBXFileReference</string>
			<key>lastKnownFileType</key>
			<string>sourcecode.swift</string>
			<key>path</key>
			<string>Evaluator.swift</string>
			<key>sourceTree</key>
			<string>&lt;group&gt;</string>
		</dict>
		<key>8B22E27519FFE0890006E39C</key>
		<dict>
			<key>fileRef</key>
			<string>8B22E27419FFE0890006E39C</string>
			<key>isa</key>
			<string>PBXBuildFile</string>
		</dict>
		<key>8B22E27619FFE1080006E39C</key>
		<dict>
			<key>fileEncoding</key>
			<string>4</string>
			<key>isa</key>
			<string>PBXFileReference</string>
			<key>lastKnownFileType</key>
			<string>sourcecode.swift</string>
			<key>path</key>
			<string>ClassicalEvaluator.swift</string>
			<key>sourceTree</key>
			<string>&lt;group&gt;</string>
		</dict>
		<key>8B22E27719FFE1080006E39C</key>
		<dict>
			<key>fileRef</key>
			<string>8B22E27619FFE1080006E39C</string>
			<key>isa</key>
			<string>PBXBuildFile</string>
		</dict>
		<key>8B22E2781A011C550006E39C</key>
		<dict>
			<key>fileEncoding</key>
			<string>4</string>
			<key>isa</key>
			<string>PBXFileReference</string>
			<key>lastKnownFileType</key>
			<string>sourcecode.swift</string>
			<key>path</key>
			<string>ProofSolver.swift</string>
			<key>sourceTree</key>
			<string>&lt;group&gt;</string>
		</dict>
		<key>8B22E2791A011C550006E39C</key>
		<dict>
			<key>fileRef</key>
			<string>8B22E2781A011C550006E39C</string>
			<key>isa</key>
			<string>PBXBuildFile</string>
		</dict>
		<key>8B22E27A1A011CD20006E39C</key>
		<dict>
			<key>fileEncoding</key>
			<string>4</string>
			<key>isa</key>
			<string>PBXFileReference</string>
			<key>lastKnownFileType</key>
			<string>sourcecode.swift</string>
			<key>path</key>
			<string>SimpleProofSolver.swift</string>
			<key>sourceTree</key>
			<string>&lt;group&gt;</string>
		</dict>
		<key>8B22E27B1A011CD20006E39C</key>
		<dict>
			<key>fileRef</key>
			<string>8B22E27A1A011CD20006E39C</string>
			<key>isa</key>
			<string>PBXBuildFile</string>
		</dict>
		<key>8B22E27C1A0278730006E39C</key>
		<dict>
			<key>fileEncoding</key>
			<string>4</string>
			<key>isa</key>
			<string>PBXFileReference</string>
			<key>lastKnownFileType</key>
			<string>sourcecode.swift</string>
			<key>path</key>
			<string>Stack.swift</string>
			<key>sourceTree</key>
			<string>&lt;group&gt;</string>
		</dict>
		<key>8B22E27D1A0278730006E39C</key>
		<dict>
			<key>fileRef</key>
			<string>8B22E27C1A0278730006E39C</string>
			<key>isa</key>
			<string>PBXBuildFile</string>
		</dict>
		<key>8B22E2801A0280C30006E39C</key>
		<dict>
			<key>fileEncoding</key>
			<string>4</string>
			<key>isa</key>
			<string>PBXFileReference</string>
			<key>lastKnownFileType</key>
			<string>sourcecode.swift</string>
			<key>path</key>
			<string>BoardBuilder.swift</string>
			<key>sourceTree</key>
			<string>&lt;group&gt;</string>
		</dict>
		<key>8B22E2811A0280C30006E39C</key>
		<dict>
			<key>fileRef</key>
			<string>8B22E2801A0280C30006E39C</string>
			<key>isa</key>
			<string>PBXBuildFile</string>
		</dict>
		<key>8B2517A11A13B03800B700F3</key>
		<dict>
			<key>fileEncoding</key>
			<string>4</string>
			<key>isa</key>
			<string>PBXFileReference</string>
			<key>lastKnownFileType</key>
			<string>sourcecode.swift</string>
			<key>path</key>
			<string>SimpleSearchStaticEvaluationPlayer.swift</string>
			<key>sourceTree</key>
			<string>&lt;group&gt;</string>
		</dict>
		<key>8B2517A21A13B03800B700F3</key>
		<dict>
			<key>fileRef</key>
			<string>8B2517A11A13B03800B700F3</string>
			<key>isa</key>
			<string>PBXBuildFile</string>
		</dict>
		<key>8B2517A31A164E9500B700F3</key>
		<dict>
			<key>fileEncoding</key>
			<string>4</string>
			<key>isa</key>
			<string>PBXFileReference</string>
			<key>lastKnownFileType</key>
			<string>sourcecode.swift</string>
			<key>path</key>
			<string>Utils.swift</string>
			<key>sourceTree</key>
			<string>&lt;group&gt;</string>
		</dict>
		<key>8B2517A41A164E9500B700F3</key>
		<dict>
			<key>fileRef</key>
			<string>8B2517A31A164E9500B700F3</string>
			<key>isa</key>
			<string>PBXBuildFile</string>
		</dict>
		<key>8B3C98121D0415A2009AF5E2</key>
		<dict>
			<key>isa</key>
			<string>PBXFileReference</string>
			<key>lastKnownFileType</key>
			<string>wrapper.framework</string>
			<key>name</key>
			<string>AdSupport.framework</string>
			<key>path</key>
			<string>System/Library/Frameworks/AdSupport.framework</string>
			<key>sourceTree</key>
			<string>SDKROOT</string>
		</dict>
		<key>8B3C98131D0415A3009AF5E2</key>
		<dict>
			<key>fileRef</key>
			<string>8B3C98121D0415A2009AF5E2</string>
			<key>isa</key>
			<string>PBXBuildFile</string>
		</dict>
		<key>8B3C981B1D041E34009AF5E2</key>
		<dict>
			<key>isa</key>
			<string>PBXFileReference</string>
			<key>lastKnownFileType</key>
			<string>wrapper.framework</string>
			<key>path</key>
			<string>GoogleMobileAds.framework</string>
			<key>sourceTree</key>
			<string>&lt;group&gt;</string>
		</dict>
		<key>8B3C981C1D041E34009AF5E2</key>
		<dict>
			<key>fileRef</key>
			<string>8B3C981B1D041E34009AF5E2</string>
			<key>isa</key>
			<string>PBXBuildFile</string>
		</dict>
		<key>8B4E16791A03B8B900BE87E2</key>
		<dict>
			<key>fileRef</key>
			<string>8B22E27A1A011CD20006E39C</string>
			<key>isa</key>
			<string>PBXBuildFile</string>
		</dict>
		<key>8B4E167A1A03B8CF00BE87E2</key>
		<dict>
			<key>fileRef</key>
			<string>8B22E2781A011C550006E39C</string>
			<key>isa</key>
			<string>PBXBuildFile</string>
		</dict>
		<key>8B4E167B1A03B8DA00BE87E2</key>
		<dict>
			<key>fileRef</key>
			<string>8B74E1EA19F9EE6900B5E87E</string>
			<key>isa</key>
			<string>PBXBuildFile</string>
		</dict>
		<key>8B4E167C1A03B8E300BE87E2</key>
		<dict>
			<key>fileRef</key>
			<string>8B74E1E919F9EE6900B5E87E</string>
			<key>isa</key>
			<string>PBXBuildFile</string>
		</dict>
		<key>8B4E167D1A03BB4000BE87E2</key>
		<dict>
			<key>fileEncoding</key>
			<string>4</string>
			<key>isa</key>
			<string>PBXFileReference</string>
			<key>lastKnownFileType</key>
			<string>sourcecode.swift</string>
			<key>path</key>
			<string>GameViewScene.swift</string>
			<key>sourceTree</key>
			<string>&lt;group&gt;</string>
		</dict>
		<key>8B4E167E1A03BB4000BE87E2</key>
		<dict>
			<key>fileRef</key>
			<string>8B4E167D1A03BB4000BE87E2</string>
			<key>isa</key>
			<string>PBXBuildFile</string>
		</dict>
		<key>8B4E167F1A03BBE300BE87E2</key>
		<dict>
			<key>fileRef</key>
			<string>8B74E1E819F9EE6900B5E87E</string>
			<key>isa</key>
			<string>PBXBuildFile</string>
		</dict>
		<key>8B4E16801A03BC1700BE87E2</key>
		<dict>
			<key>fileRef</key>
			<string>8B22E27419FFE0890006E39C</string>
			<key>isa</key>
			<string>PBXBuildFile</string>
		</dict>
		<key>8B4E16811A03BC3100BE87E2</key>
		<dict>
			<key>fileRef</key>
			<string>8B22E1C119FC80C50006E39C</string>
			<key>isa</key>
			<string>PBXBuildFile</string>
		</dict>
		<key>8B4E16821A03BC3100BE87E2</key>
		<dict>
			<key>fileRef</key>
			<string>8B22E27C1A0278730006E39C</string>
			<key>isa</key>
			<string>PBXBuildFile</string>
		</dict>
		<key>8B4E16831A03BC6400BE87E2</key>
		<dict>
			<key>fileRef</key>
			<string>8B22E2801A0280C30006E39C</string>
			<key>isa</key>
			<string>PBXBuildFile</string>
		</dict>
		<key>8B50B0CD1A3D3EDC0057C14A</key>
		<dict>
			<key>fileEncoding</key>
			<string>4</string>
			<key>isa</key>
			<string>PBXFileReference</string>
			<key>lastKnownFileType</key>
			<string>sourcecode.swift</string>
			<key>path</key>
			<string>TreeSearchWithPerturbationPlayer.swift</string>
			<key>sourceTree</key>
			<string>&lt;group&gt;</string>
		</dict>
		<key>8B50B0CE1A3D3EDC0057C14A</key>
		<dict>
			<key>fileRef</key>
			<string>8B50B0CD1A3D3EDC0057C14A</string>
			<key>isa</key>
			<string>PBXBuildFile</string>
		</dict>
		<key>8B50B0CF1A3D41480057C14A</key>
		<dict>
			<key>fileEncoding</key>
			<string>4</string>
			<key>isa</key>
			<string>PBXFileReference</string>
			<key>lastKnownFileType</key>
			<string>sourcecode.swift</string>
			<key>path</key>
			<string>LeftyPlayer.swift</string>
			<key>sourceTree</key>
			<string>&lt;group&gt;</string>
		</dict>
		<key>8B50B0D01A3D41480057C14A</key>
		<dict>
			<key>fileRef</key>
			<string>8B50B0CF1A3D41480057C14A</string>
			<key>isa</key>
			<string>PBXBuildFile</string>
		</dict>
		<key>8B50B0D11A3D48C80057C14A</key>
		<dict>
			<key>fileEncoding</key>
			<string>4</string>
			<key>isa</key>
			<string>PBXFileReference</string>
			<key>lastKnownFileType</key>
			<string>sourcecode.swift</string>
			<key>path</key>
			<string>SwingPlayer.swift</string>
			<key>sourceTree</key>
			<string>&lt;group&gt;</string>
		</dict>
		<key>8B50B0D21A3D48C80057C14A</key>
		<dict>
			<key>fileRef</key>
			<string>8B50B0D11A3D48C80057C14A</string>
			<key>isa</key>
			<string>PBXBuildFile</string>
		</dict>
		<key>8B50B0D31A3D78EC0057C14A</key>
		<dict>
			<key>fileEncoding</key>
			<string>4</string>
			<key>isa</key>
			<string>PBXFileReference</string>
			<key>lastKnownFileType</key>
			<string>sourcecode.swift</string>
			<key>path</key>
			<string>SimpleEvaluator.swift</string>
			<key>sourceTree</key>
			<string>&lt;group&gt;</string>
		</dict>
		<key>8B50B0D41A3D78EC0057C14A</key>
		<dict>
			<key>fileRef</key>
			<string>8B50B0D31A3D78EC0057C14A</string>
			<key>isa</key>
			<string>PBXBuildFile</string>
		</dict>
		<key>8B52D3D61A61849C0051F7D2</key>
		<dict>
			<key>fileEncoding</key>
			<string>4</string>
			<key>isa</key>
			<string>PBXFileReference</string>
			<key>lastKnownFileType</key>
			<string>sourcecode.swift</string>
			<key>path</key>
			<string>Appearance.swift</string>
			<key>sourceTree</key>
			<string>&lt;group&gt;</string>
		</dict>
		<key>8B52D3D71A61849C0051F7D2</key>
		<dict>
			<key>fileRef</key>
			<string>8B52D3D61A61849C0051F7D2</string>
			<key>isa</key>
			<string>PBXBuildFile</string>
		</dict>
		<key>8B60ED281A3AF9D20062AACC</key>
		<dict>
			<key>children</key>
			<array>
				<string>8B07152A1A46AD7D0089C25B</string>
				<string>8B60ED291A3AF9F60062AACC</string>
			</array>
			<key>isa</key>
			<string>PBXGroup</string>
			<key>name</key>
			<string>Search</string>
			<key>sourceTree</key>
			<string>&lt;group&gt;</string>
		</dict>
		<key>8B60ED291A3AF9F60062AACC</key>
		<dict>
			<key>fileEncoding</key>
			<string>4</string>
			<key>isa</key>
			<string>PBXFileReference</string>
			<key>lastKnownFileType</key>
			<string>sourcecode.swift</string>
			<key>path</key>
			<string>Search.swift</string>
			<key>sourceTree</key>
			<string>&lt;group&gt;</string>
		</dict>
		<key>8B60ED2A1A3AF9F60062AACC</key>
		<dict>
			<key>fileRef</key>
			<string>8B60ED291A3AF9F60062AACC</string>
			<key>isa</key>
			<string>PBXBuildFile</string>
		</dict>
		<key>8B60ED2F1A3B16C80062AACC</key>
		<dict>
			<key>children</key>
			<array>
				<string>8B22E27419FFE0890006E39C</string>
				<string>8B22E27619FFE1080006E39C</string>
				<string>8B50B0D31A3D78EC0057C14A</string>
			</array>
			<key>isa</key>
			<string>PBXGroup</string>
			<key>name</key>
			<string>Evaluation</string>
			<key>sourceTree</key>
			<string>&lt;group&gt;</string>
		</dict>
		<key>8B60ED301A3B16E50062AACC</key>
		<dict>
			<key>children</key>
			<array>
				<string>8B74E1E819F9EE6900B5E87E</string>
				<string>8B22E2801A0280C30006E39C</string>
				<string>8B74E1E919F9EE6900B5E87E</string>
				<string>8B1F94411A2306D1001F42D7</string>
				<string>8B1683851A404AB600C64E93</string>
				<string>8B74E1EA19F9EE6900B5E87E</string>
				<string>8B22E1BF19FC75100006E39C</string>
			</array>
			<key>isa</key>
			<string>PBXGroup</string>
			<key>name</key>
			<string>Board</string>
			<key>sourceTree</key>
			<string>&lt;group&gt;</string>
		</dict>
		<key>8B60ED311A3B16F40062AACC</key>
		<dict>
			<key>children</key>
			<array>
				<string>8B22E2781A011C550006E39C</string>
				<string>8B22E27A1A011CD20006E39C</string>
			</array>
			<key>isa</key>
			<string>PBXGroup</string>
			<key>name</key>
			<string>ProofSolver</string>
			<key>sourceTree</key>
			<string>&lt;group&gt;</string>
		</dict>
		<key>8B714E171A4EF115001C2D89</key>
		<dict>
			<key>children</key>
			<array>
				<string>8B2517A31A164E9500B700F3</string>
				<string>8B22E1C119FC80C50006E39C</string>
				<string>8B22E27C1A0278730006E39C</string>
				<string>8B74E1F219F9EE6900B5E87E</string>
			</array>
			<key>isa</key>
			<string>PBXGroup</string>
			<key>name</key>
			<string>Utils</string>
			<key>sourceTree</key>
			<string>&lt;group&gt;</string>
		</dict>
		<key>8B714E181A4EF122001C2D89</key>
		<dict>
			<key>children</key>
			<array>
				<string>8B0715301A4B00430089C25B</string>
				<string>8B0715311A4B00430089C25B</string>
				<string>8BBE916D1A4B03EC00212FFF</string>
			</array>
			<key>isa</key>
			<string>PBXGroup</string>
			<key>name</key>
			<string>Intrinsics</string>
			<key>sourceTree</key>
			<string>&lt;group&gt;</string>
		</dict>
		<key>8B714E191A4FAF86001C2D89</key>
		<dict>
			<key>fileEncoding</key>
			<string>4</string>
			<key>isa</key>
			<string>PBXFileReference</string>
			<key>lastKnownFileType</key>
			<string>sourcecode.swift</string>
			<key>path</key>
			<string>AppearanceSelectionViewController.swift</string>
			<key>sourceTree</key>
			<string>&lt;group&gt;</string>
		</dict>
		<key>8B714E1A1A4FAF87001C2D89</key>
		<dict>
			<key>fileRef</key>
			<string>8B714E191A4FAF86001C2D89</string>
			<key>isa</key>
			<string>PBXBuildFile</string>
		</dict>
		<key>8B74E1B619F9ED9600B5E87E</key>
		<dict>
			<key>children</key>
			<array>
				<string>8B3C981B1D041E34009AF5E2</string>
				<string>8B3C98121D0415A2009AF5E2</string>
				<string>8BF7A8421AC8547600155114</string>
				<string>8BF7A8431AC8547600155114</string>
				<string>8BF7A8441AC8547600155114</string>
				<string>8B22E26D19FD3A090006E39C</string>
				<string>8B22E20419FD35F30006E39C</string>
				<string>8B22E20219FD35ED0006E39C</string>
				<string>8B22E20019FD35E60006E39C</string>
				<string>8B22E1FE19FD35E00006E39C</string>
				<string>8B22E1FC19FD35DA0006E39C</string>
				<string>8B22E1FA19FD35D20006E39C</string>
				<string>8B22E1F819FD35CC0006E39C</string>
				<string>8B22E1F619FD35C30006E39C</string>
				<string>8B22E1F419FD35BC0006E39C</string>
				<string>8B74E1C119F9ED9600B5E87E</string>
				<string>8B74E1DB19F9ED9700B5E87E</string>
				<string>8B74E1C019F9ED9600B5E87E</string>
				<string>41D32DD76AF84D663AA67F64</string>
				<string>C140F84A0D53F7D05C8C75A5</string>
			</array>
			<key>isa</key>
			<string>PBXGroup</string>
			<key>sourceTree</key>
			<string>&lt;group&gt;</string>
		</dict>
		<key>8B74E1B719F9ED9600B5E87E</key>
		<dict>
			<key>attributes</key>
			<dict>
				<key>LastSwiftUpdateCheck</key>
				<string>0730</string>
				<key>LastUpgradeCheck</key>
				<string>0730</string>
				<key>ORGANIZATIONNAME</key>
				<string>Yoshinori Kodama</string>
				<key>TargetAttributes</key>
				<dict>
					<key>8B74E1BE19F9ED9600B5E87E</key>
					<dict>
						<key>CreatedOnToolsVersion</key>
						<string>6.1</string>
						<key>DevelopmentTeam</key>
						<string>X946KV89SN</string>
					</dict>
					<key>8B74E1D719F9ED9700B5E87E</key>
					<dict>
						<key>CreatedOnToolsVersion</key>
						<string>6.1</string>
						<key>TestTargetID</key>
						<string>8B74E1BE19F9ED9600B5E87E</string>
					</dict>
				</dict>
			</dict>
			<key>buildConfigurationList</key>
			<string>8B74E1BA19F9ED9600B5E87E</string>
			<key>compatibilityVersion</key>
			<string>Xcode 3.2</string>
			<key>developmentRegion</key>
			<string>English</string>
			<key>hasScannedForEncodings</key>
			<string>0</string>
			<key>isa</key>
			<string>PBXProject</string>
			<key>knownRegions</key>
			<array>
				<string>en</string>
				<string>Base</string>
			</array>
			<key>mainGroup</key>
			<string>8B74E1B619F9ED9600B5E87E</string>
			<key>productRefGroup</key>
			<string>8B74E1C019F9ED9600B5E87E</string>
			<key>projectDirPath</key>
			<string></string>
			<key>projectReferences</key>
			<array/>
			<key>projectRoot</key>
			<string></string>
			<key>targets</key>
			<array>
				<string>8B74E1BE19F9ED9600B5E87E</string>
				<string>8B74E1D719F9ED9700B5E87E</string>
			</array>
		</dict>
		<key>8B74E1BA19F9ED9600B5E87E</key>
		<dict>
			<key>buildConfigurations</key>
			<array>
				<string>8B74E1E019F9ED9700B5E87E</string>
				<string>8B74E1E119F9ED9700B5E87E</string>
			</array>
			<key>defaultConfigurationIsVisible</key>
			<string>0</string>
			<key>defaultConfigurationName</key>
			<string>Release</string>
			<key>isa</key>
			<string>XCConfigurationList</string>
		</dict>
		<key>8B74E1BB19F9ED9600B5E87E</key>
		<dict>
			<key>buildActionMask</key>
			<string>2147483647</string>
			<key>files</key>
			<array>
				<string>8B74E1C919F9ED9700B5E87E</string>
				<string>8B74E1FC19F9EE6900B5E87E</string>
				<string>8B22E27019FE7A110006E39C</string>
				<string>8B22E27719FFE1080006E39C</string>
				<string>8B50B0D41A3D78EC0057C14A</string>
				<string>8B22E2811A0280C30006E39C</string>
				<string>8B22E1C219FC80C50006E39C</string>
				<string>8B2517A21A13B03800B700F3</string>
				<string>8B22E27519FFE0890006E39C</string>
				<string>8B50B0CE1A3D3EDC0057C14A</string>
				<string>8B2517A41A164E9500B700F3</string>
				<string>8B22E1C019FC75100006E39C</string>
				<string>8B07152B1A46AD7D0089C25B</string>
				<string>8B74E1FD19F9EE6900B5E87E</string>
				<string>8B714E1A1A4FAF87001C2D89</string>
				<string>8B74E20019F9EE6900B5E87E</string>
				<string>8B22E2791A011C550006E39C</string>
				<string>8B74E20219F9EE6900B5E87E</string>
				<string>8B74E1F919F9EE6900B5E87E</string>
				<string>8B1F94421A2306D1001F42D7</string>
				<string>8B1683861A404AB600C64E93</string>
				<string>8B22E27B1A011CD20006E39C</string>
				<string>8B15FEB01A0BBB4E00A8C998</string>
				<string>8B74E1CB19F9ED9700B5E87E</string>
				<string>8B22E27319FE7A450006E39C</string>
				<string>8B4E167E1A03BB4000BE87E2</string>
				<string>8B74E1F819F9EE6900B5E87E</string>
				<string>8B74E1F719F9EE6900B5E87E</string>
				<string>8B74E20119F9EE6900B5E87E</string>
				<string>8B74E1FE19F9EE6900B5E87E</string>
				<string>8B50B0D21A3D48C80057C14A</string>
				<string>8B74E1C519F9ED9700B5E87E</string>
				<string>8B22E27D1A0278730006E39C</string>
				<string>8B60ED2A1A3AF9F60062AACC</string>
				<string>8B0715321A4B00440089C25B</string>
				<string>8B74E1FF19F9EE6900B5E87E</string>
				<string>8B52D3D71A61849C0051F7D2</string>
				<string>8B22E1BC19FBAE400006E39C</string>
				<string>8B74E20319F9EE6900B5E87E</string>
				<string>8B22E1BA19FAAC0C0006E39C</string>
				<string>8B07152F1A49B0230089C25B</string>
				<string>8B50B0D01A3D41480057C14A</string>
				<string>8B22E1BE19FC073B0006E39C</string>
				<string>8B74E20519F9EE6900B5E87E</string>
				<string>8BF2C4AB1A4D860000F22AB4</string>
			</array>
			<key>isa</key>
			<string>PBXSourcesBuildPhase</string>
			<key>runOnlyForDeploymentPostprocessing</key>
			<string>0</string>
		</dict>
		<key>8B74E1BC19F9ED9600B5E87E</key>
		<dict>
			<key>buildActionMask</key>
			<string>2147483647</string>
			<key>files</key>
			<array>
				<string>8B3C98131D0415A3009AF5E2</string>
				<string>8BF7A8451AC8547600155114</string>
				<string>8B3C981C1D041E34009AF5E2</string>
				<string>8BF7A8461AC8547600155114</string>
				<string>8BF7A8471AC8547600155114</string>
				<string>8B22E26E19FD3A0A0006E39C</string>
				<string>8B22E20519FD35F30006E39C</string>
				<string>8B22E20319FD35ED0006E39C</string>
				<string>8B22E20119FD35E60006E39C</string>
				<string>8B22E1FF19FD35E00006E39C</string>
				<string>8B22E1FD19FD35DA0006E39C</string>
				<string>8B22E1FB19FD35D20006E39C</string>
				<string>8B22E1F919FD35CC0006E39C</string>
				<string>8B22E1F719FD35C30006E39C</string>
				<string>8B22E1F519FD35BC0006E39C</string>
				<string>5C61B2DF36492428104A769A</string>
			</array>
			<key>isa</key>
			<string>PBXFrameworksBuildPhase</string>
			<key>runOnlyForDeploymentPostprocessing</key>
			<string>0</string>
		</dict>
		<key>8B74E1BD19F9ED9600B5E87E</key>
		<dict>
			<key>buildActionMask</key>
			<string>2147483647</string>
			<key>files</key>
			<array>
				<string>8B74E1D319F9ED9700B5E87E</string>
				<string>8B74E1D019F9ED9700B5E87E</string>
				<string>8B74E1C719F9ED9700B5E87E</string>
				<string>8B74E1CE19F9ED9700B5E87E</string>
			</array>
			<key>isa</key>
			<string>PBXResourcesBuildPhase</string>
			<key>runOnlyForDeploymentPostprocessing</key>
			<string>0</string>
		</dict>
		<key>8B74E1BE19F9ED9600B5E87E</key>
		<dict>
			<key>buildConfigurationList</key>
			<string>8B74E1E219F9ED9700B5E87E</string>
			<key>buildPhases</key>
			<array>
				<string>2699CBCF204556D01333ECCD</string>
				<string>8B74E1BB19F9ED9600B5E87E</string>
				<string>8B74E1BC19F9ED9600B5E87E</string>
				<string>8B74E1BD19F9ED9600B5E87E</string>
				<string>4A3B03C16287F249BC8AFBE0</string>
				<string>FA78D2CFED8E158A7503E529</string>
			</array>
			<key>buildRules</key>
			<array/>
			<key>dependencies</key>
			<array/>
			<key>isa</key>
			<string>PBXNativeTarget</string>
			<key>name</key>
			<string>FlatReversi</string>
			<key>productName</key>
			<string>FlatReversi</string>
			<key>productReference</key>
			<string>8B74E1BF19F9ED9600B5E87E</string>
			<key>productType</key>
			<string>com.apple.product-type.application</string>
		</dict>
		<key>8B74E1BF19F9ED9600B5E87E</key>
		<dict>
			<key>explicitFileType</key>
			<string>wrapper.application</string>
			<key>includeInIndex</key>
			<string>0</string>
			<key>isa</key>
			<string>PBXFileReference</string>
			<key>path</key>
			<string>FlatReversi.app</string>
			<key>sourceTree</key>
			<string>BUILT_PRODUCTS_DIR</string>
		</dict>
		<key>8B74E1C019F9ED9600B5E87E</key>
		<dict>
			<key>children</key>
			<array>
				<string>8B74E1BF19F9ED9600B5E87E</string>
				<string>8B74E1D819F9ED9700B5E87E</string>
			</array>
			<key>isa</key>
			<string>PBXGroup</string>
			<key>name</key>
			<string>Products</string>
			<key>sourceTree</key>
			<string>&lt;group&gt;</string>
		</dict>
		<key>8B74E1C119F9ED9600B5E87E</key>
		<dict>
			<key>children</key>
			<array>
				<string>8B60ED301A3B16E50062AACC</string>
				<string>8B60ED281A3AF9D20062AACC</string>
				<string>8B714E171A4EF115001C2D89</string>
				<string>8B714E181A4EF122001C2D89</string>
				<string>8B60ED2F1A3B16C80062AACC</string>
				<string>8B60ED311A3B16F40062AACC</string>
				<string>8B22E27119FE7A270006E39C</string>
				<string>8BD84BD11A8759500085FAFA</string>
				<string>8B74E1C419F9ED9700B5E87E</string>
				<string>8B74E1C819F9ED9700B5E87E</string>
				<string>8B4E167D1A03BB4000BE87E2</string>
				<string>8BD84BD21A8759680085FAFA</string>
				<string>8B22E20619FD37930006E39C</string>
				<string>8B74E1C619F9ED9700B5E87E</string>
				<string>8B74E1CC19F9ED9700B5E87E</string>
				<string>8B74E1CF19F9ED9700B5E87E</string>
				<string>8B74E1D119F9ED9700B5E87E</string>
				<string>8B74E1C219F9ED9600B5E87E</string>
			</array>
			<key>isa</key>
			<string>PBXGroup</string>
			<key>path</key>
			<string>FlatReversi</string>
			<key>sourceTree</key>
			<string>&lt;group&gt;</string>
		</dict>
		<key>8B74E1C219F9ED9600B5E87E</key>
		<dict>
			<key>children</key>
			<array>
				<string>8B74E1C319F9ED9600B5E87E</string>
			</array>
			<key>isa</key>
			<string>PBXGroup</string>
			<key>name</key>
			<string>Supporting Files</string>
			<key>sourceTree</key>
			<string>&lt;group&gt;</string>
		</dict>
		<key>8B74E1C319F9ED9600B5E87E</key>
		<dict>
			<key>isa</key>
			<string>PBXFileReference</string>
			<key>lastKnownFileType</key>
			<string>text.plist.xml</string>
			<key>path</key>
			<string>Info.plist</string>
			<key>sourceTree</key>
			<string>&lt;group&gt;</string>
		</dict>
		<key>8B74E1C419F9ED9700B5E87E</key>
		<dict>
			<key>isa</key>
			<string>PBXFileReference</string>
			<key>lastKnownFileType</key>
			<string>sourcecode.swift</string>
			<key>path</key>
			<string>AppDelegate.swift</string>
			<key>sourceTree</key>
			<string>&lt;group&gt;</string>
		</dict>
		<key>8B74E1C519F9ED9700B5E87E</key>
		<dict>
			<key>fileRef</key>
			<string>8B74E1C419F9ED9700B5E87E</string>
			<key>isa</key>
			<string>PBXBuildFile</string>
		</dict>
		<key>8B74E1C619F9ED9700B5E87E</key>
		<dict>
			<key>isa</key>
			<string>PBXFileReference</string>
			<key>lastKnownFileType</key>
			<string>file.sks</string>
			<key>path</key>
			<string>GameScene.sks</string>
			<key>sourceTree</key>
			<string>&lt;group&gt;</string>
		</dict>
		<key>8B74E1C719F9ED9700B5E87E</key>
		<dict>
			<key>fileRef</key>
			<string>8B74E1C619F9ED9700B5E87E</string>
			<key>isa</key>
			<string>PBXBuildFile</string>
		</dict>
		<key>8B74E1C819F9ED9700B5E87E</key>
		<dict>
			<key>isa</key>
			<string>PBXFileReference</string>
			<key>lastKnownFileType</key>
			<string>sourcecode.swift</string>
			<key>path</key>
			<string>GameScene.swift</string>
			<key>sourceTree</key>
			<string>&lt;group&gt;</string>
		</dict>
		<key>8B74E1C919F9ED9700B5E87E</key>
		<dict>
			<key>fileRef</key>
			<string>8B74E1C819F9ED9700B5E87E</string>
			<key>isa</key>
			<string>PBXBuildFile</string>
		</dict>
		<key>8B74E1CA19F9ED9700B5E87E</key>
		<dict>
			<key>isa</key>
			<string>PBXFileReference</string>
			<key>lastKnownFileType</key>
			<string>sourcecode.swift</string>
			<key>path</key>
			<string>GameViewController.swift</string>
			<key>sourceTree</key>
			<string>&lt;group&gt;</string>
		</dict>
		<key>8B74E1CB19F9ED9700B5E87E</key>
		<dict>
			<key>fileRef</key>
			<string>8B74E1CA19F9ED9700B5E87E</string>
			<key>isa</key>
			<string>PBXBuildFile</string>
		</dict>
		<key>8B74E1CC19F9ED9700B5E87E</key>
		<dict>
			<key>children</key>
			<array>
				<string>8B74E1CD19F9ED9700B5E87E</string>
			</array>
			<key>isa</key>
			<string>PBXVariantGroup</string>
			<key>name</key>
			<string>Main.storyboard</string>
			<key>sourceTree</key>
			<string>&lt;group&gt;</string>
		</dict>
		<key>8B74E1CD19F9ED9700B5E87E</key>
		<dict>
			<key>isa</key>
			<string>PBXFileReference</string>
			<key>lastKnownFileType</key>
			<string>file.storyboard</string>
			<key>name</key>
			<string>Base</string>
			<key>path</key>
			<string>Base.lproj/Main.storyboard</string>
			<key>sourceTree</key>
			<string>&lt;group&gt;</string>
		</dict>
		<key>8B74E1CE19F9ED9700B5E87E</key>
		<dict>
			<key>fileRef</key>
			<string>8B74E1CC19F9ED9700B5E87E</string>
			<key>isa</key>
			<string>PBXBuildFile</string>
		</dict>
		<key>8B74E1CF19F9ED9700B5E87E</key>
		<dict>
			<key>isa</key>
			<string>PBXFileReference</string>
			<key>lastKnownFileType</key>
			<string>folder.assetcatalog</string>
			<key>path</key>
			<string>Images.xcassets</string>
			<key>sourceTree</key>
			<string>&lt;group&gt;</string>
		</dict>
		<key>8B74E1D019F9ED9700B5E87E</key>
		<dict>
			<key>fileRef</key>
			<string>8B74E1CF19F9ED9700B5E87E</string>
			<key>isa</key>
			<string>PBXBuildFile</string>
		</dict>
		<key>8B74E1D119F9ED9700B5E87E</key>
		<dict>
			<key>children</key>
			<array>
				<string>8B74E1D219F9ED9700B5E87E</string>
			</array>
			<key>isa</key>
			<string>PBXVariantGroup</string>
			<key>name</key>
			<string>LaunchScreen.xib</string>
			<key>sourceTree</key>
			<string>&lt;group&gt;</string>
		</dict>
		<key>8B74E1D219F9ED9700B5E87E</key>
		<dict>
			<key>isa</key>
			<string>PBXFileReference</string>
			<key>lastKnownFileType</key>
			<string>file.xib</string>
			<key>name</key>
			<string>Base</string>
			<key>path</key>
			<string>Base.lproj/LaunchScreen.xib</string>
			<key>sourceTree</key>
			<string>&lt;group&gt;</string>
		</dict>
		<key>8B74E1D319F9ED9700B5E87E</key>
		<dict>
			<key>fileRef</key>
			<string>8B74E1D119F9ED9700B5E87E</string>
			<key>isa</key>
			<string>PBXBuildFile</string>
		</dict>
		<key>8B74E1D419F9ED9700B5E87E</key>
		<dict>
			<key>buildActionMask</key>
			<string>2147483647</string>
			<key>files</key>
			<array>
				<string>8B74E1DF19F9ED9700B5E87E</string>
				<string>8B4E16821A03BC3100BE87E2</string>
				<string>8B4E16801A03BC1700BE87E2</string>
				<string>8B4E167A1A03B8CF00BE87E2</string>
				<string>8B4E16831A03BC6400BE87E2</string>
				<string>8B4E16811A03BC3100BE87E2</string>
				<string>8B4E167F1A03BBE300BE87E2</string>
				<string>8B4E167C1A03B8E300BE87E2</string>
				<string>8B4E16791A03B8B900BE87E2</string>
				<string>8B4E167B1A03B8DA00BE87E2</string>
			</array>
			<key>isa</key>
			<string>PBXSourcesBuildPhase</string>
			<key>runOnlyForDeploymentPostprocessing</key>
			<string>0</string>
		</dict>
		<key>8B74E1D519F9ED9700B5E87E</key>
		<dict>
			<key>buildActionMask</key>
			<string>2147483647</string>
			<key>files</key>
			<array/>
			<key>isa</key>
			<string>PBXFrameworksBuildPhase</string>
			<key>runOnlyForDeploymentPostprocessing</key>
			<string>0</string>
		</dict>
		<key>8B74E1D619F9ED9700B5E87E</key>
		<dict>
			<key>buildActionMask</key>
			<string>2147483647</string>
			<key>files</key>
			<array/>
			<key>isa</key>
			<string>PBXResourcesBuildPhase</string>
			<key>runOnlyForDeploymentPostprocessing</key>
			<string>0</string>
		</dict>
		<key>8B74E1D719F9ED9700B5E87E</key>
		<dict>
			<key>buildConfigurationList</key>
			<string>8B74E1E519F9ED9700B5E87E</string>
			<key>buildPhases</key>
			<array>
				<string>8B74E1D419F9ED9700B5E87E</string>
				<string>8B74E1D519F9ED9700B5E87E</string>
				<string>8B74E1D619F9ED9700B5E87E</string>
			</array>
			<key>buildRules</key>
			<array/>
			<key>dependencies</key>
			<array>
				<string>8B74E1DA19F9ED9700B5E87E</string>
			</array>
			<key>isa</key>
			<string>PBXNativeTarget</string>
			<key>name</key>
			<string>FlatReversiTests</string>
			<key>productName</key>
			<string>FlatReversiTests</string>
			<key>productReference</key>
			<string>8B74E1D819F9ED9700B5E87E</string>
			<key>productType</key>
			<string>com.apple.product-type.bundle.unit-test</string>
		</dict>
		<key>8B74E1D819F9ED9700B5E87E</key>
		<dict>
			<key>explicitFileType</key>
			<string>wrapper.cfbundle</string>
			<key>includeInIndex</key>
			<string>0</string>
			<key>isa</key>
			<string>PBXFileReference</string>
			<key>path</key>
			<string>FlatReversiTests.xctest</string>
			<key>sourceTree</key>
			<string>BUILT_PRODUCTS_DIR</string>
		</dict>
		<key>8B74E1D919F9ED9700B5E87E</key>
		<dict>
			<key>containerPortal</key>
			<string>8B74E1B719F9ED9600B5E87E</string>
			<key>isa</key>
			<string>PBXContainerItemProxy</string>
			<key>proxyType</key>
			<string>1</string>
			<key>remoteGlobalIDString</key>
			<string>8B74E1BE19F9ED9600B5E87E</string>
			<key>remoteInfo</key>
			<string>FlatReversi</string>
		</dict>
		<key>8B74E1DA19F9ED9700B5E87E</key>
		<dict>
			<key>isa</key>
			<string>PBXTargetDependency</string>
			<key>target</key>
			<string>8B74E1BE19F9ED9600B5E87E</string>
			<key>targetProxy</key>
			<string>8B74E1D919F9ED9700B5E87E</string>
		</dict>
		<key>8B74E1DB19F9ED9700B5E87E</key>
		<dict>
			<key>children</key>
			<array>
				<string>8B74E1DE19F9ED9700B5E87E</string>
				<string>8B74E1DC19F9ED9700B5E87E</string>
			</array>
			<key>isa</key>
			<string>PBXGroup</string>
			<key>path</key>
			<string>FlatReversiTests</string>
			<key>sourceTree</key>
			<string>&lt;group&gt;</string>
		</dict>
		<key>8B74E1DC19F9ED9700B5E87E</key>
		<dict>
			<key>children</key>
			<array>
				<string>8B74E1DD19F9ED9700B5E87E</string>
			</array>
			<key>isa</key>
			<string>PBXGroup</string>
			<key>name</key>
			<string>Supporting Files</string>
			<key>sourceTree</key>
			<string>&lt;group&gt;</string>
		</dict>
		<key>8B74E1DD19F9ED9700B5E87E</key>
		<dict>
			<key>isa</key>
			<string>PBXFileReference</string>
			<key>lastKnownFileType</key>
			<string>text.plist.xml</string>
			<key>path</key>
			<string>Info.plist</string>
			<key>sourceTree</key>
			<string>&lt;group&gt;</string>
		</dict>
		<key>8B74E1DE19F9ED9700B5E87E</key>
		<dict>
			<key>isa</key>
			<string>PBXFileReference</string>
			<key>lastKnownFileType</key>
			<string>sourcecode.swift</string>
			<key>path</key>
			<string>FlatReversiTests.swift</string>
			<key>sourceTree</key>
			<string>&lt;group&gt;</string>
		</dict>
		<key>8B74E1DF19F9ED9700B5E87E</key>
		<dict>
			<key>fileRef</key>
			<string>8B74E1DE19F9ED9700B5E87E</string>
			<key>isa</key>
			<string>PBXBuildFile</string>
		</dict>
		<key>8B74E1E019F9ED9700B5E87E</key>
		<dict>
			<key>buildSettings</key>
			<dict>
				<key>ALWAYS_SEARCH_USER_PATHS</key>
				<string>NO</string>
				<key>CLANG_CXX_LANGUAGE_STANDARD</key>
				<string>gnu++0x</string>
				<key>CLANG_CXX_LIBRARY</key>
				<string>libc++</string>
				<key>CLANG_ENABLE_MODULES</key>
				<string>YES</string>
				<key>CLANG_ENABLE_OBJC_ARC</key>
				<string>YES</string>
				<key>CLANG_WARN_BOOL_CONVERSION</key>
				<string>YES</string>
				<key>CLANG_WARN_CONSTANT_CONVERSION</key>
				<string>YES</string>
				<key>CLANG_WARN_DIRECT_OBJC_ISA_USAGE</key>
				<string>YES_ERROR</string>
				<key>CLANG_WARN_EMPTY_BODY</key>
				<string>YES</string>
				<key>CLANG_WARN_ENUM_CONVERSION</key>
				<string>YES</string>
				<key>CLANG_WARN_INT_CONVERSION</key>
				<string>YES</string>
				<key>CLANG_WARN_OBJC_ROOT_CLASS</key>
				<string>YES_ERROR</string>
				<key>CLANG_WARN_UNREACHABLE_CODE</key>
				<string>YES</string>
				<key>CLANG_WARN__DUPLICATE_METHOD_MATCH</key>
				<string>YES</string>
				<key>CODE_SIGN_IDENTITY[sdk=iphoneos*]</key>
				<string>iPhone Developer</string>
				<key>COPY_PHASE_STRIP</key>
				<string>NO</string>
				<key>DEAD_CODE_STRIPPING</key>
				<string>YES</string>
				<key>ENABLE_STRICT_OBJC_MSGSEND</key>
				<string>YES</string>
				<key>ENABLE_TESTABILITY</key>
				<string>YES</string>
				<key>GCC_C_LANGUAGE_STANDARD</key>
				<string>gnu99</string>
				<key>GCC_DYNAMIC_NO_PIC</key>
				<string>NO</string>
				<key>GCC_OPTIMIZATION_LEVEL</key>
				<string>0</string>
				<key>GCC_PREPROCESSOR_DEFINITIONS</key>
				<array>
					<string>DEBUG=1</string>
					<string>$(inherited)</string>
				</array>
				<key>GCC_SYMBOLS_PRIVATE_EXTERN</key>
				<string>NO</string>
				<key>GCC_TREAT_WARNINGS_AS_ERRORS</key>
				<string>NO</string>
				<key>GCC_WARN_64_TO_32_BIT_CONVERSION</key>
				<string>YES</string>
				<key>GCC_WARN_ABOUT_RETURN_TYPE</key>
				<string>YES_ERROR</string>
				<key>GCC_WARN_UNDECLARED_SELECTOR</key>
				<string>YES</string>
				<key>GCC_WARN_UNINITIALIZED_AUTOS</key>
				<string>YES_AGGRESSIVE</string>
				<key>GCC_WARN_UNUSED_FUNCTION</key>
				<string>YES</string>
				<key>GCC_WARN_UNUSED_VARIABLE</key>
				<string>YES</string>
				<key>IPHONEOS_DEPLOYMENT_TARGET</key>
				<string>8.1</string>
				<key>MTL_ENABLE_DEBUG_INFO</key>
				<string>YES</string>
				<key>ONLY_ACTIVE_ARCH</key>
				<string>YES</string>
				<key>SDKROOT</key>
				<string>iphoneos</string>
				<key>SWIFT_DISABLE_SAFETY_CHECKS</key>
				<string>YES</string>
				<key>SWIFT_OPTIMIZATION_LEVEL</key>
				<string>-Onone</string>
			</dict>
			<key>isa</key>
			<string>XCBuildConfiguration</string>
			<key>name</key>
			<string>Debug</string>
		</dict>
		<key>8B74E1E119F9ED9700B5E87E</key>
		<dict>
			<key>buildSettings</key>
			<dict>
				<key>ALWAYS_SEARCH_USER_PATHS</key>
				<string>NO</string>
				<key>CLANG_CXX_LANGUAGE_STANDARD</key>
				<string>gnu++0x</string>
				<key>CLANG_CXX_LIBRARY</key>
				<string>libc++</string>
				<key>CLANG_ENABLE_MODULES</key>
				<string>YES</string>
				<key>CLANG_ENABLE_OBJC_ARC</key>
				<string>YES</string>
				<key>CLANG_WARN_BOOL_CONVERSION</key>
				<string>YES</string>
				<key>CLANG_WARN_CONSTANT_CONVERSION</key>
				<string>YES</string>
				<key>CLANG_WARN_DIRECT_OBJC_ISA_USAGE</key>
				<string>YES_ERROR</string>
				<key>CLANG_WARN_EMPTY_BODY</key>
				<string>YES</string>
				<key>CLANG_WARN_ENUM_CONVERSION</key>
				<string>YES</string>
				<key>CLANG_WARN_INT_CONVERSION</key>
				<string>YES</string>
				<key>CLANG_WARN_OBJC_ROOT_CLASS</key>
				<string>YES_ERROR</string>
				<key>CLANG_WARN_UNREACHABLE_CODE</key>
				<string>YES</string>
				<key>CLANG_WARN__DUPLICATE_METHOD_MATCH</key>
				<string>YES</string>
				<key>CODE_SIGN_IDENTITY[sdk=iphoneos*]</key>
				<string>iPhone Developer</string>
				<key>COPY_PHASE_STRIP</key>
				<string>YES</string>
				<key>DEAD_CODE_STRIPPING</key>
				<string>YES</string>
				<key>ENABLE_NS_ASSERTIONS</key>
				<string>NO</string>
				<key>ENABLE_STRICT_OBJC_MSGSEND</key>
				<string>YES</string>
				<key>GCC_C_LANGUAGE_STANDARD</key>
				<string>gnu99</string>
				<key>GCC_OPTIMIZATION_LEVEL</key>
				<string>fast</string>
				<key>GCC_TREAT_WARNINGS_AS_ERRORS</key>
				<string>NO</string>
				<key>GCC_WARN_64_TO_32_BIT_CONVERSION</key>
				<string>YES</string>
				<key>GCC_WARN_ABOUT_RETURN_TYPE</key>
				<string>YES_ERROR</string>
				<key>GCC_WARN_UNDECLARED_SELECTOR</key>
				<string>YES</string>
				<key>GCC_WARN_UNINITIALIZED_AUTOS</key>
				<string>YES_AGGRESSIVE</string>
				<key>GCC_WARN_UNUSED_FUNCTION</key>
				<string>YES</string>
				<key>GCC_WARN_UNUSED_VARIABLE</key>
				<string>YES</string>
				<key>IPHONEOS_DEPLOYMENT_TARGET</key>
				<string>8.1</string>
				<key>MTL_ENABLE_DEBUG_INFO</key>
				<string>NO</string>
				<key>ONLY_ACTIVE_ARCH</key>
				<string>NO</string>
				<key>SDKROOT</key>
				<string>iphoneos</string>
				<key>SWIFT_DISABLE_SAFETY_CHECKS</key>
				<string>YES</string>
				<key>SWIFT_OPTIMIZATION_LEVEL</key>
				<string>-Owholemodule</string>
				<key>VALIDATE_PRODUCT</key>
				<string>YES</string>
			</dict>
			<key>isa</key>
			<string>XCBuildConfiguration</string>
			<key>name</key>
			<string>Release</string>
		</dict>
		<key>8B74E1E219F9ED9700B5E87E</key>
		<dict>
			<key>buildConfigurations</key>
			<array>
				<string>8B74E1E319F9ED9700B5E87E</string>
				<string>8B74E1E419F9ED9700B5E87E</string>
			</array>
			<key>defaultConfigurationIsVisible</key>
			<string>0</string>
			<key>defaultConfigurationName</key>
			<string>Release</string>
			<key>isa</key>
			<string>XCConfigurationList</string>
		</dict>
		<key>8B74E1E319F9ED9700B5E87E</key>
		<dict>
			<key>baseConfigurationReference</key>
			<string>E27EB2C05E3ECDF8A87721C7</string>
			<key>buildSettings</key>
			<dict>
				<key>ALWAYS_SEARCH_USER_PATHS</key>
				<string>NO</string>
				<key>ASSETCATALOG_COMPILER_APPICON_NAME</key>
				<string>AppIcon</string>
				<key>CLANG_USE_OPTIMIZATION_PROFILE</key>
				<string>NO</string>
				<key>CODE_SIGN_IDENTITY</key>
				<string>iPhone Developer</string>
				<key>CODE_SIGN_IDENTITY[sdk=iphoneos*]</key>
				<string>iPhone Developer</string>
				<key>FRAMEWORK_SEARCH_PATHS</key>
				<array>
					<string>$(inherited)</string>
					<string>$(PROJECT_DIR)</string>
				</array>
				<key>GCC_DYNAMIC_NO_PIC</key>
				<string>YES</string>
				<key>GCC_FAST_MATH</key>
				<string>YES</string>
				<key>GCC_UNROLL_LOOPS</key>
				<string>YES</string>
				<key>INFOPLIST_FILE</key>
				<string>FlatReversi/Info.plist</string>
				<key>LD_RUNPATH_SEARCH_PATHS</key>
				<string>$(inherited) @executable_path/Frameworks</string>
				<key>LIBRARY_SEARCH_PATHS</key>
				<array>
					<string>$(inherited)</string>
					<string>$(PROJECT_DIR)/FlatReversi</string>
				</array>
				<key>LLVM_LTO</key>
				<string>YES</string>
				<key>OTHER_LDFLAGS</key>
				<string>-ObjC</string>
				<key>PRODUCT_NAME</key>
				<string>$(TARGET_NAME)</string>
				<key>PROVISIONING_PROFILE</key>
				<string></string>
				<key>SWIFT_OBJC_BRIDGING_HEADER</key>
				<string>$(SRCROOT)/$(PROJECT)/Swift_Bridging_Header.h</string>
				<key>TARGETED_DEVICE_FAMILY</key>
				<string>1</string>
			</dict>
			<key>isa</key>
			<string>XCBuildConfiguration</string>
			<key>name</key>
			<string>Debug</string>
		</dict>
		<key>8B74E1E419F9ED9700B5E87E</key>
		<dict>
			<key>baseConfigurationReference</key>
			<string>CB96927A20ECAFD32438474A</string>
			<key>buildSettings</key>
			<dict>
				<key>ALWAYS_SEARCH_USER_PATHS</key>
				<string>NO</string>
				<key>ASSETCATALOG_COMPILER_APPICON_NAME</key>
				<string>AppIcon</string>
				<key>CLANG_USE_OPTIMIZATION_PROFILE</key>
				<string>NO</string>
				<key>CODE_SIGN_IDENTITY</key>
				<string>iPhone Developer</string>
				<key>CODE_SIGN_IDENTITY[sdk=iphoneos*]</key>
				<string>iPhone Developer</string>
				<key>FRAMEWORK_SEARCH_PATHS</key>
				<array>
					<string>$(inherited)</string>
					<string>$(PROJECT_DIR)</string>
				</array>
				<key>GCC_DYNAMIC_NO_PIC</key>
				<string>YES</string>
				<key>GCC_FAST_MATH</key>
				<string>YES</string>
				<key>GCC_OPTIMIZATION_LEVEL</key>
				<string>fast</string>
				<key>GCC_UNROLL_LOOPS</key>
				<string>YES</string>
				<key>INFOPLIST_FILE</key>
				<string>FlatReversi/Info.plist</string>
				<key>LD_RUNPATH_SEARCH_PATHS</key>
				<string>$(inherited) @executable_path/Frameworks</string>
				<key>LIBRARY_SEARCH_PATHS</key>
				<array>
					<string>$(inherited)</string>
					<string>$(PROJECT_DIR)/FlatReversi</string>
				</array>
				<key>LLVM_LTO</key>
				<string>YES</string>
				<key>OTHER_LDFLAGS</key>
				<string>-ObjC</string>
				<key>PRODUCT_NAME</key>
				<string>$(TARGET_NAME)</string>
				<key>PROVISIONING_PROFILE</key>
				<string></string>
				<key>SWIFT_OBJC_BRIDGING_HEADER</key>
				<string>$(SRCROOT)/$(PROJECT)/Swift_Bridging_Header.h</string>
				<key>SWIFT_OPTIMIZATION_LEVEL</key>
				<string>-Owholemodule</string>
				<key>TARGETED_DEVICE_FAMILY</key>
				<string>1</string>
			</dict>
			<key>isa</key>
			<string>XCBuildConfiguration</string>
			<key>name</key>
			<string>Release</string>
		</dict>
		<key>8B74E1E519F9ED9700B5E87E</key>
		<dict>
			<key>buildConfigurations</key>
			<array>
				<string>8B74E1E619F9ED9700B5E87E</string>
				<string>8B74E1E719F9ED9700B5E87E</string>
			</array>
			<key>defaultConfigurationIsVisible</key>
			<string>0</string>
			<key>defaultConfigurationName</key>
			<string>Release</string>
			<key>isa</key>
			<string>XCConfigurationList</string>
		</dict>
		<key>8B74E1E619F9ED9700B5E87E</key>
		<dict>
			<key>buildSettings</key>
			<dict>
				<key>BUNDLE_LOADER</key>
				<string>$(TEST_HOST)</string>
				<key>FRAMEWORK_SEARCH_PATHS</key>
				<array>
					<string>$(SDKROOT)/Developer/Library/Frameworks</string>
					<string>$(inherited)</string>
				</array>
				<key>GCC_PREPROCESSOR_DEFINITIONS</key>
				<array>
					<string>DEBUG=1</string>
					<string>$(inherited)</string>
				</array>
				<key>INFOPLIST_FILE</key>
				<string>FlatReversiTests/Info.plist</string>
				<key>LD_RUNPATH_SEARCH_PATHS</key>
				<string>$(inherited) @executable_path/Frameworks @loader_path/Frameworks</string>
				<key>PRODUCT_NAME</key>
				<string>$(TARGET_NAME)</string>
				<key>TEST_HOST</key>
				<string>$(BUILT_PRODUCTS_DIR)/FlatReversi.app/FlatReversi</string>
			</dict>
			<key>isa</key>
			<string>XCBuildConfiguration</string>
			<key>name</key>
			<string>Debug</string>
		</dict>
		<key>8B74E1E719F9ED9700B5E87E</key>
		<dict>
			<key>buildSettings</key>
			<dict>
				<key>BUNDLE_LOADER</key>
				<string>$(TEST_HOST)</string>
				<key>FRAMEWORK_SEARCH_PATHS</key>
				<array>
					<string>$(SDKROOT)/Developer/Library/Frameworks</string>
					<string>$(inherited)</string>
				</array>
				<key>INFOPLIST_FILE</key>
				<string>FlatReversiTests/Info.plist</string>
				<key>LD_RUNPATH_SEARCH_PATHS</key>
				<string>$(inherited) @executable_path/Frameworks @loader_path/Frameworks</string>
				<key>PRODUCT_NAME</key>
				<string>$(TARGET_NAME)</string>
				<key>TEST_HOST</key>
				<string>$(BUILT_PRODUCTS_DIR)/FlatReversi.app/FlatReversi</string>
			</dict>
			<key>isa</key>
			<string>XCBuildConfiguration</string>
			<key>name</key>
			<string>Release</string>
		</dict>
		<key>8B74E1E819F9EE6900B5E87E</key>
		<dict>
			<key>fileEncoding</key>
			<string>4</string>
			<key>isa</key>
			<string>PBXFileReference</string>
			<key>lastKnownFileType</key>
			<string>sourcecode.swift</string>
			<key>path</key>
			<string>Board.swift</string>
			<key>sourceTree</key>
			<string>&lt;group&gt;</string>
		</dict>
		<key>8B74E1E919F9EE6900B5E87E</key>
		<dict>
			<key>fileEncoding</key>
			<string>4</string>
			<key>isa</key>
			<string>PBXFileReference</string>
			<key>lastKnownFileType</key>
			<string>sourcecode.swift</string>
			<key>path</key>
			<string>BoardMediator.swift</string>
			<key>sourceTree</key>
			<string>&lt;group&gt;</string>
		</dict>
		<key>8B74E1EA19F9EE6900B5E87E</key>
		<dict>
			<key>fileEncoding</key>
			<string>4</string>
			<key>isa</key>
			<string>PBXFileReference</string>
			<key>lastKnownFileType</key>
			<string>sourcecode.swift</string>
			<key>path</key>
			<string>BoardRepresentation.swift</string>
			<key>sourceTree</key>
			<string>&lt;group&gt;</string>
		</dict>
		<key>8B74E1ED19F9EE6900B5E87E</key>
		<dict>
			<key>fileEncoding</key>
			<string>4</string>
			<key>isa</key>
			<string>PBXFileReference</string>
			<key>lastKnownFileType</key>
			<string>sourcecode.swift</string>
			<key>path</key>
			<string>GameManager.swift</string>
			<key>sourceTree</key>
			<string>&lt;group&gt;</string>
		</dict>
		<key>8B74E1EE19F9EE6900B5E87E</key>
		<dict>
			<key>fileEncoding</key>
			<string>4</string>
			<key>isa</key>
			<string>PBXFileReference</string>
			<key>lastKnownFileType</key>
			<string>sourcecode.swift</string>
			<key>path</key>
			<string>GameSettings.swift</string>
			<key>sourceTree</key>
			<string>&lt;group&gt;</string>
		</dict>
		<key>8B74E1EF19F9EE6900B5E87E</key>
		<dict>
			<key>fileEncoding</key>
			<string>4</string>
			<key>isa</key>
			<string>PBXFileReference</string>
			<key>lastKnownFileType</key>
			<string>sourcecode.swift</string>
			<key>path</key>
			<string>GameViewModel.swift</string>
			<key>sourceTree</key>
			<string>&lt;group&gt;</string>
		</dict>
		<key>8B74E1F019F9EE6900B5E87E</key>
		<dict>
			<key>fileEncoding</key>
			<string>4</string>
			<key>isa</key>
			<string>PBXFileReference</string>
			<key>lastKnownFileType</key>
			<string>sourcecode.swift</string>
			<key>path</key>
			<string>HumanPlayer.swift</string>
			<key>sourceTree</key>
			<string>&lt;group&gt;</string>
		</dict>
		<key>8B74E1F119F9EE6900B5E87E</key>
		<dict>
			<key>fileEncoding</key>
			<string>4</string>
			<key>isa</key>
			<string>PBXFileReference</string>
			<key>lastKnownFileType</key>
			<string>sourcecode.swift</string>
			<key>path</key>
			<string>HumanUserInput.swift</string>
			<key>sourceTree</key>
			<string>&lt;group&gt;</string>
		</dict>
		<key>8B74E1F219F9EE6900B5E87E</key>
		<dict>
			<key>fileEncoding</key>
			<string>4</string>
			<key>isa</key>
			<string>PBXFileReference</string>
			<key>lastKnownFileType</key>
			<string>sourcecode.swift</string>
			<key>path</key>
			<string>Locking.swift</string>
			<key>sourceTree</key>
			<string>&lt;group&gt;</string>
		</dict>
		<key>8B74E1F319F9EE6900B5E87E</key>
		<dict>
			<key>fileEncoding</key>
			<string>4</string>
			<key>isa</key>
			<string>PBXFileReference</string>
			<key>lastKnownFileType</key>
			<string>sourcecode.swift</string>
			<key>path</key>
			<string>Player.swift</string>
			<key>sourceTree</key>
			<string>&lt;group&gt;</string>
		</dict>
		<key>8B74E1F419F9EE6900B5E87E</key>
		<dict>
			<key>fileEncoding</key>
			<string>4</string>
			<key>isa</key>
			<string>PBXFileReference</string>
			<key>lastKnownFileType</key>
			<string>sourcecode.swift</string>
			<key>path</key>
			<string>PlayerMediator.swift</string>
			<key>sourceTree</key>
			<string>&lt;group&gt;</string>
		</dict>
		<key>8B74E1F619F9EE6900B5E87E</key>
		<dict>
			<key>fileEncoding</key>
			<string>4</string>
			<key>isa</key>
			<string>PBXFileReference</string>
			<key>lastKnownFileType</key>
			<string>sourcecode.swift</string>
			<key>path</key>
			<string>SettingsViewContoller.swift</string>
			<key>sourceTree</key>
			<string>&lt;group&gt;</string>
		</dict>
		<key>8B74E1F719F9EE6900B5E87E</key>
		<dict>
			<key>fileRef</key>
			<string>8B74E1E819F9EE6900B5E87E</string>
			<key>isa</key>
			<string>PBXBuildFile</string>
		</dict>
		<key>8B74E1F819F9EE6900B5E87E</key>
		<dict>
			<key>fileRef</key>
			<string>8B74E1E919F9EE6900B5E87E</string>
			<key>isa</key>
			<string>PBXBuildFile</string>
		</dict>
		<key>8B74E1F919F9EE6900B5E87E</key>
		<dict>
			<key>fileRef</key>
			<string>8B74E1EA19F9EE6900B5E87E</string>
			<key>isa</key>
			<string>PBXBuildFile</string>
		</dict>
		<key>8B74E1FC19F9EE6900B5E87E</key>
		<dict>
			<key>fileRef</key>
			<string>8B74E1ED19F9EE6900B5E87E</string>
			<key>isa</key>
			<string>PBXBuildFile</string>
		</dict>
		<key>8B74E1FD19F9EE6900B5E87E</key>
		<dict>
			<key>fileRef</key>
			<string>8B74E1EE19F9EE6900B5E87E</string>
			<key>isa</key>
			<string>PBXBuildFile</string>
		</dict>
		<key>8B74E1FE19F9EE6900B5E87E</key>
		<dict>
			<key>fileRef</key>
			<string>8B74E1EF19F9EE6900B5E87E</string>
			<key>isa</key>
			<string>PBXBuildFile</string>
		</dict>
		<key>8B74E1FF19F9EE6900B5E87E</key>
		<dict>
			<key>fileRef</key>
			<string>8B74E1F019F9EE6900B5E87E</string>
			<key>isa</key>
			<string>PBXBuildFile</string>
		</dict>
		<key>8B74E20019F9EE6900B5E87E</key>
		<dict>
			<key>fileRef</key>
			<string>8B74E1F119F9EE6900B5E87E</string>
			<key>isa</key>
			<string>PBXBuildFile</string>
		</dict>
		<key>8B74E20119F9EE6900B5E87E</key>
		<dict>
			<key>fileRef</key>
			<string>8B74E1F219F9EE6900B5E87E</string>
			<key>isa</key>
			<string>PBXBuildFile</string>
		</dict>
		<key>8B74E20219F9EE6900B5E87E</key>
		<dict>
			<key>fileRef</key>
			<string>8B74E1F319F9EE6900B5E87E</string>
			<key>isa</key>
			<string>PBXBuildFile</string>
		</dict>
		<key>8B74E20319F9EE6900B5E87E</key>
		<dict>
			<key>fileRef</key>
			<string>8B74E1F419F9EE6900B5E87E</string>
			<key>isa</key>
			<string>PBXBuildFile</string>
		</dict>
		<key>8B74E20519F9EE6900B5E87E</key>
		<dict>
			<key>fileRef</key>
			<string>8B74E1F619F9EE6900B5E87E</string>
			<key>isa</key>
			<string>PBXBuildFile</string>
		</dict>
		<key>8BBE916D1A4B03EC00212FFF</key>
		<dict>
			<key>fileEncoding</key>
			<string>4</string>
			<key>isa</key>
			<string>PBXFileReference</string>
			<key>lastKnownFileType</key>
			<string>sourcecode.c.h</string>
			<key>path</key>
			<string>FlatReversi-Bridging-Header.h</string>
			<key>sourceTree</key>
			<string>&lt;group&gt;</string>
		</dict>
		<key>8BD84BD11A8759500085FAFA</key>
		<dict>
			<key>children</key>
			<array>
				<string>8B74E1ED19F9EE6900B5E87E</string>
				<string>8B74E1EF19F9EE6900B5E87E</string>
				<string>8B22E1BB19FBAE400006E39C</string>
				<string>8B74E1F119F9EE6900B5E87E</string>
				<string>8B74E1F419F9EE6900B5E87E</string>
				<string>8B74E1EE19F9EE6900B5E87E</string>
			</array>
			<key>isa</key>
			<string>PBXGroup</string>
			<key>name</key>
			<string>Game</string>
			<key>sourceTree</key>
			<string>&lt;group&gt;</string>
		</dict>
		<key>8BD84BD21A8759680085FAFA</key>
		<dict>
			<key>children</key>
			<array>
				<string>8B74E1F619F9EE6900B5E87E</string>
				<string>8B74E1CA19F9ED9700B5E87E</string>
				<string>8B22E1B919FAAC0C0006E39C</string>
				<string>8B714E191A4FAF86001C2D89</string>
				<string>8BD84BD31A8759810085FAFA</string>
			</array>
			<key>isa</key>
			<string>PBXGroup</string>
			<key>name</key>
			<string>ViewController</string>
			<key>sourceTree</key>
			<string>&lt;group&gt;</string>
		</dict>
		<key>8BD84BD31A8759810085FAFA</key>
		<dict>
			<key>children</key>
			<array>
				<string>8BF2C4AA1A4D860000F22AB4</string>
				<string>8B52D3D61A61849C0051F7D2</string>
			</array>
			<key>isa</key>
			<string>PBXGroup</string>
			<key>name</key>
			<string>Appearance</string>
			<key>sourceTree</key>
			<string>&lt;group&gt;</string>
		</dict>
		<key>8BF2C4AA1A4D860000F22AB4</key>
		<dict>
			<key>fileEncoding</key>
			<string>4</string>
			<key>isa</key>
			<string>PBXFileReference</string>
			<key>lastKnownFileType</key>
			<string>sourcecode.swift</string>
			<key>path</key>
			<string>AppearanceManager.swift</string>
			<key>sourceTree</key>
			<string>&lt;group&gt;</string>
		</dict>
		<key>8BF2C4AB1A4D860000F22AB4</key>
		<dict>
			<key>fileRef</key>
			<string>8BF2C4AA1A4D860000F22AB4</string>
			<key>isa</key>
			<string>PBXBuildFile</string>
		</dict>
		<key>8BF7A8421AC8547600155114</key>
		<dict>
			<key>isa</key>
			<string>PBXFileReference</string>
			<key>lastKnownFileType</key>
			<string>compiled.mach-o.dylib</string>
			<key>name</key>
			<string>libiconv.2.4.0.dylib</string>
			<key>path</key>
			<string>usr/lib/libiconv.2.4.0.dylib</string>
			<key>sourceTree</key>
			<string>SDKROOT</string>
		</dict>
		<key>8BF7A8431AC8547600155114</key>
		<dict>
			<key>isa</key>
			<string>PBXFileReference</string>
			<key>lastKnownFileType</key>
			<string>compiled.mach-o.dylib</string>
			<key>name</key>
			<string>libiconv.2.dylib</string>
			<key>path</key>
			<string>usr/lib/libiconv.2.dylib</string>
			<key>sourceTree</key>
			<string>SDKROOT</string>
		</dict>
		<key>8BF7A8441AC8547600155114</key>
		<dict>
			<key>isa</key>
			<string>PBXFileReference</string>
			<key>lastKnownFileType</key>
			<string>compiled.mach-o.dylib</string>
			<key>name</key>
			<string>libiconv.dylib</string>
			<key>path</key>
			<string>usr/lib/libiconv.dylib</string>
			<key>sourceTree</key>
			<string>SDKROOT</string>
		</dict>
		<key>8BF7A8451AC8547600155114</key>
		<dict>
			<key>fileRef</key>
			<string>8BF7A8421AC8547600155114</string>
			<key>isa</key>
			<string>PBXBuildFile</string>
		</dict>
		<key>8BF7A8461AC8547600155114</key>
		<dict>
			<key>fileRef</key>
			<string>8BF7A8431AC8547600155114</string>
			<key>isa</key>
			<string>PBXBuildFile</string>
		</dict>
		<key>8BF7A8471AC8547600155114</key>
		<dict>
			<key>fileRef</key>
			<string>8BF7A8441AC8547600155114</string>
			<key>isa</key>
			<string>PBXBuildFile</string>
		</dict>
		<key>994B1AF6CE28DA8AE6F88843</key>
		<dict>
			<key>explicitFileType</key>
			<string>archive.ar</string>
			<key>includeInIndex</key>
			<string>0</string>
			<key>isa</key>
			<string>PBXFileReference</string>
			<key>path</key>
			<string>libPods-FlatReversi.a</string>
			<key>sourceTree</key>
			<string>BUILT_PRODUCTS_DIR</string>
		</dict>
		<key>C140F84A0D53F7D05C8C75A5</key>
		<dict>
			<key>children</key>
			<array>
				<string>994B1AF6CE28DA8AE6F88843</string>
			</array>
			<key>isa</key>
			<string>PBXGroup</string>
			<key>name</key>
			<string>Frameworks</string>
			<key>sourceTree</key>
			<string>&lt;group&gt;</string>
		</dict>
		<key>CB96927A20ECAFD32438474A</key>
		<dict>
			<key>includeInIndex</key>
			<string>1</string>
			<key>isa</key>
			<string>PBXFileReference</string>
			<key>lastKnownFileType</key>
			<string>text.xcconfig</string>
			<key>name</key>
			<string>Pods-FlatReversi.release.xcconfig</string>
			<key>path</key>
			<string>Pods/Target Support Files/Pods-FlatReversi/Pods-FlatReversi.release.xcconfig</string>
			<key>sourceTree</key>
			<string>&lt;group&gt;</string>
		</dict>
		<key>E27EB2C05E3ECDF8A87721C7</key>
		<dict>
			<key>includeInIndex</key>
			<string>1</string>
			<key>isa</key>
			<string>PBXFileReference</string>
			<key>lastKnownFileType</key>
			<string>text.xcconfig</string>
			<key>name</key>
			<string>Pods-FlatReversi.debug.xcconfig</string>
			<key>path</key>
			<string>Pods/Target Support Files/Pods-FlatReversi/Pods-FlatReversi.debug.xcconfig</string>
			<key>sourceTree</key>
			<string>&lt;group&gt;</string>
		</dict>
		<key>FA78D2CFED8E158A7503E529</key>
		<dict>
			<key>buildActionMask</key>
			<string>2147483647</string>
			<key>files</key>
			<array/>
			<key>inputPaths</key>
			<array/>
			<key>isa</key>
			<string>PBXShellScriptBuildPhase</string>
			<key>name</key>
			<string>[CP] Copy Pods Resources</string>
			<key>outputPaths</key>
			<array/>
			<key>runOnlyForDeploymentPostprocessing</key>
			<string>0</string>
			<key>shellPath</key>
			<string>/bin/sh</string>
			<key>shellScript</key>
			<string>"${SRCROOT}/Pods/Target Support Files/Pods-FlatReversi/Pods-FlatReversi-resources.sh"
</string>
			<key>showEnvVarsInLog</key>
			<string>0</string>
		</dict>
	</dict>
	<key>rootObject</key>
	<string>8B74E1B719F9ED9600B5E87E</string>
</dict>
</plist>
